// !$*UTF8*$!
{
	archiveVersion = 1;
	classes = {
	};
	objectVersion = 46;
	objects = {

/* Begin PBXBuildFile section */
		030077221EA5B97C0050BEEA /* ImageCell.swift in Sources */ = {isa = PBXBuildFile; fileRef = 030077211EA5B97C0050BEEA /* ImageCell.swift */; };
		03019EE81EC953E500D99167 /* UpdateProfileVC.swift in Sources */ = {isa = PBXBuildFile; fileRef = 03019EE71EC953E500D99167 /* UpdateProfileVC.swift */; };
		03019EEC1EC9552000D99167 /* UpdateProfileVC.xib in Resources */ = {isa = PBXBuildFile; fileRef = 03019EEB1EC9552000D99167 /* UpdateProfileVC.xib */; };
		030D94791E8DFEFA00F32857 /* PartnersDataModel.swift in Sources */ = {isa = PBXBuildFile; fileRef = 030D94781E8DFEFA00F32857 /* PartnersDataModel.swift */; };
		031314601EAEF84E007B952F /* InfoTextField.swift in Sources */ = {isa = PBXBuildFile; fileRef = 0313145F1EAEF84E007B952F /* InfoTextField.swift */; };
		031314621EAEFA59007B952F /* CustomButtonView.swift in Sources */ = {isa = PBXBuildFile; fileRef = 031314611EAEFA59007B952F /* CustomButtonView.swift */; };
		0322FDD71E88FBAB009B589B /* MoreCell.xib in Resources */ = {isa = PBXBuildFile; fileRef = 0322FDD61E88FBAB009B589B /* MoreCell.xib */; };
		0322FDD91E88FDA5009B589B /* MoreCell.swift in Sources */ = {isa = PBXBuildFile; fileRef = 0322FDD81E88FDA5009B589B /* MoreCell.swift */; };
		0322FDDB1E89069A009B589B /* MoreDataModel.swift in Sources */ = {isa = PBXBuildFile; fileRef = 0322FDDA1E89069A009B589B /* MoreDataModel.swift */; };
		0323E1C91E83702000E6300F /* NewDataModel.swift in Sources */ = {isa = PBXBuildFile; fileRef = 0323E1C81E83702000E6300F /* NewDataModel.swift */; };
		0323E1CF1E83B70B00E6300F /* NewCell.xib in Resources */ = {isa = PBXBuildFile; fileRef = 0323E1CE1E83B70B00E6300F /* NewCell.xib */; };
		0323E1D11E83BAF600E6300F /* NewCell.swift in Sources */ = {isa = PBXBuildFile; fileRef = 0323E1D01E83BAF600E6300F /* NewCell.swift */; };
		0333A3F01EC2C8A10094CC73 /* ChangePassVC.swift in Sources */ = {isa = PBXBuildFile; fileRef = 0333A3EE1EC2C8A10094CC73 /* ChangePassVC.swift */; };
		0333A3F11EC2C8A10094CC73 /* ChangePassVC.xib in Resources */ = {isa = PBXBuildFile; fileRef = 0333A3EF1EC2C8A10094CC73 /* ChangePassVC.xib */; };
		0333A3F41EC2C8C90094CC73 /* ProfileVC.swift in Sources */ = {isa = PBXBuildFile; fileRef = 0333A3F21EC2C8C90094CC73 /* ProfileVC.swift */; };
		0333A3F51EC2C8C90094CC73 /* ProfileVC.xib in Resources */ = {isa = PBXBuildFile; fileRef = 0333A3F31EC2C8C90094CC73 /* ProfileVC.xib */; };
		0333A3FA1EC2C92D0094CC73 /* RecruitmentDetailVC.swift in Sources */ = {isa = PBXBuildFile; fileRef = 0333A3F61EC2C92D0094CC73 /* RecruitmentDetailVC.swift */; };
		0333A3FB1EC2C92D0094CC73 /* RecruitmentDetailVC.xib in Resources */ = {isa = PBXBuildFile; fileRef = 0333A3F71EC2C92D0094CC73 /* RecruitmentDetailVC.xib */; };
		0333A3FC1EC2C92D0094CC73 /* RecruitmentVC.swift in Sources */ = {isa = PBXBuildFile; fileRef = 0333A3F81EC2C92D0094CC73 /* RecruitmentVC.swift */; };
		0333A3FD1EC2C92D0094CC73 /* RecruitmentVC.xib in Resources */ = {isa = PBXBuildFile; fileRef = 0333A3F91EC2C92D0094CC73 /* RecruitmentVC.xib */; };
		0333A4001EC2C9620094CC73 /* PartnersVC.swift in Sources */ = {isa = PBXBuildFile; fileRef = 0333A3FE1EC2C9620094CC73 /* PartnersVC.swift */; };
		0333A4011EC2C9620094CC73 /* PartnersVC.xib in Resources */ = {isa = PBXBuildFile; fileRef = 0333A3FF1EC2C9620094CC73 /* PartnersVC.xib */; };
		0333A4041EC2C9AA0094CC73 /* AboutVC.swift in Sources */ = {isa = PBXBuildFile; fileRef = 0333A4021EC2C9AA0094CC73 /* AboutVC.swift */; };
		0333A4051EC2C9AA0094CC73 /* AboutVC.xib in Resources */ = {isa = PBXBuildFile; fileRef = 0333A4031EC2C9AA0094CC73 /* AboutVC.xib */; };
		0333A4081EC2CA010094CC73 /* TermsVC.swift in Sources */ = {isa = PBXBuildFile; fileRef = 0333A4061EC2CA010094CC73 /* TermsVC.swift */; };
		0333A4091EC2CA010094CC73 /* TermsVC.xib in Resources */ = {isa = PBXBuildFile; fileRef = 0333A4071EC2CA010094CC73 /* TermsVC.xib */; };
		0333A40E1EC2CA1C0094CC73 /* LanguageVC.swift in Sources */ = {isa = PBXBuildFile; fileRef = 0333A40A1EC2CA1C0094CC73 /* LanguageVC.swift */; };
		0333A40F1EC2CA1C0094CC73 /* LanguageVC.xib in Resources */ = {isa = PBXBuildFile; fileRef = 0333A40B1EC2CA1C0094CC73 /* LanguageVC.xib */; };
		0333A4101EC2CA1C0094CC73 /* SettingVC.swift in Sources */ = {isa = PBXBuildFile; fileRef = 0333A40C1EC2CA1C0094CC73 /* SettingVC.swift */; };
		0333A4111EC2CA1C0094CC73 /* SettingVC.xib in Resources */ = {isa = PBXBuildFile; fileRef = 0333A40D1EC2CA1C0094CC73 /* SettingVC.xib */; };
		0333A4141EC2CBFB0094CC73 /* SignInVC.swift in Sources */ = {isa = PBXBuildFile; fileRef = 0333A4121EC2CBFB0094CC73 /* SignInVC.swift */; };
		0333A4151EC2CBFB0094CC73 /* SignInVC.xib in Resources */ = {isa = PBXBuildFile; fileRef = 0333A4131EC2CBFB0094CC73 /* SignInVC.xib */; };
		0333A4181EC2CC110094CC73 /* SignUpVC.swift in Sources */ = {isa = PBXBuildFile; fileRef = 0333A4161EC2CC110094CC73 /* SignUpVC.swift */; };
		0333A4191EC2CC110094CC73 /* SignUpVC.xib in Resources */ = {isa = PBXBuildFile; fileRef = 0333A4171EC2CC110094CC73 /* SignUpVC.xib */; };
		0333A41B1EC2CE910094CC73 /* Info.plist in Resources */ = {isa = PBXBuildFile; fileRef = 0333A41A1EC2CE910094CC73 /* Info.plist */; };
		033DFFB81E94C80C00D6F04B /* ProjectCell.xib in Resources */ = {isa = PBXBuildFile; fileRef = 033DFFB71E94C80C00D6F04B /* ProjectCell.xib */; };
		035C77521EB1A2FB008506EC /* PhotoCell.swift in Sources */ = {isa = PBXBuildFile; fileRef = 035C77511EB1A2FB008506EC /* PhotoCell.swift */; };
		039A054F1E8A6B3200002290 /* PartnersCell.xib in Resources */ = {isa = PBXBuildFile; fileRef = 039A054E1E8A6B3200002290 /* PartnersCell.xib */; };
		03AE8CD01ECEEFC80018ED99 /* ImagePlanVC.swift in Sources */ = {isa = PBXBuildFile; fileRef = 03AE8CCF1ECEEFC80018ED99 /* ImagePlanVC.swift */; };
		03B39AA61EDE586A00D0F246 /* PickerLauncher.swift in Sources */ = {isa = PBXBuildFile; fileRef = 03B39AA51EDE586A00D0F246 /* PickerLauncher.swift */; };
		03B8023F1EDDDFFB00EB6181 /* ProjectEditVC1.swift in Sources */ = {isa = PBXBuildFile; fileRef = 03B8023E1EDDDFFB00EB6181 /* ProjectEditVC1.swift */; };
		03B802411EDDE18D00EB6181 /* ProjectEditVC2.swift in Sources */ = {isa = PBXBuildFile; fileRef = 03B802401EDDE18D00EB6181 /* ProjectEditVC2.swift */; };
		03B802431EDDE20800EB6181 /* ProjectEditVC3.swift in Sources */ = {isa = PBXBuildFile; fileRef = 03B802421EDDE20800EB6181 /* ProjectEditVC3.swift */; };
		03BAA4741EDE792F0029DF92 /* ForgotVC.xib in Resources */ = {isa = PBXBuildFile; fileRef = 03BAA4731EDE792F0029DF92 /* ForgotVC.xib */; };
		03BAA4761EDE79440029DF92 /* ForgotVC.swift in Sources */ = {isa = PBXBuildFile; fileRef = 03BAA4751EDE79440029DF92 /* ForgotVC.swift */; };
		03CA72171EC2B110005D7C04 /* APIService.swift in Sources */ = {isa = PBXBuildFile; fileRef = 03CA72161EC2B110005D7C04 /* APIService.swift */; };
		03CA72191EC2B129005D7C04 /* HomeService.swift in Sources */ = {isa = PBXBuildFile; fileRef = 03CA72181EC2B129005D7C04 /* HomeService.swift */; };
		03CA721B1EC2B130005D7C04 /* MoreService.swift in Sources */ = {isa = PBXBuildFile; fileRef = 03CA721A1EC2B130005D7C04 /* MoreService.swift */; };
		03CA721D1EC2B136005D7C04 /* NewService.swift in Sources */ = {isa = PBXBuildFile; fileRef = 03CA721C1EC2B136005D7C04 /* NewService.swift */; };
		03CA721F1EC2B142005D7C04 /* ProjectService.swift in Sources */ = {isa = PBXBuildFile; fileRef = 03CA721E1EC2B142005D7C04 /* ProjectService.swift */; };
		03CA72221EC2B150005D7C04 /* PhotoHandle.swift in Sources */ = {isa = PBXBuildFile; fileRef = 03CA72211EC2B150005D7C04 /* PhotoHandle.swift */; };
		03CA72261EC2BFA8005D7C04 /* AboutCell.xib in Resources */ = {isa = PBXBuildFile; fileRef = 03CA72251EC2BFA8005D7C04 /* AboutCell.xib */; };
		03CA72281EC2BFAD005D7C04 /* AboutCell.swift in Sources */ = {isa = PBXBuildFile; fileRef = 03CA72271EC2BFAD005D7C04 /* AboutCell.swift */; };
		03CA722B1EC2C095005D7C04 /* SettingCell.xib in Resources */ = {isa = PBXBuildFile; fileRef = 03CA72291EC2C095005D7C04 /* SettingCell.xib */; };
		03CA722C1EC2C095005D7C04 /* SettingCell.swift in Sources */ = {isa = PBXBuildFile; fileRef = 03CA722A1EC2C095005D7C04 /* SettingCell.swift */; };
		03CA722F1EC2C0B9005D7C04 /* LanguageCell.swift in Sources */ = {isa = PBXBuildFile; fileRef = 03CA722D1EC2C0B9005D7C04 /* LanguageCell.swift */; };
		03CA72301EC2C0B9005D7C04 /* LanguageCell.xib in Resources */ = {isa = PBXBuildFile; fileRef = 03CA722E1EC2C0B9005D7C04 /* LanguageCell.xib */; };
		03CA72331EC2C162005D7C04 /* RecruitmentCell.xib in Resources */ = {isa = PBXBuildFile; fileRef = 03CA72311EC2C162005D7C04 /* RecruitmentCell.xib */; };
		03CA72341EC2C162005D7C04 /* RecruitmentCell.swift in Sources */ = {isa = PBXBuildFile; fileRef = 03CA72321EC2C162005D7C04 /* RecruitmentCell.swift */; };
		03CA72361EC2C2B4005D7C04 /* MicroLauncher.swift in Sources */ = {isa = PBXBuildFile; fileRef = 03CA72351EC2C2B4005D7C04 /* MicroLauncher.swift */; };
		03CA723B1EC2C2F6005D7C04 /* FilterVC.swift in Sources */ = {isa = PBXBuildFile; fileRef = 03CA72371EC2C2F6005D7C04 /* FilterVC.swift */; };
		03CA723C1EC2C2F6005D7C04 /* HomeVC.swift in Sources */ = {isa = PBXBuildFile; fileRef = 03CA72381EC2C2F6005D7C04 /* HomeVC.swift */; };
		03CA723D1EC2C2F6005D7C04 /* PostDetailVC.swift in Sources */ = {isa = PBXBuildFile; fileRef = 03CA72391EC2C2F6005D7C04 /* PostDetailVC.swift */; };
		03CA723E1EC2C2F6005D7C04 /* SearchVC.swift in Sources */ = {isa = PBXBuildFile; fileRef = 03CA723A1EC2C2F6005D7C04 /* SearchVC.swift */; };
		03CA72431EC2C349005D7C04 /* ProjectPostVC2.swift in Sources */ = {isa = PBXBuildFile; fileRef = 03CA723F1EC2C349005D7C04 /* ProjectPostVC2.swift */; };
		03CA72441EC2C349005D7C04 /* ProjectPostVC3.swift in Sources */ = {isa = PBXBuildFile; fileRef = 03CA72401EC2C349005D7C04 /* ProjectPostVC3.swift */; };
		03CA72451EC2C349005D7C04 /* ProjectPostVC1.swift in Sources */ = {isa = PBXBuildFile; fileRef = 03CA72411EC2C349005D7C04 /* ProjectPostVC1.swift */; };
		03CA72461EC2C349005D7C04 /* PhotoVC.swift in Sources */ = {isa = PBXBuildFile; fileRef = 03CA72421EC2C349005D7C04 /* PhotoVC.swift */; };
		03CD04111E91E5D3001DBB12 /* ProjectVC.xib in Resources */ = {isa = PBXBuildFile; fileRef = 03CD04101E91E5D3001DBB12 /* ProjectVC.xib */; };
		03CD04131E91E5E5001DBB12 /* ProjectVC.swift in Sources */ = {isa = PBXBuildFile; fileRef = 03CD04121E91E5E5001DBB12 /* ProjectVC.swift */; };
		03E92B301E9F17C500DC5D70 /* HomeDataModel.swift in Sources */ = {isa = PBXBuildFile; fileRef = 03E92B2F1E9F17C500DC5D70 /* HomeDataModel.swift */; };
		03FACBDE1EA1B83E00950E5E /* BlockAlias.swift in Sources */ = {isa = PBXBuildFile; fileRef = 03FACBDD1EA1B83E00950E5E /* BlockAlias.swift */; };
		03FDC76A1E8B4FBF001A2CD7 /* PartnersCell.swift in Sources */ = {isa = PBXBuildFile; fileRef = 03FDC7691E8B4FBF001A2CD7 /* PartnersCell.swift */; };
		226931601EA4554D0004EDDE /* AboutDataModel.swift in Sources */ = {isa = PBXBuildFile; fileRef = 2269315F1EA4554D0004EDDE /* AboutDataModel.swift */; };
		229691951EA5FEB7001EC516 /* TermsCell.swift in Sources */ = {isa = PBXBuildFile; fileRef = 229691931EA5FEB7001EC516 /* TermsCell.swift */; };
		229691961EA5FEB7001EC516 /* TermsCell.xib in Resources */ = {isa = PBXBuildFile; fileRef = 229691941EA5FEB7001EC516 /* TermsCell.xib */; };
		229691991EA60309001EC516 /* TermsModel.swift in Sources */ = {isa = PBXBuildFile; fileRef = 229691981EA60309001EC516 /* TermsModel.swift */; };
		2296919F1EA60DCB001EC516 /* SiginModel.swift in Sources */ = {isa = PBXBuildFile; fileRef = 2296919E1EA60DCB001EC516 /* SiginModel.swift */; };
		22C1D0671EA0A2C300FB02BC /* RecruitmentDataModel.swift in Sources */ = {isa = PBXBuildFile; fileRef = 22C1D0661EA0A2C200FB02BC /* RecruitmentDataModel.swift */; };
		4E13D2321E836059002E03A1 /* LanguageManager.swift in Sources */ = {isa = PBXBuildFile; fileRef = 4E13D2311E836059002E03A1 /* LanguageManager.swift */; };
		4E13D2431E83621C002E03A1 /* Localizable.strings in Resources */ = {isa = PBXBuildFile; fileRef = 4E13D2451E83621C002E03A1 /* Localizable.strings */; };
		4E13D2511E8365B3002E03A1 /* Extensions.swift in Sources */ = {isa = PBXBuildFile; fileRef = 4E13D2501E8365B3002E03A1 /* Extensions.swift */; };
		4E13D2541E836BC1002E03A1 /* MoreVC.swift in Sources */ = {isa = PBXBuildFile; fileRef = 4E13D2521E836BC1002E03A1 /* MoreVC.swift */; };
		4E13D2551E836BC1002E03A1 /* MoreVC.xib in Resources */ = {isa = PBXBuildFile; fileRef = 4E13D2531E836BC1002E03A1 /* MoreVC.xib */; };
		4E13D2581E836BDC002E03A1 /* NewsVC.swift in Sources */ = {isa = PBXBuildFile; fileRef = 4E13D2561E836BDC002E03A1 /* NewsVC.swift */; };
		4E13D2591E836BDC002E03A1 /* NewsVC.xib in Resources */ = {isa = PBXBuildFile; fileRef = 4E13D2571E836BDC002E03A1 /* NewsVC.xib */; };
		4E13D25B1E837E7A002E03A1 /* HomeCell.swift in Sources */ = {isa = PBXBuildFile; fileRef = 4E13D25A1E837E7A002E03A1 /* HomeCell.swift */; };
		4E13D25E1E8382E9002E03A1 /* PostCell.swift in Sources */ = {isa = PBXBuildFile; fileRef = 4E13D25D1E8382E9002E03A1 /* PostCell.swift */; };
		4E456C561E8BF831003D8C55 /* PostDetailInfoView.swift in Sources */ = {isa = PBXBuildFile; fileRef = 4E456C551E8BF831003D8C55 /* PostDetailInfoView.swift */; };
		4E600B2C1E934AD50028C3F1 /* Places.swift in Sources */ = {isa = PBXBuildFile; fileRef = 4E600B2B1E934AD50028C3F1 /* Places.swift */; };
		4E600B2E1E9352120028C3F1 /* ImageDetailLauncher.swift in Sources */ = {isa = PBXBuildFile; fileRef = 4E600B2D1E9352120028C3F1 /* ImageDetailLauncher.swift */; };
		4E600B301E9377620028C3F1 /* BaseLauncher.swift in Sources */ = {isa = PBXBuildFile; fileRef = 4E600B2F1E9377620028C3F1 /* BaseLauncher.swift */; };
		4E6E21611EAD96A3006A5488 /* ProjectCell.swift in Sources */ = {isa = PBXBuildFile; fileRef = 033DFFB51E94C80200D6F04B /* ProjectCell.swift */; };
		4E872DCB1E9238EA00B0592F /* FilterButton.swift in Sources */ = {isa = PBXBuildFile; fileRef = 4E872DCA1E9238EA00B0592F /* FilterButton.swift */; };
		4E8BDBA81EAD93E70061D68C /* NewDetailVC.swift in Sources */ = {isa = PBXBuildFile; fileRef = 03FCEBD41E9C7A3C00F0E962 /* NewDetailVC.swift */; };
		4E8BDBA91EAD93E70061D68C /* NewDetailVC.xib in Resources */ = {isa = PBXBuildFile; fileRef = 03FCEBD61E9C7A6000F0E962 /* NewDetailVC.xib */; };
		4ED32DD81E7F809C0075BF3F /* AppDelegate.swift in Sources */ = {isa = PBXBuildFile; fileRef = 4ED32DD71E7F809C0075BF3F /* AppDelegate.swift */; };
		4ED32DDD1E7F809C0075BF3F /* Main.storyboard in Resources */ = {isa = PBXBuildFile; fileRef = 4ED32DDB1E7F809C0075BF3F /* Main.storyboard */; };
		4ED32DE01E7F809C0075BF3F /* PPCApp.xcdatamodeld in Sources */ = {isa = PBXBuildFile; fileRef = 4ED32DDE1E7F809C0075BF3F /* PPCApp.xcdatamodeld */; };
		4ED32DE21E7F809C0075BF3F /* Assets.xcassets in Resources */ = {isa = PBXBuildFile; fileRef = 4ED32DE11E7F809C0075BF3F /* Assets.xcassets */; };
		4ED32DE51E7F809C0075BF3F /* LaunchScreen.storyboard in Resources */ = {isa = PBXBuildFile; fileRef = 4ED32DE31E7F809C0075BF3F /* LaunchScreen.storyboard */; };
		4ED32DF01E7F809C0075BF3F /* PPCAppTests.swift in Sources */ = {isa = PBXBuildFile; fileRef = 4ED32DEF1E7F809C0075BF3F /* PPCAppTests.swift */; };
		4ED32E041E7FBC600075BF3F /* MainTabVC.swift in Sources */ = {isa = PBXBuildFile; fileRef = 4ED32E031E7FBC600075BF3F /* MainTabVC.swift */; };
		4ED32E121E7FC38F0075BF3F /* BaseVC.swift in Sources */ = {isa = PBXBuildFile; fileRef = 4ED32E111E7FC38F0075BF3F /* BaseVC.swift */; };
		75048553B0E176D8E9E727B9 /* Pods_PPCApp.framework in Frameworks */ = {isa = PBXBuildFile; fileRef = 25EEFB10212C2556A9870E92 /* Pods_PPCApp.framework */; };
		FACC84D0C2BD28A811DAC99C /* Pods_PPCAppTests.framework in Frameworks */ = {isa = PBXBuildFile; fileRef = 31FD0D050E0182ED9B44A883 /* Pods_PPCAppTests.framework */; };
/* End PBXBuildFile section */

/* Begin PBXContainerItemProxy section */
		4ED32DEC1E7F809C0075BF3F /* PBXContainerItemProxy */ = {
			isa = PBXContainerItemProxy;
			containerPortal = 4ED32DCC1E7F809C0075BF3F /* Project object */;
			proxyType = 1;
			remoteGlobalIDString = 4ED32DD31E7F809C0075BF3F;
			remoteInfo = PPCApp;
		};
/* End PBXContainerItemProxy section */

/* Begin PBXFileReference section */
		030077211EA5B97C0050BEEA /* ImageCell.swift */ = {isa = PBXFileReference; fileEncoding = 4; lastKnownFileType = sourcecode.swift; path = ImageCell.swift; sourceTree = "<group>"; };
		03019EE71EC953E500D99167 /* UpdateProfileVC.swift */ = {isa = PBXFileReference; fileEncoding = 4; lastKnownFileType = sourcecode.swift; path = UpdateProfileVC.swift; sourceTree = "<group>"; };
		03019EEB1EC9552000D99167 /* UpdateProfileVC.xib */ = {isa = PBXFileReference; fileEncoding = 4; lastKnownFileType = file.xib; path = UpdateProfileVC.xib; sourceTree = "<group>"; };
		030D94781E8DFEFA00F32857 /* PartnersDataModel.swift */ = {isa = PBXFileReference; fileEncoding = 4; lastKnownFileType = sourcecode.swift; path = PartnersDataModel.swift; sourceTree = SOURCE_ROOT; };
		0313145F1EAEF84E007B952F /* InfoTextField.swift */ = {isa = PBXFileReference; fileEncoding = 4; lastKnownFileType = sourcecode.swift; path = InfoTextField.swift; sourceTree = "<group>"; };
		031314611EAEFA59007B952F /* CustomButtonView.swift */ = {isa = PBXFileReference; fileEncoding = 4; lastKnownFileType = sourcecode.swift; path = CustomButtonView.swift; sourceTree = "<group>"; };
		0322FDD61E88FBAB009B589B /* MoreCell.xib */ = {isa = PBXFileReference; fileEncoding = 4; lastKnownFileType = file.xib; name = MoreCell.xib; path = ../../Controller/More/MoreCell.xib; sourceTree = "<group>"; };
		0322FDD81E88FDA5009B589B /* MoreCell.swift */ = {isa = PBXFileReference; fileEncoding = 4; lastKnownFileType = sourcecode.swift; name = MoreCell.swift; path = ../../Controller/More/MoreCell.swift; sourceTree = "<group>"; };
		0322FDDA1E89069A009B589B /* MoreDataModel.swift */ = {isa = PBXFileReference; fileEncoding = 4; lastKnownFileType = sourcecode.swift; name = MoreDataModel.swift; path = PPCApp/Controller/More/MoreDataModel.swift; sourceTree = SOURCE_ROOT; };
		0323E1C81E83702000E6300F /* NewDataModel.swift */ = {isa = PBXFileReference; fileEncoding = 4; lastKnownFileType = sourcecode.swift; name = NewDataModel.swift; path = PPCApp/AppService/NewDataModel.swift; sourceTree = SOURCE_ROOT; };
		0323E1CE1E83B70B00E6300F /* NewCell.xib */ = {isa = PBXFileReference; fileEncoding = 4; lastKnownFileType = file.xib; name = NewCell.xib; path = ../../Controller/News/NewCell.xib; sourceTree = "<group>"; };
		0323E1D01E83BAF600E6300F /* NewCell.swift */ = {isa = PBXFileReference; fileEncoding = 4; lastKnownFileType = sourcecode.swift; name = NewCell.swift; path = ../../Controller/News/NewCell.swift; sourceTree = "<group>"; };
		0333A3EE1EC2C8A10094CC73 /* ChangePassVC.swift */ = {isa = PBXFileReference; fileEncoding = 4; lastKnownFileType = sourcecode.swift; name = ChangePassVC.swift; path = ../../Controller/More/ChangePassVC.swift; sourceTree = "<group>"; };
		0333A3EF1EC2C8A10094CC73 /* ChangePassVC.xib */ = {isa = PBXFileReference; fileEncoding = 4; lastKnownFileType = file.xib; name = ChangePassVC.xib; path = ../../Controller/More/ChangePassVC.xib; sourceTree = "<group>"; };
		0333A3F21EC2C8C90094CC73 /* ProfileVC.swift */ = {isa = PBXFileReference; fileEncoding = 4; lastKnownFileType = sourcecode.swift; name = ProfileVC.swift; path = ../../Controller/More/ProfileVC.swift; sourceTree = "<group>"; };
		0333A3F31EC2C8C90094CC73 /* ProfileVC.xib */ = {isa = PBXFileReference; fileEncoding = 4; lastKnownFileType = file.xib; name = ProfileVC.xib; path = ../../Controller/More/ProfileVC.xib; sourceTree = "<group>"; };
		0333A3F61EC2C92D0094CC73 /* RecruitmentDetailVC.swift */ = {isa = PBXFileReference; fileEncoding = 4; lastKnownFileType = sourcecode.swift; path = RecruitmentDetailVC.swift; sourceTree = "<group>"; };
		0333A3F71EC2C92D0094CC73 /* RecruitmentDetailVC.xib */ = {isa = PBXFileReference; fileEncoding = 4; lastKnownFileType = file.xib; path = RecruitmentDetailVC.xib; sourceTree = "<group>"; };
		0333A3F81EC2C92D0094CC73 /* RecruitmentVC.swift */ = {isa = PBXFileReference; fileEncoding = 4; lastKnownFileType = sourcecode.swift; path = RecruitmentVC.swift; sourceTree = "<group>"; };
		0333A3F91EC2C92D0094CC73 /* RecruitmentVC.xib */ = {isa = PBXFileReference; fileEncoding = 4; lastKnownFileType = file.xib; path = RecruitmentVC.xib; sourceTree = "<group>"; };
		0333A3FE1EC2C9620094CC73 /* PartnersVC.swift */ = {isa = PBXFileReference; fileEncoding = 4; lastKnownFileType = sourcecode.swift; path = PartnersVC.swift; sourceTree = "<group>"; };
		0333A3FF1EC2C9620094CC73 /* PartnersVC.xib */ = {isa = PBXFileReference; fileEncoding = 4; lastKnownFileType = file.xib; path = PartnersVC.xib; sourceTree = "<group>"; };
		0333A4021EC2C9AA0094CC73 /* AboutVC.swift */ = {isa = PBXFileReference; fileEncoding = 4; lastKnownFileType = sourcecode.swift; path = AboutVC.swift; sourceTree = "<group>"; };
		0333A4031EC2C9AA0094CC73 /* AboutVC.xib */ = {isa = PBXFileReference; fileEncoding = 4; lastKnownFileType = file.xib; path = AboutVC.xib; sourceTree = "<group>"; };
		0333A4061EC2CA010094CC73 /* TermsVC.swift */ = {isa = PBXFileReference; fileEncoding = 4; lastKnownFileType = sourcecode.swift; path = TermsVC.swift; sourceTree = "<group>"; };
		0333A4071EC2CA010094CC73 /* TermsVC.xib */ = {isa = PBXFileReference; fileEncoding = 4; lastKnownFileType = file.xib; path = TermsVC.xib; sourceTree = "<group>"; };
		0333A40A1EC2CA1C0094CC73 /* LanguageVC.swift */ = {isa = PBXFileReference; fileEncoding = 4; lastKnownFileType = sourcecode.swift; path = LanguageVC.swift; sourceTree = "<group>"; };
		0333A40B1EC2CA1C0094CC73 /* LanguageVC.xib */ = {isa = PBXFileReference; fileEncoding = 4; lastKnownFileType = file.xib; path = LanguageVC.xib; sourceTree = "<group>"; };
		0333A40C1EC2CA1C0094CC73 /* SettingVC.swift */ = {isa = PBXFileReference; fileEncoding = 4; lastKnownFileType = sourcecode.swift; path = SettingVC.swift; sourceTree = "<group>"; };
		0333A40D1EC2CA1C0094CC73 /* SettingVC.xib */ = {isa = PBXFileReference; fileEncoding = 4; lastKnownFileType = file.xib; path = SettingVC.xib; sourceTree = "<group>"; };
		0333A4121EC2CBFB0094CC73 /* SignInVC.swift */ = {isa = PBXFileReference; fileEncoding = 4; lastKnownFileType = sourcecode.swift; path = SignInVC.swift; sourceTree = "<group>"; };
		0333A4131EC2CBFB0094CC73 /* SignInVC.xib */ = {isa = PBXFileReference; fileEncoding = 4; lastKnownFileType = file.xib; path = SignInVC.xib; sourceTree = "<group>"; };
		0333A4161EC2CC110094CC73 /* SignUpVC.swift */ = {isa = PBXFileReference; fileEncoding = 4; lastKnownFileType = sourcecode.swift; path = SignUpVC.swift; sourceTree = "<group>"; };
		0333A4171EC2CC110094CC73 /* SignUpVC.xib */ = {isa = PBXFileReference; fileEncoding = 4; lastKnownFileType = file.xib; path = SignUpVC.xib; sourceTree = "<group>"; };
		0333A41A1EC2CE910094CC73 /* Info.plist */ = {isa = PBXFileReference; fileEncoding = 4; lastKnownFileType = text.plist.xml; path = Info.plist; sourceTree = "<group>"; };
		033DFFB51E94C80200D6F04B /* ProjectCell.swift */ = {isa = PBXFileReference; fileEncoding = 4; lastKnownFileType = sourcecode.swift; path = ProjectCell.swift; sourceTree = "<group>"; };
		033DFFB71E94C80C00D6F04B /* ProjectCell.xib */ = {isa = PBXFileReference; fileEncoding = 4; lastKnownFileType = file.xib; path = ProjectCell.xib; sourceTree = "<group>"; };
		035C77511EB1A2FB008506EC /* PhotoCell.swift */ = {isa = PBXFileReference; fileEncoding = 4; lastKnownFileType = sourcecode.swift; path = PhotoCell.swift; sourceTree = "<group>"; };
		039A054E1E8A6B3200002290 /* PartnersCell.xib */ = {isa = PBXFileReference; fileEncoding = 4; lastKnownFileType = file.xib; name = PartnersCell.xib; path = ../../Controller/More/PartnersCell.xib; sourceTree = "<group>"; };
		03AE8CCF1ECEEFC80018ED99 /* ImagePlanVC.swift */ = {isa = PBXFileReference; fileEncoding = 4; lastKnownFileType = sourcecode.swift; path = ImagePlanVC.swift; sourceTree = "<group>"; };
		03B39AA51EDE586A00D0F246 /* PickerLauncher.swift */ = {isa = PBXFileReference; fileEncoding = 4; lastKnownFileType = sourcecode.swift; path = PickerLauncher.swift; sourceTree = "<group>"; };
		03B8023E1EDDDFFB00EB6181 /* ProjectEditVC1.swift */ = {isa = PBXFileReference; fileEncoding = 4; lastKnownFileType = sourcecode.swift; path = ProjectEditVC1.swift; sourceTree = "<group>"; };
		03B802401EDDE18D00EB6181 /* ProjectEditVC2.swift */ = {isa = PBXFileReference; fileEncoding = 4; lastKnownFileType = sourcecode.swift; path = ProjectEditVC2.swift; sourceTree = "<group>"; };
		03B802421EDDE20800EB6181 /* ProjectEditVC3.swift */ = {isa = PBXFileReference; fileEncoding = 4; lastKnownFileType = sourcecode.swift; path = ProjectEditVC3.swift; sourceTree = "<group>"; };
		03BAA4731EDE792F0029DF92 /* ForgotVC.xib */ = {isa = PBXFileReference; fileEncoding = 4; lastKnownFileType = file.xib; path = ForgotVC.xib; sourceTree = "<group>"; };
		03BAA4751EDE79440029DF92 /* ForgotVC.swift */ = {isa = PBXFileReference; fileEncoding = 4; lastKnownFileType = sourcecode.swift; path = ForgotVC.swift; sourceTree = "<group>"; };
		03CA72161EC2B110005D7C04 /* APIService.swift */ = {isa = PBXFileReference; fileEncoding = 4; lastKnownFileType = sourcecode.swift; path = APIService.swift; sourceTree = "<group>"; };
		03CA72181EC2B129005D7C04 /* HomeService.swift */ = {isa = PBXFileReference; fileEncoding = 4; lastKnownFileType = sourcecode.swift; path = HomeService.swift; sourceTree = "<group>"; };
		03CA721A1EC2B130005D7C04 /* MoreService.swift */ = {isa = PBXFileReference; fileEncoding = 4; lastKnownFileType = sourcecode.swift; path = MoreService.swift; sourceTree = "<group>"; };
		03CA721C1EC2B136005D7C04 /* NewService.swift */ = {isa = PBXFileReference; fileEncoding = 4; lastKnownFileType = sourcecode.swift; path = NewService.swift; sourceTree = "<group>"; };
		03CA721E1EC2B142005D7C04 /* ProjectService.swift */ = {isa = PBXFileReference; fileEncoding = 4; lastKnownFileType = sourcecode.swift; path = ProjectService.swift; sourceTree = "<group>"; };
		03CA72211EC2B150005D7C04 /* PhotoHandle.swift */ = {isa = PBXFileReference; fileEncoding = 4; lastKnownFileType = sourcecode.swift; path = PhotoHandle.swift; sourceTree = "<group>"; };
		03CA72251EC2BFA8005D7C04 /* AboutCell.xib */ = {isa = PBXFileReference; fileEncoding = 4; lastKnownFileType = file.xib; path = AboutCell.xib; sourceTree = "<group>"; };
		03CA72271EC2BFAD005D7C04 /* AboutCell.swift */ = {isa = PBXFileReference; fileEncoding = 4; lastKnownFileType = sourcecode.swift; path = AboutCell.swift; sourceTree = "<group>"; };
		03CA72291EC2C095005D7C04 /* SettingCell.xib */ = {isa = PBXFileReference; fileEncoding = 4; lastKnownFileType = file.xib; path = SettingCell.xib; sourceTree = "<group>"; };
		03CA722A1EC2C095005D7C04 /* SettingCell.swift */ = {isa = PBXFileReference; fileEncoding = 4; lastKnownFileType = sourcecode.swift; path = SettingCell.swift; sourceTree = "<group>"; };
		03CA722D1EC2C0B9005D7C04 /* LanguageCell.swift */ = {isa = PBXFileReference; fileEncoding = 4; lastKnownFileType = sourcecode.swift; path = LanguageCell.swift; sourceTree = "<group>"; };
		03CA722E1EC2C0B9005D7C04 /* LanguageCell.xib */ = {isa = PBXFileReference; fileEncoding = 4; lastKnownFileType = file.xib; path = LanguageCell.xib; sourceTree = "<group>"; };
		03CA72311EC2C162005D7C04 /* RecruitmentCell.xib */ = {isa = PBXFileReference; fileEncoding = 4; lastKnownFileType = file.xib; path = RecruitmentCell.xib; sourceTree = "<group>"; };
		03CA72321EC2C162005D7C04 /* RecruitmentCell.swift */ = {isa = PBXFileReference; fileEncoding = 4; lastKnownFileType = sourcecode.swift; path = RecruitmentCell.swift; sourceTree = "<group>"; };
		03CA72351EC2C2B4005D7C04 /* MicroLauncher.swift */ = {isa = PBXFileReference; fileEncoding = 4; lastKnownFileType = sourcecode.swift; path = MicroLauncher.swift; sourceTree = "<group>"; };
		03CA72371EC2C2F6005D7C04 /* FilterVC.swift */ = {isa = PBXFileReference; fileEncoding = 4; lastKnownFileType = sourcecode.swift; path = FilterVC.swift; sourceTree = "<group>"; };
		03CA72381EC2C2F6005D7C04 /* HomeVC.swift */ = {isa = PBXFileReference; fileEncoding = 4; lastKnownFileType = sourcecode.swift; path = HomeVC.swift; sourceTree = "<group>"; };
		03CA72391EC2C2F6005D7C04 /* PostDetailVC.swift */ = {isa = PBXFileReference; fileEncoding = 4; lastKnownFileType = sourcecode.swift; path = PostDetailVC.swift; sourceTree = "<group>"; };
		03CA723A1EC2C2F6005D7C04 /* SearchVC.swift */ = {isa = PBXFileReference; fileEncoding = 4; lastKnownFileType = sourcecode.swift; path = SearchVC.swift; sourceTree = "<group>"; };
		03CA723F1EC2C349005D7C04 /* ProjectPostVC2.swift */ = {isa = PBXFileReference; fileEncoding = 4; lastKnownFileType = sourcecode.swift; path = ProjectPostVC2.swift; sourceTree = "<group>"; };
		03CA72401EC2C349005D7C04 /* ProjectPostVC3.swift */ = {isa = PBXFileReference; fileEncoding = 4; lastKnownFileType = sourcecode.swift; path = ProjectPostVC3.swift; sourceTree = "<group>"; };
		03CA72411EC2C349005D7C04 /* ProjectPostVC1.swift */ = {isa = PBXFileReference; fileEncoding = 4; lastKnownFileType = sourcecode.swift; path = ProjectPostVC1.swift; sourceTree = "<group>"; };
		03CA72421EC2C349005D7C04 /* PhotoVC.swift */ = {isa = PBXFileReference; fileEncoding = 4; lastKnownFileType = sourcecode.swift; path = PhotoVC.swift; sourceTree = "<group>"; };
		03CD04101E91E5D3001DBB12 /* ProjectVC.xib */ = {isa = PBXFileReference; fileEncoding = 4; lastKnownFileType = file.xib; name = ProjectVC.xib; path = ../More/ProjectVC.xib; sourceTree = "<group>"; };
		03CD04121E91E5E5001DBB12 /* ProjectVC.swift */ = {isa = PBXFileReference; fileEncoding = 4; lastKnownFileType = sourcecode.swift; name = ProjectVC.swift; path = ../More/ProjectVC.swift; sourceTree = "<group>"; };
		03E92B2F1E9F17C500DC5D70 /* HomeDataModel.swift */ = {isa = PBXFileReference; fileEncoding = 4; lastKnownFileType = sourcecode.swift; path = HomeDataModel.swift; sourceTree = "<group>"; };
		03FACBDD1EA1B83E00950E5E /* BlockAlias.swift */ = {isa = PBXFileReference; fileEncoding = 4; lastKnownFileType = sourcecode.swift; path = BlockAlias.swift; sourceTree = "<group>"; };
		03FCEBD41E9C7A3C00F0E962 /* NewDetailVC.swift */ = {isa = PBXFileReference; fileEncoding = 4; lastKnownFileType = sourcecode.swift; path = NewDetailVC.swift; sourceTree = "<group>"; };
		03FCEBD61E9C7A6000F0E962 /* NewDetailVC.xib */ = {isa = PBXFileReference; fileEncoding = 4; lastKnownFileType = file.xib; path = NewDetailVC.xib; sourceTree = "<group>"; };
		03FDC7691E8B4FBF001A2CD7 /* PartnersCell.swift */ = {isa = PBXFileReference; fileEncoding = 4; lastKnownFileType = sourcecode.swift; path = PartnersCell.swift; sourceTree = "<group>"; };
		2269315F1EA4554D0004EDDE /* AboutDataModel.swift */ = {isa = PBXFileReference; fileEncoding = 4; lastKnownFileType = sourcecode.swift; path = AboutDataModel.swift; sourceTree = "<group>"; };
		229691931EA5FEB7001EC516 /* TermsCell.swift */ = {isa = PBXFileReference; fileEncoding = 4; lastKnownFileType = sourcecode.swift; path = TermsCell.swift; sourceTree = "<group>"; };
		229691941EA5FEB7001EC516 /* TermsCell.xib */ = {isa = PBXFileReference; fileEncoding = 4; lastKnownFileType = file.xib; path = TermsCell.xib; sourceTree = "<group>"; };
		229691981EA60309001EC516 /* TermsModel.swift */ = {isa = PBXFileReference; fileEncoding = 4; lastKnownFileType = sourcecode.swift; path = TermsModel.swift; sourceTree = "<group>"; };
		2296919E1EA60DCB001EC516 /* SiginModel.swift */ = {isa = PBXFileReference; fileEncoding = 4; lastKnownFileType = sourcecode.swift; path = SiginModel.swift; sourceTree = "<group>"; };
		22C1D0661EA0A2C200FB02BC /* RecruitmentDataModel.swift */ = {isa = PBXFileReference; fileEncoding = 4; lastKnownFileType = sourcecode.swift; path = RecruitmentDataModel.swift; sourceTree = "<group>"; };
		25EEFB10212C2556A9870E92 /* Pods_PPCApp.framework */ = {isa = PBXFileReference; explicitFileType = wrapper.framework; includeInIndex = 0; path = Pods_PPCApp.framework; sourceTree = BUILT_PRODUCTS_DIR; };
		2DE0FCB6F5347FFE291379D4 /* Pods-PPCAppTests.release.xcconfig */ = {isa = PBXFileReference; includeInIndex = 1; lastKnownFileType = text.xcconfig; name = "Pods-PPCAppTests.release.xcconfig"; path = "Pods/Target Support Files/Pods-PPCAppTests/Pods-PPCAppTests.release.xcconfig"; sourceTree = "<group>"; };
		31FD0D050E0182ED9B44A883 /* Pods_PPCAppTests.framework */ = {isa = PBXFileReference; explicitFileType = wrapper.framework; includeInIndex = 0; path = Pods_PPCAppTests.framework; sourceTree = BUILT_PRODUCTS_DIR; };
		4E13D2311E836059002E03A1 /* LanguageManager.swift */ = {isa = PBXFileReference; fileEncoding = 4; lastKnownFileType = sourcecode.swift; path = LanguageManager.swift; sourceTree = "<group>"; };
		4E13D2441E83621C002E03A1 /* Base */ = {isa = PBXFileReference; lastKnownFileType = text.plist.strings; name = Base; path = Base.lproj/Localizable.strings; sourceTree = "<group>"; };
		4E13D2461E83621F002E03A1 /* en */ = {isa = PBXFileReference; lastKnownFileType = text.plist.strings; name = en; path = en.lproj/Localizable.strings; sourceTree = "<group>"; };
		4E13D2471E836220002E03A1 /* vi */ = {isa = PBXFileReference; lastKnownFileType = text.plist.strings; name = vi; path = vi.lproj/Localizable.strings; sourceTree = "<group>"; };
		4E13D2491E836264002E03A1 /* en */ = {isa = PBXFileReference; lastKnownFileType = text.plist.strings; name = en; path = en.lproj/Main.strings; sourceTree = "<group>"; };
		4E13D24B1E8362B7002E03A1 /* vi */ = {isa = PBXFileReference; lastKnownFileType = text.plist.strings; name = vi; path = vi.lproj/Main.strings; sourceTree = "<group>"; };
		4E13D24D1E8362CA002E03A1 /* en */ = {isa = PBXFileReference; lastKnownFileType = text.plist.strings; name = en; path = en.lproj/LaunchScreen.strings; sourceTree = "<group>"; };
		4E13D24F1E8362D5002E03A1 /* vi */ = {isa = PBXFileReference; lastKnownFileType = text.plist.strings; name = vi; path = vi.lproj/LaunchScreen.strings; sourceTree = "<group>"; };
		4E13D2501E8365B3002E03A1 /* Extensions.swift */ = {isa = PBXFileReference; fileEncoding = 4; lastKnownFileType = sourcecode.swift; path = Extensions.swift; sourceTree = "<group>"; };
		4E13D2521E836BC1002E03A1 /* MoreVC.swift */ = {isa = PBXFileReference; fileEncoding = 4; lastKnownFileType = sourcecode.swift; path = MoreVC.swift; sourceTree = "<group>"; };
		4E13D2531E836BC1002E03A1 /* MoreVC.xib */ = {isa = PBXFileReference; fileEncoding = 4; lastKnownFileType = file.xib; path = MoreVC.xib; sourceTree = "<group>"; };
		4E13D2561E836BDC002E03A1 /* NewsVC.swift */ = {isa = PBXFileReference; fileEncoding = 4; lastKnownFileType = sourcecode.swift; path = NewsVC.swift; sourceTree = "<group>"; };
		4E13D2571E836BDC002E03A1 /* NewsVC.xib */ = {isa = PBXFileReference; fileEncoding = 4; lastKnownFileType = file.xib; path = NewsVC.xib; sourceTree = "<group>"; };
		4E13D25A1E837E7A002E03A1 /* HomeCell.swift */ = {isa = PBXFileReference; fileEncoding = 4; lastKnownFileType = sourcecode.swift; name = HomeCell.swift; path = ../HomeCell.swift; sourceTree = "<group>"; };
		4E13D25D1E8382E9002E03A1 /* PostCell.swift */ = {isa = PBXFileReference; fileEncoding = 4; lastKnownFileType = sourcecode.swift; path = PostCell.swift; sourceTree = "<group>"; };
		4E456C551E8BF831003D8C55 /* PostDetailInfoView.swift */ = {isa = PBXFileReference; fileEncoding = 4; lastKnownFileType = sourcecode.swift; path = PostDetailInfoView.swift; sourceTree = "<group>"; };
		4E600B2B1E934AD50028C3F1 /* Places.swift */ = {isa = PBXFileReference; fileEncoding = 4; lastKnownFileType = sourcecode.swift; path = Places.swift; sourceTree = "<group>"; };
		4E600B2D1E9352120028C3F1 /* ImageDetailLauncher.swift */ = {isa = PBXFileReference; fileEncoding = 4; lastKnownFileType = sourcecode.swift; path = ImageDetailLauncher.swift; sourceTree = "<group>"; };
		4E600B2F1E9377620028C3F1 /* BaseLauncher.swift */ = {isa = PBXFileReference; fileEncoding = 4; lastKnownFileType = sourcecode.swift; path = BaseLauncher.swift; sourceTree = "<group>"; };
		4E872DCA1E9238EA00B0592F /* FilterButton.swift */ = {isa = PBXFileReference; fileEncoding = 4; lastKnownFileType = sourcecode.swift; path = FilterButton.swift; sourceTree = "<group>"; };
		4ED32DD41E7F809C0075BF3F /* PPCApp.app */ = {isa = PBXFileReference; explicitFileType = wrapper.application; includeInIndex = 0; path = PPCApp.app; sourceTree = BUILT_PRODUCTS_DIR; };
		4ED32DD71E7F809C0075BF3F /* AppDelegate.swift */ = {isa = PBXFileReference; lastKnownFileType = sourcecode.swift; path = AppDelegate.swift; sourceTree = "<group>"; };
		4ED32DDC1E7F809C0075BF3F /* Base */ = {isa = PBXFileReference; lastKnownFileType = file.storyboard; name = Base; path = Base.lproj/Main.storyboard; sourceTree = "<group>"; };
		4ED32DDF1E7F809C0075BF3F /* PPCApp.xcdatamodel */ = {isa = PBXFileReference; lastKnownFileType = wrapper.xcdatamodel; path = PPCApp.xcdatamodel; sourceTree = "<group>"; };
		4ED32DE11E7F809C0075BF3F /* Assets.xcassets */ = {isa = PBXFileReference; lastKnownFileType = folder.assetcatalog; path = Assets.xcassets; sourceTree = "<group>"; };
		4ED32DE41E7F809C0075BF3F /* Base */ = {isa = PBXFileReference; lastKnownFileType = file.storyboard; name = Base; path = Base.lproj/LaunchScreen.storyboard; sourceTree = "<group>"; };
		4ED32DEB1E7F809C0075BF3F /* PPCAppTests.xctest */ = {isa = PBXFileReference; explicitFileType = wrapper.cfbundle; includeInIndex = 0; path = PPCAppTests.xctest; sourceTree = BUILT_PRODUCTS_DIR; };
		4ED32DEF1E7F809C0075BF3F /* PPCAppTests.swift */ = {isa = PBXFileReference; lastKnownFileType = sourcecode.swift; path = PPCAppTests.swift; sourceTree = "<group>"; };
		4ED32DF11E7F809C0075BF3F /* Info.plist */ = {isa = PBXFileReference; lastKnownFileType = text.plist.xml; path = Info.plist; sourceTree = "<group>"; };
		4ED32E031E7FBC600075BF3F /* MainTabVC.swift */ = {isa = PBXFileReference; fileEncoding = 4; lastKnownFileType = sourcecode.swift; path = MainTabVC.swift; sourceTree = "<group>"; };
		4ED32E111E7FC38F0075BF3F /* BaseVC.swift */ = {isa = PBXFileReference; fileEncoding = 4; lastKnownFileType = sourcecode.swift; path = BaseVC.swift; sourceTree = "<group>"; };
		63481EF2B4BF94E4C4BA930C /* Pods-PPCApp.debug.xcconfig */ = {isa = PBXFileReference; includeInIndex = 1; lastKnownFileType = text.xcconfig; name = "Pods-PPCApp.debug.xcconfig"; path = "Pods/Target Support Files/Pods-PPCApp/Pods-PPCApp.debug.xcconfig"; sourceTree = "<group>"; };
		7F8229B89E27EB125E266AEC /* Pods-PPCAppTests.debug.xcconfig */ = {isa = PBXFileReference; includeInIndex = 1; lastKnownFileType = text.xcconfig; name = "Pods-PPCAppTests.debug.xcconfig"; path = "Pods/Target Support Files/Pods-PPCAppTests/Pods-PPCAppTests.debug.xcconfig"; sourceTree = "<group>"; };
		C14D28E8AEF7AAEA4C41A0E4 /* Pods-PPCApp.release.xcconfig */ = {isa = PBXFileReference; includeInIndex = 1; lastKnownFileType = text.xcconfig; name = "Pods-PPCApp.release.xcconfig"; path = "Pods/Target Support Files/Pods-PPCApp/Pods-PPCApp.release.xcconfig"; sourceTree = "<group>"; };
/* End PBXFileReference section */

/* Begin PBXFrameworksBuildPhase section */
		4ED32DD11E7F809C0075BF3F /* Frameworks */ = {
			isa = PBXFrameworksBuildPhase;
			buildActionMask = 2147483647;
			files = (
				75048553B0E176D8E9E727B9 /* Pods_PPCApp.framework in Frameworks */,
			);
			runOnlyForDeploymentPostprocessing = 0;
		};
		4ED32DE81E7F809C0075BF3F /* Frameworks */ = {
			isa = PBXFrameworksBuildPhase;
			buildActionMask = 2147483647;
			files = (
				FACC84D0C2BD28A811DAC99C /* Pods_PPCAppTests.framework in Frameworks */,
			);
			runOnlyForDeploymentPostprocessing = 0;
		};
/* End PBXFrameworksBuildPhase section */

/* Begin PBXGroup section */
		0305399D1EA479BA00DFFF79 /* Post */ = {
			isa = PBXGroup;
			children = (
				03CA72411EC2C349005D7C04 /* ProjectPostVC1.swift */,
				03CA723F1EC2C349005D7C04 /* ProjectPostVC2.swift */,
				03CA72401EC2C349005D7C04 /* ProjectPostVC3.swift */,
				03B8023E1EDDDFFB00EB6181 /* ProjectEditVC1.swift */,
				03B802401EDDE18D00EB6181 /* ProjectEditVC2.swift */,
				03B802421EDDE20800EB6181 /* ProjectEditVC3.swift */,
				03CA72421EC2C349005D7C04 /* PhotoVC.swift */,
			);
			name = Post;
			sourceTree = "<group>";
		};
		030854E21EA0DA0800BB3B84 /* Constants */ = {
			isa = PBXGroup;
			children = (
				03FACBDD1EA1B83E00950E5E /* BlockAlias.swift */,
			);
			name = Constants;
			sourceTree = "<group>";
		};
		0314F0BC1E8A017400A4E15D /* Terms */ = {
			isa = PBXGroup;
			children = (
				0333A4061EC2CA010094CC73 /* TermsVC.swift */,
				0333A4071EC2CA010094CC73 /* TermsVC.xib */,
			);
			name = Terms;
			sourceTree = "<group>";
		};
		0314F0C11E8A031500A4E15D /* Recruitment */ = {
			isa = PBXGroup;
			children = (
				0333A3F61EC2C92D0094CC73 /* RecruitmentDetailVC.swift */,
				0333A3F71EC2C92D0094CC73 /* RecruitmentDetailVC.xib */,
				0333A3F81EC2C92D0094CC73 /* RecruitmentVC.swift */,
				0333A3F91EC2C92D0094CC73 /* RecruitmentVC.xib */,
			);
			name = Recruitment;
			sourceTree = "<group>";
		};
		0314F0C61E8A041600A4E15D /* About */ = {
			isa = PBXGroup;
			children = (
				0333A4031EC2C9AA0094CC73 /* AboutVC.xib */,
				0333A4021EC2C9AA0094CC73 /* AboutVC.swift */,
			);
			name = About;
			sourceTree = "<group>";
		};
		0314F0CB1E8A04F600A4E15D /* Partners */ = {
			isa = PBXGroup;
			children = (
				0333A3FF1EC2C9620094CC73 /* PartnersVC.xib */,
				0333A3FE1EC2C9620094CC73 /* PartnersVC.swift */,
			);
			name = Partners;
			sourceTree = "<group>";
		};
		0320CF5F1E8C9DBF00287090 /* Recruitment */ = {
			isa = PBXGroup;
			children = (
				03CA72311EC2C162005D7C04 /* RecruitmentCell.xib */,
				03CA72321EC2C162005D7C04 /* RecruitmentCell.swift */,
			);
			name = Recruitment;
			sourceTree = "<group>";
		};
		033DFFB91E94F9F100D6F04B /* Setting */ = {
			isa = PBXGroup;
			children = (
				03CA722E1EC2C0B9005D7C04 /* LanguageCell.xib */,
				03CA722D1EC2C0B9005D7C04 /* LanguageCell.swift */,
				03CA72291EC2C095005D7C04 /* SettingCell.xib */,
				03CA722A1EC2C095005D7C04 /* SettingCell.swift */,
			);
			name = Setting;
			sourceTree = "<group>";
		};
		035C77501EB1A2E4008506EC /* Photo */ = {
			isa = PBXGroup;
			children = (
				035C77511EB1A2FB008506EC /* PhotoCell.swift */,
			);
			name = Photo;
			sourceTree = "<group>";
		};
		037D4D391E8E3CEF00A132BE /* Setting */ = {
			isa = PBXGroup;
			children = (
				0333A40B1EC2CA1C0094CC73 /* LanguageVC.xib */,
				0333A40A1EC2CA1C0094CC73 /* LanguageVC.swift */,
				0333A40D1EC2CA1C0094CC73 /* SettingVC.xib */,
				0333A40C1EC2CA1C0094CC73 /* SettingVC.swift */,
			);
			name = Setting;
			sourceTree = "<group>";
		};
		03AE8CCE1ECEEFA60018ED99 /* ImagePlan */ = {
			isa = PBXGroup;
			children = (
				03AE8CCF1ECEEFC80018ED99 /* ImagePlanVC.swift */,
			);
			name = ImagePlan;
			sourceTree = "<group>";
		};
		03CA72121EC2B038005D7C04 /* Home */ = {
			isa = PBXGroup;
			children = (
				03CA72181EC2B129005D7C04 /* HomeService.swift */,
			);
			name = Home;
			sourceTree = "<group>";
		};
		03CA72131EC2B081005D7C04 /* Project */ = {
			isa = PBXGroup;
			children = (
				03CA72211EC2B150005D7C04 /* PhotoHandle.swift */,
				03CA721E1EC2B142005D7C04 /* ProjectService.swift */,
			);
			name = Project;
			sourceTree = "<group>";
		};
		03CA72141EC2B0E8005D7C04 /* News */ = {
			isa = PBXGroup;
			children = (
				03CA721C1EC2B136005D7C04 /* NewService.swift */,
			);
			name = News;
			sourceTree = "<group>";
		};
		03CA72151EC2B0F1005D7C04 /* More */ = {
			isa = PBXGroup;
			children = (
				03CA721A1EC2B130005D7C04 /* MoreService.swift */,
			);
			name = More;
			sourceTree = "<group>";
		};
		03E92B2E1E9F174900DC5D70 /* Home */ = {
			isa = PBXGroup;
			children = (
				03E92B2F1E9F17C500DC5D70 /* HomeDataModel.swift */,
			);
			name = Home;
			sourceTree = "<group>";
		};
		03FACBE11EA1CF6100950E5E /* Home */ = {
			isa = PBXGroup;
			children = (
				4E13D25A1E837E7A002E03A1 /* HomeCell.swift */,
				4E13D25D1E8382E9002E03A1 /* PostCell.swift */,
				030077211EA5B97C0050BEEA /* ImageCell.swift */,
			);
			name = Home;
			sourceTree = "<group>";
		};
		03FACBE21EA1CFC100950E5E /* News */ = {
			isa = PBXGroup;
			children = (
				0323E1CE1E83B70B00E6300F /* NewCell.xib */,
				0323E1D01E83BAF600E6300F /* NewCell.swift */,
			);
			name = News;
			sourceTree = "<group>";
		};
		03FACBE31EA1CFD200950E5E /* Project */ = {
			isa = PBXGroup;
			children = (
				035C77501EB1A2E4008506EC /* Photo */,
				033DFFB71E94C80C00D6F04B /* ProjectCell.xib */,
				033DFFB51E94C80200D6F04B /* ProjectCell.swift */,
			);
			name = Project;
			sourceTree = "<group>";
		};
		03FDC76B1E8B51D0001A2CD7 /* More */ = {
			isa = PBXGroup;
			children = (
				2296919D1EA60D23001EC516 /* Signin */,
				229691971EA602D6001EC516 /* Terms */,
				2269315E1EA455110004EDDE /* About */,
				22C1D0651EA0A26600FB02BC /* Recruitment */,
				03FDC7701E8B5352001A2CD7 /* Partners */,
				0322FDDA1E89069A009B589B /* MoreDataModel.swift */,
			);
			name = More;
			sourceTree = "<group>";
		};
		03FDC76E1E8B5263001A2CD7 /* More */ = {
			isa = PBXGroup;
			children = (
				229691921EA5FE5A001EC516 /* Terms */,
				226931641EA45CD80004EDDE /* About */,
				033DFFB91E94F9F100D6F04B /* Setting */,
				0320CF5F1E8C9DBF00287090 /* Recruitment */,
				03FDC76F1E8B52C9001A2CD7 /* Partners */,
				0322FDD61E88FBAB009B589B /* MoreCell.xib */,
				0322FDD81E88FDA5009B589B /* MoreCell.swift */,
			);
			name = More;
			sourceTree = "<group>";
		};
		03FDC76F1E8B52C9001A2CD7 /* Partners */ = {
			isa = PBXGroup;
			children = (
				039A054E1E8A6B3200002290 /* PartnersCell.xib */,
				03FDC7691E8B4FBF001A2CD7 /* PartnersCell.swift */,
			);
			name = Partners;
			sourceTree = "<group>";
		};
		03FDC7701E8B5352001A2CD7 /* Partners */ = {
			isa = PBXGroup;
			children = (
				030D94781E8DFEFA00F32857 /* PartnersDataModel.swift */,
			);
			name = Partners;
			sourceTree = "<group>";
		};
		2269315E1EA455110004EDDE /* About */ = {
			isa = PBXGroup;
			children = (
				2269315F1EA4554D0004EDDE /* AboutDataModel.swift */,
			);
			name = About;
			sourceTree = "<group>";
		};
		226931641EA45CD80004EDDE /* About */ = {
			isa = PBXGroup;
			children = (
				03CA72251EC2BFA8005D7C04 /* AboutCell.xib */,
				03CA72271EC2BFAD005D7C04 /* AboutCell.swift */,
			);
			name = About;
			sourceTree = "<group>";
		};
		229691921EA5FE5A001EC516 /* Terms */ = {
			isa = PBXGroup;
			children = (
				229691941EA5FEB7001EC516 /* TermsCell.xib */,
				229691931EA5FEB7001EC516 /* TermsCell.swift */,
			);
			name = Terms;
			sourceTree = "<group>";
		};
		229691971EA602D6001EC516 /* Terms */ = {
			isa = PBXGroup;
			children = (
				229691981EA60309001EC516 /* TermsModel.swift */,
			);
			name = Terms;
			sourceTree = "<group>";
		};
		2296919D1EA60D23001EC516 /* Signin */ = {
			isa = PBXGroup;
			children = (
				2296919E1EA60DCB001EC516 /* SiginModel.swift */,
			);
			name = Signin;
			sourceTree = "<group>";
		};
		22C1D0651EA0A26600FB02BC /* Recruitment */ = {
			isa = PBXGroup;
			children = (
				22C1D0661EA0A2C200FB02BC /* RecruitmentDataModel.swift */,
			);
			name = Recruitment;
			sourceTree = "<group>";
		};
		22DB86911EA5A9EE00DE558C /* Sign */ = {
			isa = PBXGroup;
			children = (
				0333A4171EC2CC110094CC73 /* SignUpVC.xib */,
				0333A4161EC2CC110094CC73 /* SignUpVC.swift */,
				0333A4131EC2CBFB0094CC73 /* SignInVC.xib */,
				0333A4121EC2CBFB0094CC73 /* SignInVC.swift */,
				0333A3EF1EC2C8A10094CC73 /* ChangePassVC.xib */,
				0333A3EE1EC2C8A10094CC73 /* ChangePassVC.swift */,
				0333A3F31EC2C8C90094CC73 /* ProfileVC.xib */,
				0333A3F21EC2C8C90094CC73 /* ProfileVC.swift */,
				03019EEB1EC9552000D99167 /* UpdateProfileVC.xib */,
				03019EE71EC953E500D99167 /* UpdateProfileVC.swift */,
				03BAA4731EDE792F0029DF92 /* ForgotVC.xib */,
				03BAA4751EDE79440029DF92 /* ForgotVC.swift */,
			);
			name = Sign;
			path = ../../View/Cell;
			sourceTree = "<group>";
		};
		4E13D22B1E836035002E03A1 /* AppService */ = {
			isa = PBXGroup;
			children = (
				03CA72161EC2B110005D7C04 /* APIService.swift */,
				03CA72151EC2B0F1005D7C04 /* More */,
				03CA72141EC2B0E8005D7C04 /* News */,
				03CA72131EC2B081005D7C04 /* Project */,
				03CA72121EC2B038005D7C04 /* Home */,
			);
			path = AppService;
			sourceTree = "<group>";
		};
		4E13D2301E836059002E03A1 /* Helpers */ = {
			isa = PBXGroup;
			children = (
				4E13D2311E836059002E03A1 /* LanguageManager.swift */,
				4E13D2501E8365B3002E03A1 /* Extensions.swift */,
			);
			path = Helpers;
			sourceTree = "<group>";
		};
		4E13D25C1E837EC1002E03A1 /* Cell */ = {
			isa = PBXGroup;
			children = (
				03FACBE11EA1CF6100950E5E /* Home */,
				03FACBE31EA1CFD200950E5E /* Project */,
				03FACBE21EA1CFC100950E5E /* News */,
				03FDC76E1E8B5263001A2CD7 /* More */,
			);
			path = Cell;
			sourceTree = "<group>";
		};
		4E456C541E8BF831003D8C55 /* CustomView */ = {
			isa = PBXGroup;
			children = (
				4E456C551E8BF831003D8C55 /* PostDetailInfoView.swift */,
			);
			path = CustomView;
			sourceTree = "<group>";
		};
		4E4DD76B1E8217A100C0CD9B /* View */ = {
			isa = PBXGroup;
			children = (
				4E872DC91E9238CA00B0592F /* Button */,
				4E456C541E8BF831003D8C55 /* CustomView */,
				4E13D25C1E837EC1002E03A1 /* Cell */,
			);
			path = View;
			sourceTree = "<group>";
		};
		4E4DD76F1E82184800C0CD9B /* Models */ = {
			isa = PBXGroup;
			children = (
				03E92B2E1E9F174900DC5D70 /* Home */,
				03FDC76B1E8B51D0001A2CD7 /* More */,
				0323E1C81E83702000E6300F /* NewDataModel.swift */,
				4E600B2B1E934AD50028C3F1 /* Places.swift */,
			);
			path = Models;
			sourceTree = "<group>";
		};
		4E872DC91E9238CA00B0592F /* Button */ = {
			isa = PBXGroup;
			children = (
				4E872DCA1E9238EA00B0592F /* FilterButton.swift */,
				0313145F1EAEF84E007B952F /* InfoTextField.swift */,
				031314611EAEFA59007B952F /* CustomButtonView.swift */,
			);
			path = Button;
			sourceTree = "<group>";
		};
		4E872DCE1E92529400B0592F /* Launcher */ = {
			isa = PBXGroup;
			children = (
				03B39AA51EDE586A00D0F246 /* PickerLauncher.swift */,
				4E600B2D1E9352120028C3F1 /* ImageDetailLauncher.swift */,
				4E600B2F1E9377620028C3F1 /* BaseLauncher.swift */,
				03CA72351EC2C2B4005D7C04 /* MicroLauncher.swift */,
			);
			path = Launcher;
			sourceTree = "<group>";
		};
		4ED32DCB1E7F809C0075BF3F = {
			isa = PBXGroup;
			children = (
				4ED32DD61E7F809C0075BF3F /* PPCApp */,
				4ED32DEE1E7F809C0075BF3F /* PPCAppTests */,
				4ED32DD51E7F809C0075BF3F /* Products */,
				9ABF18044D9654BFB0EBA1B7 /* Pods */,
				A683C1AA8F9184F9F539BB89 /* Frameworks */,
			);
			sourceTree = "<group>";
		};
		4ED32DD51E7F809C0075BF3F /* Products */ = {
			isa = PBXGroup;
			children = (
				4ED32DD41E7F809C0075BF3F /* PPCApp.app */,
				4ED32DEB1E7F809C0075BF3F /* PPCAppTests.xctest */,
			);
			name = Products;
			sourceTree = "<group>";
		};
		4ED32DD61E7F809C0075BF3F /* PPCApp */ = {
			isa = PBXGroup;
			children = (
				030854E21EA0DA0800BB3B84 /* Constants */,
				4E13D2301E836059002E03A1 /* Helpers */,
				4E13D22B1E836035002E03A1 /* AppService */,
				4E4DD76F1E82184800C0CD9B /* Models */,
				4E4DD76B1E8217A100C0CD9B /* View */,
				4ED32E021E7FBC4B0075BF3F /* Controller */,
				4ED32DD71E7F809C0075BF3F /* AppDelegate.swift */,
				4ED32DDB1E7F809C0075BF3F /* Main.storyboard */,
				4ED32DE11E7F809C0075BF3F /* Assets.xcassets */,
				4ED32DE31E7F809C0075BF3F /* LaunchScreen.storyboard */,
				4ED32DDE1E7F809C0075BF3F /* PPCApp.xcdatamodeld */,
				0333A41A1EC2CE910094CC73 /* Info.plist */,
				4E13D2451E83621C002E03A1 /* Localizable.strings */,
			);
			path = PPCApp;
			sourceTree = "<group>";
		};
		4ED32DEE1E7F809C0075BF3F /* PPCAppTests */ = {
			isa = PBXGroup;
			children = (
				4ED32DEF1E7F809C0075BF3F /* PPCAppTests.swift */,
				4ED32DF11E7F809C0075BF3F /* Info.plist */,
			);
			path = PPCAppTests;
			sourceTree = "<group>";
		};
		4ED32E021E7FBC4B0075BF3F /* Controller */ = {
			isa = PBXGroup;
			children = (
				4ED32E051E7FBC6A0075BF3F /* Home */,
				4ED32E061E7FBC750075BF3F /* Project */,
				4ED32E071E7FBC820075BF3F /* News */,
				4ED32E081E7FBC930075BF3F /* More */,
				4ED32E031E7FBC600075BF3F /* MainTabVC.swift */,
				4ED32E111E7FC38F0075BF3F /* BaseVC.swift */,
			);
			path = Controller;
			sourceTree = "<group>";
		};
		4ED32E051E7FBC6A0075BF3F /* Home */ = {
			isa = PBXGroup;
			children = (
				03CA72371EC2C2F6005D7C04 /* FilterVC.swift */,
				03CA72381EC2C2F6005D7C04 /* HomeVC.swift */,
				03AE8CCE1ECEEFA60018ED99 /* ImagePlan */,
				03CA72391EC2C2F6005D7C04 /* PostDetailVC.swift */,
				03CA723A1EC2C2F6005D7C04 /* SearchVC.swift */,
				4E872DCE1E92529400B0592F /* Launcher */,
			);
			path = Home;
			sourceTree = "<group>";
		};
		4ED32E061E7FBC750075BF3F /* Project */ = {
			isa = PBXGroup;
			children = (
				0305399D1EA479BA00DFFF79 /* Post */,
				03CD04101E91E5D3001DBB12 /* ProjectVC.xib */,
				03CD04121E91E5E5001DBB12 /* ProjectVC.swift */,
			);
			name = Project;
			path = Post;
			sourceTree = "<group>";
		};
		4ED32E071E7FBC820075BF3F /* News */ = {
			isa = PBXGroup;
			children = (
				4E13D2571E836BDC002E03A1 /* NewsVC.xib */,
				4E13D2561E836BDC002E03A1 /* NewsVC.swift */,
				03FCEBD61E9C7A6000F0E962 /* NewDetailVC.xib */,
				03FCEBD41E9C7A3C00F0E962 /* NewDetailVC.swift */,
			);
			path = News;
			sourceTree = "<group>";
		};
		4ED32E081E7FBC930075BF3F /* More */ = {
			isa = PBXGroup;
			children = (
				22DB86911EA5A9EE00DE558C /* Sign */,
				0314F0C11E8A031500A4E15D /* Recruitment */,
				0314F0CB1E8A04F600A4E15D /* Partners */,
				0314F0C61E8A041600A4E15D /* About */,
				0314F0BC1E8A017400A4E15D /* Terms */,
				037D4D391E8E3CEF00A132BE /* Setting */,
				4E13D2531E836BC1002E03A1 /* MoreVC.xib */,
				4E13D2521E836BC1002E03A1 /* MoreVC.swift */,
			);
			path = More;
			sourceTree = "<group>";
		};
		9ABF18044D9654BFB0EBA1B7 /* Pods */ = {
			isa = PBXGroup;
			children = (
				63481EF2B4BF94E4C4BA930C /* Pods-PPCApp.debug.xcconfig */,
				C14D28E8AEF7AAEA4C41A0E4 /* Pods-PPCApp.release.xcconfig */,
				7F8229B89E27EB125E266AEC /* Pods-PPCAppTests.debug.xcconfig */,
				2DE0FCB6F5347FFE291379D4 /* Pods-PPCAppTests.release.xcconfig */,
			);
			name = Pods;
			sourceTree = "<group>";
		};
		A683C1AA8F9184F9F539BB89 /* Frameworks */ = {
			isa = PBXGroup;
			children = (
				25EEFB10212C2556A9870E92 /* Pods_PPCApp.framework */,
				31FD0D050E0182ED9B44A883 /* Pods_PPCAppTests.framework */,
			);
			name = Frameworks;
			sourceTree = "<group>";
		};
/* End PBXGroup section */

/* Begin PBXNativeTarget section */
		4ED32DD31E7F809C0075BF3F /* PPCApp */ = {
			isa = PBXNativeTarget;
			buildConfigurationList = 4ED32DF41E7F809C0075BF3F /* Build configuration list for PBXNativeTarget "PPCApp" */;
			buildPhases = (
				4C6E95DC82F473349631A384 /* [CP] Check Pods Manifest.lock */,
				4ED32DD01E7F809C0075BF3F /* Sources */,
				4ED32DD11E7F809C0075BF3F /* Frameworks */,
				4ED32DD21E7F809C0075BF3F /* Resources */,
				676B464910E377A4C42962E1 /* [CP] Embed Pods Frameworks */,
				3F6ADEC3DC25B16EA5422DBE /* [CP] Copy Pods Resources */,
			);
			buildRules = (
			);
			dependencies = (
			);
			name = PPCApp;
			productName = PPCApp;
			productReference = 4ED32DD41E7F809C0075BF3F /* PPCApp.app */;
			productType = "com.apple.product-type.application";
		};
		4ED32DEA1E7F809C0075BF3F /* PPCAppTests */ = {
			isa = PBXNativeTarget;
			buildConfigurationList = 4ED32DF71E7F809C0075BF3F /* Build configuration list for PBXNativeTarget "PPCAppTests" */;
			buildPhases = (
				B4325C68F2FEF1D79507077A /* [CP] Check Pods Manifest.lock */,
				4ED32DE71E7F809C0075BF3F /* Sources */,
				4ED32DE81E7F809C0075BF3F /* Frameworks */,
				4ED32DE91E7F809C0075BF3F /* Resources */,
				09FEB634B3F42F87D05F777E /* [CP] Embed Pods Frameworks */,
				0320E510A5C3DD842FE27200 /* [CP] Copy Pods Resources */,
			);
			buildRules = (
			);
			dependencies = (
				4ED32DED1E7F809C0075BF3F /* PBXTargetDependency */,
			);
			name = PPCAppTests;
			productName = PPCAppTests;
			productReference = 4ED32DEB1E7F809C0075BF3F /* PPCAppTests.xctest */;
			productType = "com.apple.product-type.bundle.unit-test";
		};
/* End PBXNativeTarget section */

/* Begin PBXProject section */
		4ED32DCC1E7F809C0075BF3F /* Project object */ = {
			isa = PBXProject;
			attributes = {
				LastSwiftUpdateCheck = 0820;
				LastUpgradeCheck = 0820;
				ORGANIZATIONNAME = "Nguyen Duy Duong";
				TargetAttributes = {
					4ED32DD31E7F809C0075BF3F = {
						CreatedOnToolsVersion = 8.2.1;
						DevelopmentTeam = FE5FXN233L;
						ProvisioningStyle = Automatic;
					};
					4ED32DEA1E7F809C0075BF3F = {
						CreatedOnToolsVersion = 8.2.1;
						DevelopmentTeam = FE5FXN233L;
						ProvisioningStyle = Automatic;
						TestTargetID = 4ED32DD31E7F809C0075BF3F;
					};
				};
			};
			buildConfigurationList = 4ED32DCF1E7F809C0075BF3F /* Build configuration list for PBXProject "PPCApp" */;
			compatibilityVersion = "Xcode 3.2";
			developmentRegion = English;
			hasScannedForEncodings = 0;
			knownRegions = (
				en,
				Base,
				vi,
			);
			mainGroup = 4ED32DCB1E7F809C0075BF3F;
			productRefGroup = 4ED32DD51E7F809C0075BF3F /* Products */;
			projectDirPath = "";
			projectRoot = "";
			targets = (
				4ED32DD31E7F809C0075BF3F /* PPCApp */,
				4ED32DEA1E7F809C0075BF3F /* PPCAppTests */,
			);
		};
/* End PBXProject section */

/* Begin PBXResourcesBuildPhase section */
		4ED32DD21E7F809C0075BF3F /* Resources */ = {
			isa = PBXResourcesBuildPhase;
			buildActionMask = 2147483647;
			files = (
				0333A4151EC2CBFB0094CC73 /* SignInVC.xib in Resources */,
				03CD04111E91E5D3001DBB12 /* ProjectVC.xib in Resources */,
				0333A4091EC2CA010094CC73 /* TermsVC.xib in Resources */,
				0333A4111EC2CA1C0094CC73 /* SettingVC.xib in Resources */,
				0322FDD71E88FBAB009B589B /* MoreCell.xib in Resources */,
				03019EEC1EC9552000D99167 /* UpdateProfileVC.xib in Resources */,
				0333A4011EC2C9620094CC73 /* PartnersVC.xib in Resources */,
				4E13D2551E836BC1002E03A1 /* MoreVC.xib in Resources */,
				0333A3F11EC2C8A10094CC73 /* ChangePassVC.xib in Resources */,
				03CA72301EC2C0B9005D7C04 /* LanguageCell.xib in Resources */,
				4ED32DE51E7F809C0075BF3F /* LaunchScreen.storyboard in Resources */,
				4E8BDBA91EAD93E70061D68C /* NewDetailVC.xib in Resources */,
				4E13D2431E83621C002E03A1 /* Localizable.strings in Resources */,
				0333A3F51EC2C8C90094CC73 /* ProfileVC.xib in Resources */,
				4E13D2591E836BDC002E03A1 /* NewsVC.xib in Resources */,
				229691961EA5FEB7001EC516 /* TermsCell.xib in Resources */,
				03CA722B1EC2C095005D7C04 /* SettingCell.xib in Resources */,
				0333A41B1EC2CE910094CC73 /* Info.plist in Resources */,
				0333A4191EC2CC110094CC73 /* SignUpVC.xib in Resources */,
				03CA72261EC2BFA8005D7C04 /* AboutCell.xib in Resources */,
				4ED32DE21E7F809C0075BF3F /* Assets.xcassets in Resources */,
				0333A3FB1EC2C92D0094CC73 /* RecruitmentDetailVC.xib in Resources */,
				0333A40F1EC2CA1C0094CC73 /* LanguageVC.xib in Resources */,
				033DFFB81E94C80C00D6F04B /* ProjectCell.xib in Resources */,
				03CA72331EC2C162005D7C04 /* RecruitmentCell.xib in Resources */,
				0333A4051EC2C9AA0094CC73 /* AboutVC.xib in Resources */,
				039A054F1E8A6B3200002290 /* PartnersCell.xib in Resources */,
				0323E1CF1E83B70B00E6300F /* NewCell.xib in Resources */,
				4ED32DDD1E7F809C0075BF3F /* Main.storyboard in Resources */,
				0333A3FD1EC2C92D0094CC73 /* RecruitmentVC.xib in Resources */,
				03BAA4741EDE792F0029DF92 /* ForgotVC.xib in Resources */,
			);
			runOnlyForDeploymentPostprocessing = 0;
		};
		4ED32DE91E7F809C0075BF3F /* Resources */ = {
			isa = PBXResourcesBuildPhase;
			buildActionMask = 2147483647;
			files = (
			);
			runOnlyForDeploymentPostprocessing = 0;
		};
/* End PBXResourcesBuildPhase section */

/* Begin PBXShellScriptBuildPhase section */
		0320E510A5C3DD842FE27200 /* [CP] Copy Pods Resources */ = {
			isa = PBXShellScriptBuildPhase;
			buildActionMask = 2147483647;
			files = (
			);
			inputPaths = (
			);
			name = "[CP] Copy Pods Resources";
			outputPaths = (
			);
			runOnlyForDeploymentPostprocessing = 0;
			shellPath = /bin/sh;
			shellScript = "\"${SRCROOT}/Pods/Target Support Files/Pods-PPCAppTests/Pods-PPCAppTests-resources.sh\"\n";
			showEnvVarsInLog = 0;
		};
		09FEB634B3F42F87D05F777E /* [CP] Embed Pods Frameworks */ = {
			isa = PBXShellScriptBuildPhase;
			buildActionMask = 2147483647;
			files = (
			);
			inputPaths = (
			);
			name = "[CP] Embed Pods Frameworks";
			outputPaths = (
			);
			runOnlyForDeploymentPostprocessing = 0;
			shellPath = /bin/sh;
			shellScript = "\"${SRCROOT}/Pods/Target Support Files/Pods-PPCAppTests/Pods-PPCAppTests-frameworks.sh\"\n";
			showEnvVarsInLog = 0;
		};
		3F6ADEC3DC25B16EA5422DBE /* [CP] Copy Pods Resources */ = {
			isa = PBXShellScriptBuildPhase;
			buildActionMask = 2147483647;
			files = (
			);
			inputPaths = (
			);
			name = "[CP] Copy Pods Resources";
			outputPaths = (
			);
			runOnlyForDeploymentPostprocessing = 0;
			shellPath = /bin/sh;
			shellScript = "\"${SRCROOT}/Pods/Target Support Files/Pods-PPCApp/Pods-PPCApp-resources.sh\"\n";
			showEnvVarsInLog = 0;
		};
		4C6E95DC82F473349631A384 /* [CP] Check Pods Manifest.lock */ = {
			isa = PBXShellScriptBuildPhase;
			buildActionMask = 2147483647;
			files = (
			);
			inputPaths = (
			);
			name = "[CP] Check Pods Manifest.lock";
			outputPaths = (
			);
			runOnlyForDeploymentPostprocessing = 0;
			shellPath = /bin/sh;
			shellScript = "diff \"${PODS_PODFILE_DIR_PATH}/Podfile.lock\" \"${PODS_ROOT}/Manifest.lock\" > /dev/null\nif [ $? != 0 ] ; then\n    # print error to STDERR\n    echo \"error: The sandbox is not in sync with the Podfile.lock. Run 'pod install' or update your CocoaPods installation.\" >&2\n    exit 1\nfi\n";
			showEnvVarsInLog = 0;
		};
		676B464910E377A4C42962E1 /* [CP] Embed Pods Frameworks */ = {
			isa = PBXShellScriptBuildPhase;
			buildActionMask = 2147483647;
			files = (
			);
			inputPaths = (
			);
			name = "[CP] Embed Pods Frameworks";
			outputPaths = (
			);
			runOnlyForDeploymentPostprocessing = 0;
			shellPath = /bin/sh;
			shellScript = "\"${SRCROOT}/Pods/Target Support Files/Pods-PPCApp/Pods-PPCApp-frameworks.sh\"\n";
			showEnvVarsInLog = 0;
		};
		B4325C68F2FEF1D79507077A /* [CP] Check Pods Manifest.lock */ = {
			isa = PBXShellScriptBuildPhase;
			buildActionMask = 2147483647;
			files = (
			);
			inputPaths = (
			);
			name = "[CP] Check Pods Manifest.lock";
			outputPaths = (
			);
			runOnlyForDeploymentPostprocessing = 0;
			shellPath = /bin/sh;
			shellScript = "diff \"${PODS_PODFILE_DIR_PATH}/Podfile.lock\" \"${PODS_ROOT}/Manifest.lock\" > /dev/null\nif [ $? != 0 ] ; then\n    # print error to STDERR\n    echo \"error: The sandbox is not in sync with the Podfile.lock. Run 'pod install' or update your CocoaPods installation.\" >&2\n    exit 1\nfi\n";
			showEnvVarsInLog = 0;
		};
/* End PBXShellScriptBuildPhase section */

/* Begin PBXSourcesBuildPhase section */
		4ED32DD01E7F809C0075BF3F /* Sources */ = {
			isa = PBXSourcesBuildPhase;
			buildActionMask = 2147483647;
			files = (
				229691951EA5FEB7001EC516 /* TermsCell.swift in Sources */,
				03CA72191EC2B129005D7C04 /* HomeService.swift in Sources */,
				2296919F1EA60DCB001EC516 /* SiginModel.swift in Sources */,
				226931601EA4554D0004EDDE /* AboutDataModel.swift in Sources */,
				03CA723D1EC2C2F6005D7C04 /* PostDetailVC.swift in Sources */,
				03CA721F1EC2B142005D7C04 /* ProjectService.swift in Sources */,
				03E92B301E9F17C500DC5D70 /* HomeDataModel.swift in Sources */,
				0333A4101EC2CA1C0094CC73 /* SettingVC.swift in Sources */,
				0322FDD91E88FDA5009B589B /* MoreCell.swift in Sources */,
				03CA721D1EC2B136005D7C04 /* NewService.swift in Sources */,
				4E600B301E9377620028C3F1 /* BaseLauncher.swift in Sources */,
				03BAA4761EDE79440029DF92 /* ForgotVC.swift in Sources */,
				4E456C561E8BF831003D8C55 /* PostDetailInfoView.swift in Sources */,
				4E600B2E1E9352120028C3F1 /* ImageDetailLauncher.swift in Sources */,
				0323E1C91E83702000E6300F /* NewDataModel.swift in Sources */,
				03CA72281EC2BFAD005D7C04 /* AboutCell.swift in Sources */,
				03AE8CD01ECEEFC80018ED99 /* ImagePlanVC.swift in Sources */,
				03CA72341EC2C162005D7C04 /* RecruitmentCell.swift in Sources */,
				4E6E21611EAD96A3006A5488 /* ProjectCell.swift in Sources */,
				0323E1D11E83BAF600E6300F /* NewCell.swift in Sources */,
				03CA72221EC2B150005D7C04 /* PhotoHandle.swift in Sources */,
				4E13D2321E836059002E03A1 /* LanguageManager.swift in Sources */,
				0333A4041EC2C9AA0094CC73 /* AboutVC.swift in Sources */,
				03019EE81EC953E500D99167 /* UpdateProfileVC.swift in Sources */,
				03B39AA61EDE586A00D0F246 /* PickerLauncher.swift in Sources */,
				030D94791E8DFEFA00F32857 /* PartnersDataModel.swift in Sources */,
				030077221EA5B97C0050BEEA /* ImageCell.swift in Sources */,
				4E13D2541E836BC1002E03A1 /* MoreVC.swift in Sources */,
				03CA721B1EC2B130005D7C04 /* MoreService.swift in Sources */,
				03CA72461EC2C349005D7C04 /* PhotoVC.swift in Sources */,
				03CD04131E91E5E5001DBB12 /* ProjectVC.swift in Sources */,
				03CA72451EC2C349005D7C04 /* ProjectPostVC1.swift in Sources */,
				4ED32E121E7FC38F0075BF3F /* BaseVC.swift in Sources */,
				03CA722C1EC2C095005D7C04 /* SettingCell.swift in Sources */,
				4E8BDBA81EAD93E70061D68C /* NewDetailVC.swift in Sources */,
				4E13D2581E836BDC002E03A1 /* NewsVC.swift in Sources */,
				229691991EA60309001EC516 /* TermsModel.swift in Sources */,
				03CA723E1EC2C2F6005D7C04 /* SearchVC.swift in Sources */,
				03CA72431EC2C349005D7C04 /* ProjectPostVC2.swift in Sources */,
				03CA723B1EC2C2F6005D7C04 /* FilterVC.swift in Sources */,
				0333A3F01EC2C8A10094CC73 /* ChangePassVC.swift in Sources */,
				4E13D25B1E837E7A002E03A1 /* HomeCell.swift in Sources */,
				031314621EAEFA59007B952F /* CustomButtonView.swift in Sources */,
				03CA72171EC2B110005D7C04 /* APIService.swift in Sources */,
				0333A3F41EC2C8C90094CC73 /* ProfileVC.swift in Sources */,
				03FACBDE1EA1B83E00950E5E /* BlockAlias.swift in Sources */,
				03CA72361EC2C2B4005D7C04 /* MicroLauncher.swift in Sources */,
				0333A4141EC2CBFB0094CC73 /* SignInVC.swift in Sources */,
				03B802411EDDE18D00EB6181 /* ProjectEditVC2.swift in Sources */,
				4E13D25E1E8382E9002E03A1 /* PostCell.swift in Sources */,
				0322FDDB1E89069A009B589B /* MoreDataModel.swift in Sources */,
				4E872DCB1E9238EA00B0592F /* FilterButton.swift in Sources */,
				03B8023F1EDDDFFB00EB6181 /* ProjectEditVC1.swift in Sources */,
				0333A4081EC2CA010094CC73 /* TermsVC.swift in Sources */,
				03FDC76A1E8B4FBF001A2CD7 /* PartnersCell.swift in Sources */,
				035C77521EB1A2FB008506EC /* PhotoCell.swift in Sources */,
				03CA72441EC2C349005D7C04 /* ProjectPostVC3.swift in Sources */,
				4E13D2511E8365B3002E03A1 /* Extensions.swift in Sources */,
				031314601EAEF84E007B952F /* InfoTextField.swift in Sources */,
				03CA723C1EC2C2F6005D7C04 /* HomeVC.swift in Sources */,
				22C1D0671EA0A2C300FB02BC /* RecruitmentDataModel.swift in Sources */,
				4ED32DE01E7F809C0075BF3F /* PPCApp.xcdatamodeld in Sources */,
				03B802431EDDE20800EB6181 /* ProjectEditVC3.swift in Sources */,
				0333A4001EC2C9620094CC73 /* PartnersVC.swift in Sources */,
				0333A4181EC2CC110094CC73 /* SignUpVC.swift in Sources */,
				0333A3FA1EC2C92D0094CC73 /* RecruitmentDetailVC.swift in Sources */,
				0333A3FC1EC2C92D0094CC73 /* RecruitmentVC.swift in Sources */,
				0333A40E1EC2CA1C0094CC73 /* LanguageVC.swift in Sources */,
				4ED32DD81E7F809C0075BF3F /* AppDelegate.swift in Sources */,
				4ED32E041E7FBC600075BF3F /* MainTabVC.swift in Sources */,
				03CA722F1EC2C0B9005D7C04 /* LanguageCell.swift in Sources */,
				4E600B2C1E934AD50028C3F1 /* Places.swift in Sources */,
			);
			runOnlyForDeploymentPostprocessing = 0;
		};
		4ED32DE71E7F809C0075BF3F /* Sources */ = {
			isa = PBXSourcesBuildPhase;
			buildActionMask = 2147483647;
			files = (
				4ED32DF01E7F809C0075BF3F /* PPCAppTests.swift in Sources */,
			);
			runOnlyForDeploymentPostprocessing = 0;
		};
/* End PBXSourcesBuildPhase section */

/* Begin PBXTargetDependency section */
		4ED32DED1E7F809C0075BF3F /* PBXTargetDependency */ = {
			isa = PBXTargetDependency;
			target = 4ED32DD31E7F809C0075BF3F /* PPCApp */;
			targetProxy = 4ED32DEC1E7F809C0075BF3F /* PBXContainerItemProxy */;
		};
/* End PBXTargetDependency section */

/* Begin PBXVariantGroup section */
		4E13D2451E83621C002E03A1 /* Localizable.strings */ = {
			isa = PBXVariantGroup;
			children = (
				4E13D2441E83621C002E03A1 /* Base */,
				4E13D2461E83621F002E03A1 /* en */,
				4E13D2471E836220002E03A1 /* vi */,
			);
			name = Localizable.strings;
			sourceTree = "<group>";
		};
		4ED32DDB1E7F809C0075BF3F /* Main.storyboard */ = {
			isa = PBXVariantGroup;
			children = (
				4ED32DDC1E7F809C0075BF3F /* Base */,
				4E13D2491E836264002E03A1 /* en */,
				4E13D24B1E8362B7002E03A1 /* vi */,
			);
			name = Main.storyboard;
			sourceTree = "<group>";
		};
		4ED32DE31E7F809C0075BF3F /* LaunchScreen.storyboard */ = {
			isa = PBXVariantGroup;
			children = (
				4ED32DE41E7F809C0075BF3F /* Base */,
				4E13D24D1E8362CA002E03A1 /* en */,
				4E13D24F1E8362D5002E03A1 /* vi */,
			);
			name = LaunchScreen.storyboard;
			sourceTree = "<group>";
		};
/* End PBXVariantGroup section */

/* Begin XCBuildConfiguration section */
		4ED32DF21E7F809C0075BF3F /* Debug */ = {
			isa = XCBuildConfiguration;
			buildSettings = {
				ALWAYS_SEARCH_USER_PATHS = NO;
				CLANG_ANALYZER_LOCALIZABILITY_NONLOCALIZED = YES;
				CLANG_ANALYZER_NONNULL = YES;
				CLANG_CXX_LANGUAGE_STANDARD = "gnu++0x";
				CLANG_CXX_LIBRARY = "libc++";
				CLANG_ENABLE_MODULES = YES;
				CLANG_ENABLE_OBJC_ARC = YES;
				CLANG_WARN_BOOL_CONVERSION = YES;
				CLANG_WARN_CONSTANT_CONVERSION = YES;
				CLANG_WARN_DIRECT_OBJC_ISA_USAGE = YES_ERROR;
				CLANG_WARN_DOCUMENTATION_COMMENTS = YES;
				CLANG_WARN_EMPTY_BODY = YES;
				CLANG_WARN_ENUM_CONVERSION = YES;
				CLANG_WARN_INFINITE_RECURSION = YES;
				CLANG_WARN_INT_CONVERSION = YES;
				CLANG_WARN_OBJC_ROOT_CLASS = YES_ERROR;
				CLANG_WARN_SUSPICIOUS_MOVE = YES;
				CLANG_WARN_UNREACHABLE_CODE = YES;
				CLANG_WARN__DUPLICATE_METHOD_MATCH = YES;
				"CODE_SIGN_IDENTITY[sdk=iphoneos*]" = "iPhone Developer";
				COPY_PHASE_STRIP = NO;
				DEBUG_INFORMATION_FORMAT = dwarf;
				ENABLE_STRICT_OBJC_MSGSEND = YES;
				ENABLE_TESTABILITY = YES;
				GCC_C_LANGUAGE_STANDARD = gnu99;
				GCC_DYNAMIC_NO_PIC = NO;
				GCC_NO_COMMON_BLOCKS = YES;
				GCC_OPTIMIZATION_LEVEL = 0;
				GCC_PREPROCESSOR_DEFINITIONS = (
					"DEBUG=1",
					"$(inherited)",
				);
				GCC_WARN_64_TO_32_BIT_CONVERSION = YES;
				GCC_WARN_ABOUT_RETURN_TYPE = YES_ERROR;
				GCC_WARN_UNDECLARED_SELECTOR = YES;
				GCC_WARN_UNINITIALIZED_AUTOS = YES_AGGRESSIVE;
				GCC_WARN_UNUSED_FUNCTION = YES;
				GCC_WARN_UNUSED_VARIABLE = YES;
				IPHONEOS_DEPLOYMENT_TARGET = 10.0;
				MTL_ENABLE_DEBUG_INFO = YES;
				ONLY_ACTIVE_ARCH = YES;
				SDKROOT = iphoneos;
				SWIFT_ACTIVE_COMPILATION_CONDITIONS = DEBUG;
				SWIFT_OPTIMIZATION_LEVEL = "-Onone";
				TARGETED_DEVICE_FAMILY = "1,2";
			};
			name = Debug;
		};
		4ED32DF31E7F809C0075BF3F /* Release */ = {
			isa = XCBuildConfiguration;
			buildSettings = {
				ALWAYS_SEARCH_USER_PATHS = NO;
				CLANG_ANALYZER_LOCALIZABILITY_NONLOCALIZED = YES;
				CLANG_ANALYZER_NONNULL = YES;
				CLANG_CXX_LANGUAGE_STANDARD = "gnu++0x";
				CLANG_CXX_LIBRARY = "libc++";
				CLANG_ENABLE_MODULES = YES;
				CLANG_ENABLE_OBJC_ARC = YES;
				CLANG_WARN_BOOL_CONVERSION = YES;
				CLANG_WARN_CONSTANT_CONVERSION = YES;
				CLANG_WARN_DIRECT_OBJC_ISA_USAGE = YES_ERROR;
				CLANG_WARN_DOCUMENTATION_COMMENTS = YES;
				CLANG_WARN_EMPTY_BODY = YES;
				CLANG_WARN_ENUM_CONVERSION = YES;
				CLANG_WARN_INFINITE_RECURSION = YES;
				CLANG_WARN_INT_CONVERSION = YES;
				CLANG_WARN_OBJC_ROOT_CLASS = YES_ERROR;
				CLANG_WARN_SUSPICIOUS_MOVE = YES;
				CLANG_WARN_UNREACHABLE_CODE = YES;
				CLANG_WARN__DUPLICATE_METHOD_MATCH = YES;
				"CODE_SIGN_IDENTITY[sdk=iphoneos*]" = "iPhone Developer";
				COPY_PHASE_STRIP = NO;
				DEBUG_INFORMATION_FORMAT = "dwarf-with-dsym";
				ENABLE_NS_ASSERTIONS = NO;
				ENABLE_STRICT_OBJC_MSGSEND = YES;
				GCC_C_LANGUAGE_STANDARD = gnu99;
				GCC_NO_COMMON_BLOCKS = YES;
				GCC_WARN_64_TO_32_BIT_CONVERSION = YES;
				GCC_WARN_ABOUT_RETURN_TYPE = YES_ERROR;
				GCC_WARN_UNDECLARED_SELECTOR = YES;
				GCC_WARN_UNINITIALIZED_AUTOS = YES_AGGRESSIVE;
				GCC_WARN_UNUSED_FUNCTION = YES;
				GCC_WARN_UNUSED_VARIABLE = YES;
				IPHONEOS_DEPLOYMENT_TARGET = 10.0;
				MTL_ENABLE_DEBUG_INFO = NO;
				SDKROOT = iphoneos;
				SWIFT_OPTIMIZATION_LEVEL = "-Owholemodule";
				TARGETED_DEVICE_FAMILY = "1,2";
				VALIDATE_PRODUCT = YES;
			};
			name = Release;
		};
		4ED32DF51E7F809C0075BF3F /* Debug */ = {
			isa = XCBuildConfiguration;
			baseConfigurationReference = 63481EF2B4BF94E4C4BA930C /* Pods-PPCApp.debug.xcconfig */;
			buildSettings = {
				ALWAYS_EMBED_SWIFT_STANDARD_LIBRARIES = YES;
				ASSETCATALOG_COMPILER_APPICON_NAME = AppIcon;
				"CODE_SIGN_IDENTITY[sdk=iphoneos*]" = "iPhone Developer";
				DEVELOPMENT_TEAM = FE5FXN233L;
				INFOPLIST_FILE = PPCApp/Info.plist;
				IPHONEOS_DEPLOYMENT_TARGET = 9.0;
				LD_RUNPATH_SEARCH_PATHS = "$(inherited) @executable_path/Frameworks";
				PRODUCT_BUNDLE_IDENTIFIER = com.HBBS.PPCApp;
				PRODUCT_NAME = "$(TARGET_NAME)";
				PROVISIONING_PROFILE_SPECIFIER = "";
				SWIFT_VERSION = 3.0;
				TARGETED_DEVICE_FAMILY = 1;
			};
			name = Debug;
		};
		4ED32DF61E7F809C0075BF3F /* Release */ = {
			isa = XCBuildConfiguration;
			baseConfigurationReference = C14D28E8AEF7AAEA4C41A0E4 /* Pods-PPCApp.release.xcconfig */;
			buildSettings = {
				ALWAYS_EMBED_SWIFT_STANDARD_LIBRARIES = YES;
				ASSETCATALOG_COMPILER_APPICON_NAME = AppIcon;
				"CODE_SIGN_IDENTITY[sdk=iphoneos*]" = "iPhone Developer";
				DEVELOPMENT_TEAM = FE5FXN233L;
				GCC_OPTIMIZATION_LEVEL = 0;
				INFOPLIST_FILE = PPCApp/Info.plist;
				IPHONEOS_DEPLOYMENT_TARGET = 9.0;
				LD_RUNPATH_SEARCH_PATHS = "$(inherited) @executable_path/Frameworks";
				PRODUCT_BUNDLE_IDENTIFIER = com.HBBS.PPCApp;
				PRODUCT_NAME = "$(TARGET_NAME)";
				PROVISIONING_PROFILE_SPECIFIER = "";
				SWIFT_VERSION = 3.0;
				TARGETED_DEVICE_FAMILY = 1;
			};
			name = Release;
		};
		4ED32DF81E7F809C0075BF3F /* Debug */ = {
			isa = XCBuildConfiguration;
			baseConfigurationReference = 7F8229B89E27EB125E266AEC /* Pods-PPCAppTests.debug.xcconfig */;
			buildSettings = {
				ALWAYS_EMBED_SWIFT_STANDARD_LIBRARIES = YES;
				BUNDLE_LOADER = "$(TEST_HOST)";
				DEVELOPMENT_TEAM = FE5FXN233L;
				INFOPLIST_FILE = PPCAppTests/Info.plist;
				LD_RUNPATH_SEARCH_PATHS = "$(inherited) @executable_path/Frameworks @loader_path/Frameworks";
				PRODUCT_BUNDLE_IDENTIFIER = duyduong.PPCAppTests;
				PRODUCT_NAME = "$(TARGET_NAME)";
				SWIFT_VERSION = 3.0;
				TEST_HOST = "$(BUILT_PRODUCTS_DIR)/PPCApp.app/PPCApp";
			};
			name = Debug;
		};
		4ED32DF91E7F809C0075BF3F /* Release */ = {
			isa = XCBuildConfiguration;
			baseConfigurationReference = 2DE0FCB6F5347FFE291379D4 /* Pods-PPCAppTests.release.xcconfig */;
			buildSettings = {
				ALWAYS_EMBED_SWIFT_STANDARD_LIBRARIES = YES;
				BUNDLE_LOADER = "$(TEST_HOST)";
				DEVELOPMENT_TEAM = FE5FXN233L;
				INFOPLIST_FILE = PPCAppTests/Info.plist;
				LD_RUNPATH_SEARCH_PATHS = "$(inherited) @executable_path/Frameworks @loader_path/Frameworks";
				PRODUCT_BUNDLE_IDENTIFIER = duyduong.PPCAppTests;
				PRODUCT_NAME = "$(TARGET_NAME)";
				SWIFT_VERSION = 3.0;
				TEST_HOST = "$(BUILT_PRODUCTS_DIR)/PPCApp.app/PPCApp";
			};
			name = Release;
		};
/* End XCBuildConfiguration section */

/* Begin XCConfigurationList section */
		4ED32DCF1E7F809C0075BF3F /* Build configuration list for PBXProject "PPCApp" */ = {
			isa = XCConfigurationList;
			buildConfigurations = (
				4ED32DF21E7F809C0075BF3F /* Debug */,
				4ED32DF31E7F809C0075BF3F /* Release */,
			);
			defaultConfigurationIsVisible = 0;
			defaultConfigurationName = Release;
		};
		4ED32DF41E7F809C0075BF3F /* Build configuration list for PBXNativeTarget "PPCApp" */ = {
			isa = XCConfigurationList;
			buildConfigurations = (
				4ED32DF51E7F809C0075BF3F /* Debug */,
				4ED32DF61E7F809C0075BF3F /* Release */,
			);
			defaultConfigurationIsVisible = 0;
			defaultConfigurationName = Release;
		};
		4ED32DF71E7F809C0075BF3F /* Build configuration list for PBXNativeTarget "PPCAppTests" */ = {
			isa = XCConfigurationList;
			buildConfigurations = (
				4ED32DF81E7F809C0075BF3F /* Debug */,
				4ED32DF91E7F809C0075BF3F /* Release */,
			);
			defaultConfigurationIsVisible = 0;
			defaultConfigurationName = Release;
		};
/* End XCConfigurationList section */

/* Begin XCVersionGroup section */
		4ED32DDE1E7F809C0075BF3F /* PPCApp.xcdatamodeld */ = {
			isa = XCVersionGroup;
			children = (
				4ED32DDF1E7F809C0075BF3F /* PPCApp.xcdatamodel */,
			);
			currentVersion = 4ED32DDF1E7F809C0075BF3F /* PPCApp.xcdatamodel */;
			path = PPCApp.xcdatamodeld;
			sourceTree = "<group>";
			versionGroupType = wrapper.xcdatamodel;
		};
/* End XCVersionGroup section */
	};
	rootObject = 4ED32DCC1E7F809C0075BF3F /* Project object */;
}
