// !$*UTF8*$!
{
	archiveVersion = 1;
	classes = {
	};
	objectVersion = 46;
	objects = {

/* Begin PBXBuildFile section */
		0314F0BE1E8A019400A4E15D /* TermsVC.swift in Sources */ = {isa = PBXBuildFile; fileRef = 0314F0BD1E8A019400A4E15D /* TermsVC.swift */; };
		0314F0C31E8A033800A4E15D /* RecruitmentVC.swift in Sources */ = {isa = PBXBuildFile; fileRef = 0314F0C21E8A033800A4E15D /* RecruitmentVC.swift */; };
		0314F0C51E8A036000A4E15D /* RecruitmentVC.xib in Resources */ = {isa = PBXBuildFile; fileRef = 0314F0C41E8A036000A4E15D /* RecruitmentVC.xib */; };
		0314F0C81E8A047E00A4E15D /* IntroductionVC.swift in Sources */ = {isa = PBXBuildFile; fileRef = 0314F0C71E8A047E00A4E15D /* IntroductionVC.swift */; };
		0314F0CA1E8A04B900A4E15D /* IntroductionVC.xib in Resources */ = {isa = PBXBuildFile; fileRef = 0314F0C91E8A04B900A4E15D /* IntroductionVC.xib */; };
		0314F0CD1E8A050900A4E15D /* PartnersVC.swift in Sources */ = {isa = PBXBuildFile; fileRef = 0314F0CC1E8A050900A4E15D /* PartnersVC.swift */; };
		0314F0CF1E8A053100A4E15D /* PartnersVC.xib in Resources */ = {isa = PBXBuildFile; fileRef = 0314F0CE1E8A053100A4E15D /* PartnersVC.xib */; };
		031F5F2B1E8A475000CBE3C6 /* TermsVC.xib in Resources */ = {isa = PBXBuildFile; fileRef = 031F5F2D1E8A475000CBE3C6 /* TermsVC.xib */; };
		0322FDD71E88FBAB009B589B /* MoreCell.xib in Resources */ = {isa = PBXBuildFile; fileRef = 0322FDD61E88FBAB009B589B /* MoreCell.xib */; };
		0322FDD91E88FDA5009B589B /* MoreCell.swift in Sources */ = {isa = PBXBuildFile; fileRef = 0322FDD81E88FDA5009B589B /* MoreCell.swift */; };
		0322FDDB1E89069A009B589B /* MoreDataModel.swift in Sources */ = {isa = PBXBuildFile; fileRef = 0322FDDA1E89069A009B589B /* MoreDataModel.swift */; };
		0323E1C91E83702000E6300F /* NewDataModel.swift in Sources */ = {isa = PBXBuildFile; fileRef = 0323E1C81E83702000E6300F /* NewDataModel.swift */; };
		0323E1CF1E83B70B00E6300F /* NewCell.xib in Resources */ = {isa = PBXBuildFile; fileRef = 0323E1CE1E83B70B00E6300F /* NewCell.xib */; };
		0323E1D11E83BAF600E6300F /* NewCell.swift in Sources */ = {isa = PBXBuildFile; fileRef = 0323E1D01E83BAF600E6300F /* NewCell.swift */; };
		039A054F1E8A6B3200002290 /* PartnersCell.xib in Resources */ = {isa = PBXBuildFile; fileRef = 039A054E1E8A6B3200002290 /* PartnersCell.xib */; };
		03A9EA9E1E8B8FD500EE1150 /* PartnersService.swift in Sources */ = {isa = PBXBuildFile; fileRef = 03A9EA9D1E8B8FD500EE1150 /* PartnersService.swift */; };
		03DFAED21E8917670051F37F /* MoreService.swift in Sources */ = {isa = PBXBuildFile; fileRef = 03DFAED11E8917670051F37F /* MoreService.swift */; };
		03EF40301E836F7000D14F0D /* NewService.swift in Sources */ = {isa = PBXBuildFile; fileRef = 03EF402F1E836F7000D14F0D /* NewService.swift */; };
		4E0414111E8B9FBF00458B0A /* PostDetailInfoView.swift in Sources */ = {isa = PBXBuildFile; fileRef = 4E0414101E8B9FBF00458B0A /* PostDetailInfoView.swift */; };
		03FDC76A1E8B4FBF001A2CD7 /* PartnersCell.swift in Sources */ = {isa = PBXBuildFile; fileRef = 03FDC7691E8B4FBF001A2CD7 /* PartnersCell.swift */; };
		03FDC76D1E8B5244001A2CD7 /* PartnersDataModel.swift in Sources */ = {isa = PBXBuildFile; fileRef = 03FDC76C1E8B5244001A2CD7 /* PartnersDataModel.swift */; };
		4E13D22E1E836035002E03A1 /* APIService.swift in Sources */ = {isa = PBXBuildFile; fileRef = 4E13D22C1E836035002E03A1 /* APIService.swift */; };
		4E13D22F1E836035002E03A1 /* PostService.swift in Sources */ = {isa = PBXBuildFile; fileRef = 4E13D22D1E836035002E03A1 /* PostService.swift */; };
		4E13D2321E836059002E03A1 /* LanguageManager.swift in Sources */ = {isa = PBXBuildFile; fileRef = 4E13D2311E836059002E03A1 /* LanguageManager.swift */; };
		4E13D2431E83621C002E03A1 /* Localizable.strings in Resources */ = {isa = PBXBuildFile; fileRef = 4E13D2451E83621C002E03A1 /* Localizable.strings */; };
		4E13D2511E8365B3002E03A1 /* Extensions.swift in Sources */ = {isa = PBXBuildFile; fileRef = 4E13D2501E8365B3002E03A1 /* Extensions.swift */; };
		4E13D2541E836BC1002E03A1 /* MoreVC.swift in Sources */ = {isa = PBXBuildFile; fileRef = 4E13D2521E836BC1002E03A1 /* MoreVC.swift */; };
		4E13D2551E836BC1002E03A1 /* MoreVC.xib in Resources */ = {isa = PBXBuildFile; fileRef = 4E13D2531E836BC1002E03A1 /* MoreVC.xib */; };
		4E13D2581E836BDC002E03A1 /* NewsVC.swift in Sources */ = {isa = PBXBuildFile; fileRef = 4E13D2561E836BDC002E03A1 /* NewsVC.swift */; };
		4E13D2591E836BDC002E03A1 /* NewsVC.xib in Resources */ = {isa = PBXBuildFile; fileRef = 4E13D2571E836BDC002E03A1 /* NewsVC.xib */; };
		4E13D25B1E837E7A002E03A1 /* HomeCell.swift in Sources */ = {isa = PBXBuildFile; fileRef = 4E13D25A1E837E7A002E03A1 /* HomeCell.swift */; };
		4E13D25E1E8382E9002E03A1 /* PostCell.swift in Sources */ = {isa = PBXBuildFile; fileRef = 4E13D25D1E8382E9002E03A1 /* PostCell.swift */; };
		4E13D2601E83B742002E03A1 /* PostDetailVC.swift in Sources */ = {isa = PBXBuildFile; fileRef = 4E13D25F1E83B742002E03A1 /* PostDetailVC.swift */; };
		4E13D2621E83BCED002E03A1 /* FilterVC.swift in Sources */ = {isa = PBXBuildFile; fileRef = 4E13D2611E83BCED002E03A1 /* FilterVC.swift */; };
		4ED32DD81E7F809C0075BF3F /* AppDelegate.swift in Sources */ = {isa = PBXBuildFile; fileRef = 4ED32DD71E7F809C0075BF3F /* AppDelegate.swift */; };
		4ED32DDD1E7F809C0075BF3F /* Main.storyboard in Resources */ = {isa = PBXBuildFile; fileRef = 4ED32DDB1E7F809C0075BF3F /* Main.storyboard */; };
		4ED32DE01E7F809C0075BF3F /* PPCApp.xcdatamodeld in Sources */ = {isa = PBXBuildFile; fileRef = 4ED32DDE1E7F809C0075BF3F /* PPCApp.xcdatamodeld */; };
		4ED32DE21E7F809C0075BF3F /* Assets.xcassets in Resources */ = {isa = PBXBuildFile; fileRef = 4ED32DE11E7F809C0075BF3F /* Assets.xcassets */; };
		4ED32DE51E7F809C0075BF3F /* LaunchScreen.storyboard in Resources */ = {isa = PBXBuildFile; fileRef = 4ED32DE31E7F809C0075BF3F /* LaunchScreen.storyboard */; };
		4ED32DF01E7F809C0075BF3F /* PPCAppTests.swift in Sources */ = {isa = PBXBuildFile; fileRef = 4ED32DEF1E7F809C0075BF3F /* PPCAppTests.swift */; };
		4ED32E041E7FBC600075BF3F /* MainTabVC.swift in Sources */ = {isa = PBXBuildFile; fileRef = 4ED32E031E7FBC600075BF3F /* MainTabVC.swift */; };
		4ED32E0A1E7FBCAE0075BF3F /* HomeVC.swift in Sources */ = {isa = PBXBuildFile; fileRef = 4ED32E091E7FBCAE0075BF3F /* HomeVC.swift */; };
		4ED32E0C1E7FBCBF0075BF3F /* PostVC.swift in Sources */ = {isa = PBXBuildFile; fileRef = 4ED32E0B1E7FBCBF0075BF3F /* PostVC.swift */; };
		4ED32E121E7FC38F0075BF3F /* BaseVC.swift in Sources */ = {isa = PBXBuildFile; fileRef = 4ED32E111E7FC38F0075BF3F /* BaseVC.swift */; };
		4EFAD3B01E8A636900D14919 /* SearchVC.swift in Sources */ = {isa = PBXBuildFile; fileRef = 4EFAD3AF1E8A636900D14919 /* SearchVC.swift */; };
		75048553B0E176D8E9E727B9 /* Pods_PPCApp.framework in Frameworks */ = {isa = PBXBuildFile; fileRef = 25EEFB10212C2556A9870E92 /* Pods_PPCApp.framework */; };
		FACC84D0C2BD28A811DAC99C /* Pods_PPCAppTests.framework in Frameworks */ = {isa = PBXBuildFile; fileRef = 31FD0D050E0182ED9B44A883 /* Pods_PPCAppTests.framework */; };
/* End PBXBuildFile section */

/* Begin PBXContainerItemProxy section */
		4ED32DEC1E7F809C0075BF3F /* PBXContainerItemProxy */ = {
			isa = PBXContainerItemProxy;
			containerPortal = 4ED32DCC1E7F809C0075BF3F /* Project object */;
			proxyType = 1;
			remoteGlobalIDString = 4ED32DD31E7F809C0075BF3F;
			remoteInfo = PPCApp;
		};
/* End PBXContainerItemProxy section */

/* Begin PBXFileReference section */
		0314F0BD1E8A019400A4E15D /* TermsVC.swift */ = {isa = PBXFileReference; fileEncoding = 4; lastKnownFileType = sourcecode.swift; path = TermsVC.swift; sourceTree = "<group>"; };
		0314F0C21E8A033800A4E15D /* RecruitmentVC.swift */ = {isa = PBXFileReference; fileEncoding = 4; lastKnownFileType = sourcecode.swift; path = RecruitmentVC.swift; sourceTree = "<group>"; };
		0314F0C41E8A036000A4E15D /* RecruitmentVC.xib */ = {isa = PBXFileReference; fileEncoding = 4; lastKnownFileType = file.xib; path = RecruitmentVC.xib; sourceTree = "<group>"; };
		0314F0C71E8A047E00A4E15D /* IntroductionVC.swift */ = {isa = PBXFileReference; fileEncoding = 4; lastKnownFileType = sourcecode.swift; path = IntroductionVC.swift; sourceTree = "<group>"; };
		0314F0C91E8A04B900A4E15D /* IntroductionVC.xib */ = {isa = PBXFileReference; fileEncoding = 4; lastKnownFileType = file.xib; path = IntroductionVC.xib; sourceTree = "<group>"; };
		0314F0CC1E8A050900A4E15D /* PartnersVC.swift */ = {isa = PBXFileReference; fileEncoding = 4; lastKnownFileType = sourcecode.swift; path = PartnersVC.swift; sourceTree = "<group>"; };
		0314F0CE1E8A053100A4E15D /* PartnersVC.xib */ = {isa = PBXFileReference; fileEncoding = 4; lastKnownFileType = file.xib; path = PartnersVC.xib; sourceTree = "<group>"; };
		031F5F2C1E8A475000CBE3C6 /* Base */ = {isa = PBXFileReference; lastKnownFileType = file.xib; name = Base; path = Base.lproj/TermsVC.xib; sourceTree = "<group>"; };
		031F5F2F1E8A475400CBE3C6 /* en */ = {isa = PBXFileReference; lastKnownFileType = text.plist.strings; name = en; path = en.lproj/TermsVC.strings; sourceTree = "<group>"; };
		031F5F311E8A475700CBE3C6 /* vi */ = {isa = PBXFileReference; lastKnownFileType = text.plist.strings; name = vi; path = vi.lproj/TermsVC.strings; sourceTree = "<group>"; };
		0322FDD61E88FBAB009B589B /* MoreCell.xib */ = {isa = PBXFileReference; fileEncoding = 4; lastKnownFileType = file.xib; name = MoreCell.xib; path = ../../Controller/More/MoreCell.xib; sourceTree = "<group>"; };
		0322FDD81E88FDA5009B589B /* MoreCell.swift */ = {isa = PBXFileReference; fileEncoding = 4; lastKnownFileType = sourcecode.swift; name = MoreCell.swift; path = ../../Controller/More/MoreCell.swift; sourceTree = "<group>"; };
		0322FDDA1E89069A009B589B /* MoreDataModel.swift */ = {isa = PBXFileReference; fileEncoding = 4; lastKnownFileType = sourcecode.swift; name = MoreDataModel.swift; path = PPCApp/Controller/More/MoreDataModel.swift; sourceTree = SOURCE_ROOT; };
		0323E1C81E83702000E6300F /* NewDataModel.swift */ = {isa = PBXFileReference; fileEncoding = 4; lastKnownFileType = sourcecode.swift; name = NewDataModel.swift; path = PPCApp/AppService/NewDataModel.swift; sourceTree = SOURCE_ROOT; };
		0323E1CE1E83B70B00E6300F /* NewCell.xib */ = {isa = PBXFileReference; fileEncoding = 4; lastKnownFileType = file.xib; name = NewCell.xib; path = ../../Controller/News/NewCell.xib; sourceTree = "<group>"; };
		0323E1D01E83BAF600E6300F /* NewCell.swift */ = {isa = PBXFileReference; fileEncoding = 4; lastKnownFileType = sourcecode.swift; name = NewCell.swift; path = ../../Controller/News/NewCell.swift; sourceTree = "<group>"; };
		039A054E1E8A6B3200002290 /* PartnersCell.xib */ = {isa = PBXFileReference; fileEncoding = 4; lastKnownFileType = file.xib; name = PartnersCell.xib; path = ../../Controller/More/PartnersCell.xib; sourceTree = "<group>"; };
		03A9EA9D1E8B8FD500EE1150 /* PartnersService.swift */ = {isa = PBXFileReference; fileEncoding = 4; lastKnownFileType = sourcecode.swift; path = PartnersService.swift; sourceTree = "<group>"; };
		03DFAED11E8917670051F37F /* MoreService.swift */ = {isa = PBXFileReference; fileEncoding = 4; lastKnownFileType = sourcecode.swift; path = MoreService.swift; sourceTree = "<group>"; };
		03EF402F1E836F7000D14F0D /* NewService.swift */ = {isa = PBXFileReference; fileEncoding = 4; lastKnownFileType = sourcecode.swift; path = NewService.swift; sourceTree = "<group>"; };
		03FDC7691E8B4FBF001A2CD7 /* PartnersCell.swift */ = {isa = PBXFileReference; fileEncoding = 4; lastKnownFileType = sourcecode.swift; path = PartnersCell.swift; sourceTree = "<group>"; };
		03FDC76C1E8B5244001A2CD7 /* PartnersDataModel.swift */ = {isa = PBXFileReference; fileEncoding = 4; lastKnownFileType = sourcecode.swift; path = PartnersDataModel.swift; sourceTree = SOURCE_ROOT; };
		25EEFB10212C2556A9870E92 /* Pods_PPCApp.framework */ = {isa = PBXFileReference; explicitFileType = wrapper.framework; includeInIndex = 0; path = Pods_PPCApp.framework; sourceTree = BUILT_PRODUCTS_DIR; };
		2DE0FCB6F5347FFE291379D4 /* Pods-PPCAppTests.release.xcconfig */ = {isa = PBXFileReference; includeInIndex = 1; lastKnownFileType = text.xcconfig; name = "Pods-PPCAppTests.release.xcconfig"; path = "Pods/Target Support Files/Pods-PPCAppTests/Pods-PPCAppTests.release.xcconfig"; sourceTree = "<group>"; };
		31FD0D050E0182ED9B44A883 /* Pods_PPCAppTests.framework */ = {isa = PBXFileReference; explicitFileType = wrapper.framework; includeInIndex = 0; path = Pods_PPCAppTests.framework; sourceTree = BUILT_PRODUCTS_DIR; };
		4E0414101E8B9FBF00458B0A /* PostDetailInfoView.swift */ = {isa = PBXFileReference; fileEncoding = 4; lastKnownFileType = sourcecode.swift; path = PostDetailInfoView.swift; sourceTree = "<group>"; };
		4E13D22C1E836035002E03A1 /* APIService.swift */ = {isa = PBXFileReference; fileEncoding = 4; lastKnownFileType = sourcecode.swift; path = APIService.swift; sourceTree = "<group>"; };
		4E13D22D1E836035002E03A1 /* PostService.swift */ = {isa = PBXFileReference; fileEncoding = 4; lastKnownFileType = sourcecode.swift; path = PostService.swift; sourceTree = "<group>"; };
		4E13D2311E836059002E03A1 /* LanguageManager.swift */ = {isa = PBXFileReference; fileEncoding = 4; lastKnownFileType = sourcecode.swift; path = LanguageManager.swift; sourceTree = "<group>"; };
		4E13D2441E83621C002E03A1 /* Base */ = {isa = PBXFileReference; lastKnownFileType = text.plist.strings; name = Base; path = Base.lproj/Localizable.strings; sourceTree = "<group>"; };
		4E13D2461E83621F002E03A1 /* en */ = {isa = PBXFileReference; lastKnownFileType = text.plist.strings; name = en; path = en.lproj/Localizable.strings; sourceTree = "<group>"; };
		4E13D2471E836220002E03A1 /* vi */ = {isa = PBXFileReference; lastKnownFileType = text.plist.strings; name = vi; path = vi.lproj/Localizable.strings; sourceTree = "<group>"; };
		4E13D2491E836264002E03A1 /* en */ = {isa = PBXFileReference; lastKnownFileType = text.plist.strings; name = en; path = en.lproj/Main.strings; sourceTree = "<group>"; };
		4E13D24B1E8362B7002E03A1 /* vi */ = {isa = PBXFileReference; lastKnownFileType = text.plist.strings; name = vi; path = vi.lproj/Main.strings; sourceTree = "<group>"; };
		4E13D24D1E8362CA002E03A1 /* en */ = {isa = PBXFileReference; lastKnownFileType = text.plist.strings; name = en; path = en.lproj/LaunchScreen.strings; sourceTree = "<group>"; };
		4E13D24F1E8362D5002E03A1 /* vi */ = {isa = PBXFileReference; lastKnownFileType = text.plist.strings; name = vi; path = vi.lproj/LaunchScreen.strings; sourceTree = "<group>"; };
		4E13D2501E8365B3002E03A1 /* Extensions.swift */ = {isa = PBXFileReference; fileEncoding = 4; lastKnownFileType = sourcecode.swift; path = Extensions.swift; sourceTree = "<group>"; };
		4E13D2521E836BC1002E03A1 /* MoreVC.swift */ = {isa = PBXFileReference; fileEncoding = 4; lastKnownFileType = sourcecode.swift; path = MoreVC.swift; sourceTree = "<group>"; };
		4E13D2531E836BC1002E03A1 /* MoreVC.xib */ = {isa = PBXFileReference; fileEncoding = 4; lastKnownFileType = file.xib; path = MoreVC.xib; sourceTree = "<group>"; };
		4E13D2561E836BDC002E03A1 /* NewsVC.swift */ = {isa = PBXFileReference; fileEncoding = 4; lastKnownFileType = sourcecode.swift; path = NewsVC.swift; sourceTree = "<group>"; };
		4E13D2571E836BDC002E03A1 /* NewsVC.xib */ = {isa = PBXFileReference; fileEncoding = 4; lastKnownFileType = file.xib; path = NewsVC.xib; sourceTree = "<group>"; };
		4E13D25A1E837E7A002E03A1 /* HomeCell.swift */ = {isa = PBXFileReference; fileEncoding = 4; lastKnownFileType = sourcecode.swift; name = HomeCell.swift; path = ../HomeCell.swift; sourceTree = "<group>"; };
		4E13D25D1E8382E9002E03A1 /* PostCell.swift */ = {isa = PBXFileReference; fileEncoding = 4; lastKnownFileType = sourcecode.swift; path = PostCell.swift; sourceTree = "<group>"; };
		4E13D25F1E83B742002E03A1 /* PostDetailVC.swift */ = {isa = PBXFileReference; fileEncoding = 4; lastKnownFileType = sourcecode.swift; path = PostDetailVC.swift; sourceTree = "<group>"; };
		4E13D2611E83BCED002E03A1 /* FilterVC.swift */ = {isa = PBXFileReference; fileEncoding = 4; lastKnownFileType = sourcecode.swift; path = FilterVC.swift; sourceTree = "<group>"; };
		4ED32DD41E7F809C0075BF3F /* PPCApp.app */ = {isa = PBXFileReference; explicitFileType = wrapper.application; includeInIndex = 0; path = PPCApp.app; sourceTree = BUILT_PRODUCTS_DIR; };
		4ED32DD71E7F809C0075BF3F /* AppDelegate.swift */ = {isa = PBXFileReference; lastKnownFileType = sourcecode.swift; path = AppDelegate.swift; sourceTree = "<group>"; };
		4ED32DDC1E7F809C0075BF3F /* Base */ = {isa = PBXFileReference; lastKnownFileType = file.storyboard; name = Base; path = Base.lproj/Main.storyboard; sourceTree = "<group>"; };
		4ED32DDF1E7F809C0075BF3F /* PPCApp.xcdatamodel */ = {isa = PBXFileReference; lastKnownFileType = wrapper.xcdatamodel; path = PPCApp.xcdatamodel; sourceTree = "<group>"; };
		4ED32DE11E7F809C0075BF3F /* Assets.xcassets */ = {isa = PBXFileReference; lastKnownFileType = folder.assetcatalog; path = Assets.xcassets; sourceTree = "<group>"; };
		4ED32DE41E7F809C0075BF3F /* Base */ = {isa = PBXFileReference; lastKnownFileType = file.storyboard; name = Base; path = Base.lproj/LaunchScreen.storyboard; sourceTree = "<group>"; };
		4ED32DE61E7F809C0075BF3F /* Info.plist */ = {isa = PBXFileReference; lastKnownFileType = text.plist.xml; path = Info.plist; sourceTree = "<group>"; };
		4ED32DEB1E7F809C0075BF3F /* PPCAppTests.xctest */ = {isa = PBXFileReference; explicitFileType = wrapper.cfbundle; includeInIndex = 0; path = PPCAppTests.xctest; sourceTree = BUILT_PRODUCTS_DIR; };
		4ED32DEF1E7F809C0075BF3F /* PPCAppTests.swift */ = {isa = PBXFileReference; lastKnownFileType = sourcecode.swift; path = PPCAppTests.swift; sourceTree = "<group>"; };
		4ED32DF11E7F809C0075BF3F /* Info.plist */ = {isa = PBXFileReference; lastKnownFileType = text.plist.xml; path = Info.plist; sourceTree = "<group>"; };
		4ED32E031E7FBC600075BF3F /* MainTabVC.swift */ = {isa = PBXFileReference; fileEncoding = 4; lastKnownFileType = sourcecode.swift; path = MainTabVC.swift; sourceTree = "<group>"; };
		4ED32E091E7FBCAE0075BF3F /* HomeVC.swift */ = {isa = PBXFileReference; fileEncoding = 4; lastKnownFileType = sourcecode.swift; path = HomeVC.swift; sourceTree = "<group>"; };
		4ED32E0B1E7FBCBF0075BF3F /* PostVC.swift */ = {isa = PBXFileReference; fileEncoding = 4; lastKnownFileType = sourcecode.swift; path = PostVC.swift; sourceTree = "<group>"; };
		4ED32E111E7FC38F0075BF3F /* BaseVC.swift */ = {isa = PBXFileReference; fileEncoding = 4; lastKnownFileType = sourcecode.swift; path = BaseVC.swift; sourceTree = "<group>"; };
		4EFAD3AF1E8A636900D14919 /* SearchVC.swift */ = {isa = PBXFileReference; fileEncoding = 4; lastKnownFileType = sourcecode.swift; path = SearchVC.swift; sourceTree = "<group>"; };
		63481EF2B4BF94E4C4BA930C /* Pods-PPCApp.debug.xcconfig */ = {isa = PBXFileReference; includeInIndex = 1; lastKnownFileType = text.xcconfig; name = "Pods-PPCApp.debug.xcconfig"; path = "Pods/Target Support Files/Pods-PPCApp/Pods-PPCApp.debug.xcconfig"; sourceTree = "<group>"; };
		7F8229B89E27EB125E266AEC /* Pods-PPCAppTests.debug.xcconfig */ = {isa = PBXFileReference; includeInIndex = 1; lastKnownFileType = text.xcconfig; name = "Pods-PPCAppTests.debug.xcconfig"; path = "Pods/Target Support Files/Pods-PPCAppTests/Pods-PPCAppTests.debug.xcconfig"; sourceTree = "<group>"; };
		C14D28E8AEF7AAEA4C41A0E4 /* Pods-PPCApp.release.xcconfig */ = {isa = PBXFileReference; includeInIndex = 1; lastKnownFileType = text.xcconfig; name = "Pods-PPCApp.release.xcconfig"; path = "Pods/Target Support Files/Pods-PPCApp/Pods-PPCApp.release.xcconfig"; sourceTree = "<group>"; };
/* End PBXFileReference section */

/* Begin PBXFrameworksBuildPhase section */
		4ED32DD11E7F809C0075BF3F /* Frameworks */ = {
			isa = PBXFrameworksBuildPhase;
			buildActionMask = 2147483647;
			files = (
				75048553B0E176D8E9E727B9 /* Pods_PPCApp.framework in Frameworks */,
			);
			runOnlyForDeploymentPostprocessing = 0;
		};
		4ED32DE81E7F809C0075BF3F /* Frameworks */ = {
			isa = PBXFrameworksBuildPhase;
			buildActionMask = 2147483647;
			files = (
				FACC84D0C2BD28A811DAC99C /* Pods_PPCAppTests.framework in Frameworks */,
			);
			runOnlyForDeploymentPostprocessing = 0;
		};
/* End PBXFrameworksBuildPhase section */

/* Begin PBXGroup section */
		0314F0BC1E8A017400A4E15D /* Terms */ = {
			isa = PBXGroup;
			children = (
				0314F0BD1E8A019400A4E15D /* TermsVC.swift */,
				031F5F2D1E8A475000CBE3C6 /* TermsVC.xib */,
			);
			name = Terms;
			sourceTree = "<group>";
		};
		0314F0C11E8A031500A4E15D /* Recruitment */ = {
			isa = PBXGroup;
			children = (
				0314F0C21E8A033800A4E15D /* RecruitmentVC.swift */,
				0314F0C41E8A036000A4E15D /* RecruitmentVC.xib */,
			);
			name = Recruitment;
			sourceTree = "<group>";
		};
		0314F0C61E8A041600A4E15D /* Introduction */ = {
			isa = PBXGroup;
			children = (
				0314F0C71E8A047E00A4E15D /* IntroductionVC.swift */,
				0314F0C91E8A04B900A4E15D /* IntroductionVC.xib */,
			);
			name = Introduction;
			sourceTree = "<group>";
		};
		0314F0CB1E8A04F600A4E15D /* Partners */ = {
			isa = PBXGroup;
			children = (
				0314F0CC1E8A050900A4E15D /* PartnersVC.swift */,
				0314F0CE1E8A053100A4E15D /* PartnersVC.xib */,
			);
			name = Partners;
			sourceTree = "<group>";
		};
		4E04140F1E8B9C0800458B0A /* CustomView */ = {
			isa = PBXGroup;
			children = (
				4E0414101E8B9FBF00458B0A /* PostDetailInfoView.swift */,
			);
			path = CustomView;
		03A9EA9B1E8B8FAE00EE1150 /* More */ = {
			isa = PBXGroup;
			children = (
				03A9EA9C1E8B8FBA00EE1150 /* Partners */,
				03DFAED11E8917670051F37F /* MoreService.swift */,
			);
			name = More;
			sourceTree = "<group>";
		};
		03A9EA9C1E8B8FBA00EE1150 /* Partners */ = {
			isa = PBXGroup;
			children = (
				03A9EA9D1E8B8FD500EE1150 /* PartnersService.swift */,
			);
			name = Partners;
			sourceTree = "<group>";
		};
		03FDC76B1E8B51D0001A2CD7 /* More */ = {
			isa = PBXGroup;
			children = (
				03FDC7701E8B5352001A2CD7 /* Partners */,
				0322FDDA1E89069A009B589B /* MoreDataModel.swift */,
			);
			name = More;
			sourceTree = "<group>";
		};
		03FDC76E1E8B5263001A2CD7 /* More */ = {
			isa = PBXGroup;
			children = (
				03FDC76F1E8B52C9001A2CD7 /* Partners */,
				0322FDD61E88FBAB009B589B /* MoreCell.xib */,
				0322FDD81E88FDA5009B589B /* MoreCell.swift */,
			);
			name = More;
			sourceTree = "<group>";
		};
		03FDC76F1E8B52C9001A2CD7 /* Partners */ = {
			isa = PBXGroup;
			children = (
				039A054E1E8A6B3200002290 /* PartnersCell.xib */,
				03FDC7691E8B4FBF001A2CD7 /* PartnersCell.swift */,
			);
			name = Partners;
			sourceTree = "<group>";
		};
		03FDC7701E8B5352001A2CD7 /* Partners */ = {
			isa = PBXGroup;
			children = (
				03FDC76C1E8B5244001A2CD7 /* PartnersDataModel.swift */,
			);
			name = Partners;
			sourceTree = "<group>";
		};
		4E13D22B1E836035002E03A1 /* AppService */ = {
			isa = PBXGroup;
			children = (
				03A9EA9B1E8B8FAE00EE1150 /* More */,
				4E13D22C1E836035002E03A1 /* APIService.swift */,
				4E13D22D1E836035002E03A1 /* PostService.swift */,
				03EF402F1E836F7000D14F0D /* NewService.swift */,
			);
			path = AppService;
			sourceTree = "<group>";
		};
		4E13D2301E836059002E03A1 /* Helpers */ = {
			isa = PBXGroup;
			children = (
				4E13D2311E836059002E03A1 /* LanguageManager.swift */,
				4E13D2501E8365B3002E03A1 /* Extensions.swift */,
			);
			path = Helpers;
			sourceTree = "<group>";
		};
		4E13D25C1E837EC1002E03A1 /* Cell */ = {
			isa = PBXGroup;
			children = (
				03FDC76E1E8B5263001A2CD7 /* More */,
				4E13D25A1E837E7A002E03A1 /* HomeCell.swift */,
				4E13D25D1E8382E9002E03A1 /* PostCell.swift */,
				0323E1CE1E83B70B00E6300F /* NewCell.xib */,
				0323E1D01E83BAF600E6300F /* NewCell.swift */,
			);
			path = Cell;
			sourceTree = "<group>";
		};
		4E4DD76B1E8217A100C0CD9B /* View */ = {
			isa = PBXGroup;
			children = (
				4E04140F1E8B9C0800458B0A /* CustomView */,
				4E13D25C1E837EC1002E03A1 /* Cell */,
			);
			path = View;
			sourceTree = "<group>";
		};
		4E4DD76F1E82184800C0CD9B /* Models */ = {
			isa = PBXGroup;
			children = (
				03FDC76B1E8B51D0001A2CD7 /* More */,
				0323E1C81E83702000E6300F /* NewDataModel.swift */,
			);
			path = Models;
			sourceTree = "<group>";
		};
		4ED32DCB1E7F809C0075BF3F = {
			isa = PBXGroup;
			children = (
				4ED32DD61E7F809C0075BF3F /* PPCApp */,
				4ED32DEE1E7F809C0075BF3F /* PPCAppTests */,
				4ED32DD51E7F809C0075BF3F /* Products */,
				9ABF18044D9654BFB0EBA1B7 /* Pods */,
				A683C1AA8F9184F9F539BB89 /* Frameworks */,
			);
			sourceTree = "<group>";
		};
		4ED32DD51E7F809C0075BF3F /* Products */ = {
			isa = PBXGroup;
			children = (
				4ED32DD41E7F809C0075BF3F /* PPCApp.app */,
				4ED32DEB1E7F809C0075BF3F /* PPCAppTests.xctest */,
			);
			name = Products;
			sourceTree = "<group>";
		};
		4ED32DD61E7F809C0075BF3F /* PPCApp */ = {
			isa = PBXGroup;
			children = (
				4E13D2301E836059002E03A1 /* Helpers */,
				4E13D22B1E836035002E03A1 /* AppService */,
				4E4DD76F1E82184800C0CD9B /* Models */,
				4E4DD76B1E8217A100C0CD9B /* View */,
				4ED32E021E7FBC4B0075BF3F /* Controller */,
				4ED32DD71E7F809C0075BF3F /* AppDelegate.swift */,
				4ED32DDB1E7F809C0075BF3F /* Main.storyboard */,
				4ED32DE11E7F809C0075BF3F /* Assets.xcassets */,
				4ED32DE31E7F809C0075BF3F /* LaunchScreen.storyboard */,
				4ED32DE61E7F809C0075BF3F /* Info.plist */,
				4ED32DDE1E7F809C0075BF3F /* PPCApp.xcdatamodeld */,
				4E13D2451E83621C002E03A1 /* Localizable.strings */,
			);
			path = PPCApp;
			sourceTree = "<group>";
		};
		4ED32DEE1E7F809C0075BF3F /* PPCAppTests */ = {
			isa = PBXGroup;
			children = (
				4ED32DEF1E7F809C0075BF3F /* PPCAppTests.swift */,
				4ED32DF11E7F809C0075BF3F /* Info.plist */,
			);
			path = PPCAppTests;
			sourceTree = "<group>";
		};
		4ED32E021E7FBC4B0075BF3F /* Controller */ = {
			isa = PBXGroup;
			children = (
				4ED32E081E7FBC930075BF3F /* More */,
				4ED32E071E7FBC820075BF3F /* News */,
				4ED32E061E7FBC750075BF3F /* Post */,
				4ED32E051E7FBC6A0075BF3F /* Home */,
				4ED32E031E7FBC600075BF3F /* MainTabVC.swift */,
				4ED32E111E7FC38F0075BF3F /* BaseVC.swift */,
			);
			path = Controller;
			sourceTree = "<group>";
		};
		4ED32E051E7FBC6A0075BF3F /* Home */ = {
			isa = PBXGroup;
			children = (
				4ED32E091E7FBCAE0075BF3F /* HomeVC.swift */,
				4E13D25F1E83B742002E03A1 /* PostDetailVC.swift */,
				4E13D2611E83BCED002E03A1 /* FilterVC.swift */,
				4EFAD3AF1E8A636900D14919 /* SearchVC.swift */,
			);
			path = Home;
			sourceTree = "<group>";
		};
		4ED32E061E7FBC750075BF3F /* Post */ = {
			isa = PBXGroup;
			children = (
				4ED32E0B1E7FBCBF0075BF3F /* PostVC.swift */,
			);
			path = Post;
			sourceTree = "<group>";
		};
		4ED32E071E7FBC820075BF3F /* News */ = {
			isa = PBXGroup;
			children = (
				4E13D2561E836BDC002E03A1 /* NewsVC.swift */,
				4E13D2571E836BDC002E03A1 /* NewsVC.xib */,
			);
			path = News;
			sourceTree = "<group>";
		};
		4ED32E081E7FBC930075BF3F /* More */ = {
			isa = PBXGroup;
			children = (
				0314F0CB1E8A04F600A4E15D /* Partners */,
				0314F0C61E8A041600A4E15D /* Introduction */,
				0314F0C11E8A031500A4E15D /* Recruitment */,
				0314F0BC1E8A017400A4E15D /* Terms */,
				4E13D2521E836BC1002E03A1 /* MoreVC.swift */,
				4E13D2531E836BC1002E03A1 /* MoreVC.xib */,
			);
			path = More;
			sourceTree = "<group>";
		};
		9ABF18044D9654BFB0EBA1B7 /* Pods */ = {
			isa = PBXGroup;
			children = (
				63481EF2B4BF94E4C4BA930C /* Pods-PPCApp.debug.xcconfig */,
				C14D28E8AEF7AAEA4C41A0E4 /* Pods-PPCApp.release.xcconfig */,
				7F8229B89E27EB125E266AEC /* Pods-PPCAppTests.debug.xcconfig */,
				2DE0FCB6F5347FFE291379D4 /* Pods-PPCAppTests.release.xcconfig */,
			);
			name = Pods;
			sourceTree = "<group>";
		};
		A683C1AA8F9184F9F539BB89 /* Frameworks */ = {
			isa = PBXGroup;
			children = (
				25EEFB10212C2556A9870E92 /* Pods_PPCApp.framework */,
				31FD0D050E0182ED9B44A883 /* Pods_PPCAppTests.framework */,
			);
			name = Frameworks;
			sourceTree = "<group>";
		};
/* End PBXGroup section */

/* Begin PBXNativeTarget section */
		4ED32DD31E7F809C0075BF3F /* PPCApp */ = {
			isa = PBXNativeTarget;
			buildConfigurationList = 4ED32DF41E7F809C0075BF3F /* Build configuration list for PBXNativeTarget "PPCApp" */;
			buildPhases = (
				4C6E95DC82F473349631A384 /* [CP] Check Pods Manifest.lock */,
				4ED32DD01E7F809C0075BF3F /* Sources */,
				4ED32DD11E7F809C0075BF3F /* Frameworks */,
				4ED32DD21E7F809C0075BF3F /* Resources */,
				676B464910E377A4C42962E1 /* [CP] Embed Pods Frameworks */,
				3F6ADEC3DC25B16EA5422DBE /* [CP] Copy Pods Resources */,
			);
			buildRules = (
			);
			dependencies = (
			);
			name = PPCApp;
			productName = PPCApp;
			productReference = 4ED32DD41E7F809C0075BF3F /* PPCApp.app */;
			productType = "com.apple.product-type.application";
		};
		4ED32DEA1E7F809C0075BF3F /* PPCAppTests */ = {
			isa = PBXNativeTarget;
			buildConfigurationList = 4ED32DF71E7F809C0075BF3F /* Build configuration list for PBXNativeTarget "PPCAppTests" */;
			buildPhases = (
				B4325C68F2FEF1D79507077A /* [CP] Check Pods Manifest.lock */,
				4ED32DE71E7F809C0075BF3F /* Sources */,
				4ED32DE81E7F809C0075BF3F /* Frameworks */,
				4ED32DE91E7F809C0075BF3F /* Resources */,
				09FEB634B3F42F87D05F777E /* [CP] Embed Pods Frameworks */,
				0320E510A5C3DD842FE27200 /* [CP] Copy Pods Resources */,
			);
			buildRules = (
			);
			dependencies = (
				4ED32DED1E7F809C0075BF3F /* PBXTargetDependency */,
			);
			name = PPCAppTests;
			productName = PPCAppTests;
			productReference = 4ED32DEB1E7F809C0075BF3F /* PPCAppTests.xctest */;
			productType = "com.apple.product-type.bundle.unit-test";
		};
/* End PBXNativeTarget section */

/* Begin PBXProject section */
		4ED32DCC1E7F809C0075BF3F /* Project object */ = {
			isa = PBXProject;
			attributes = {
				LastSwiftUpdateCheck = 0820;
				LastUpgradeCheck = 0830;
				ORGANIZATIONNAME = "Nguyen Duy Duong";
				TargetAttributes = {
					4ED32DD31E7F809C0075BF3F = {
						CreatedOnToolsVersion = 8.2.1;
						DevelopmentTeam = FE5FXN233L;
						ProvisioningStyle = Automatic;
					};
					4ED32DEA1E7F809C0075BF3F = {
						CreatedOnToolsVersion = 8.2.1;
						DevelopmentTeam = FE5FXN233L;
						ProvisioningStyle = Automatic;
						TestTargetID = 4ED32DD31E7F809C0075BF3F;
					};
				};
			};
			buildConfigurationList = 4ED32DCF1E7F809C0075BF3F /* Build configuration list for PBXProject "PPCApp" */;
			compatibilityVersion = "Xcode 3.2";
			developmentRegion = English;
			hasScannedForEncodings = 0;
			knownRegions = (
				en,
				Base,
				vi,
			);
			mainGroup = 4ED32DCB1E7F809C0075BF3F;
			productRefGroup = 4ED32DD51E7F809C0075BF3F /* Products */;
			projectDirPath = "";
			projectRoot = "";
			targets = (
				4ED32DD31E7F809C0075BF3F /* PPCApp */,
				4ED32DEA1E7F809C0075BF3F /* PPCAppTests */,
			);
		};
/* End PBXProject section */

/* Begin PBXResourcesBuildPhase section */
		4ED32DD21E7F809C0075BF3F /* Resources */ = {
			isa = PBXResourcesBuildPhase;
			buildActionMask = 2147483647;
			files = (
				0322FDD71E88FBAB009B589B /* MoreCell.xib in Resources */,
				4E13D2551E836BC1002E03A1 /* MoreVC.xib in Resources */,
				4ED32DE51E7F809C0075BF3F /* LaunchScreen.storyboard in Resources */,
				4E13D2431E83621C002E03A1 /* Localizable.strings in Resources */,
				4E13D2591E836BDC002E03A1 /* NewsVC.xib in Resources */,
				0314F0C51E8A036000A4E15D /* RecruitmentVC.xib in Resources */,
				4ED32DE21E7F809C0075BF3F /* Assets.xcassets in Resources */,
				0314F0CF1E8A053100A4E15D /* PartnersVC.xib in Resources */,
				039A054F1E8A6B3200002290 /* PartnersCell.xib in Resources */,
				031F5F2B1E8A475000CBE3C6 /* TermsVC.xib in Resources */,
				0323E1CF1E83B70B00E6300F /* NewCell.xib in Resources */,
				4ED32DDD1E7F809C0075BF3F /* Main.storyboard in Resources */,
				0314F0CA1E8A04B900A4E15D /* IntroductionVC.xib in Resources */,
			);
			runOnlyForDeploymentPostprocessing = 0;
		};
		4ED32DE91E7F809C0075BF3F /* Resources */ = {
			isa = PBXResourcesBuildPhase;
			buildActionMask = 2147483647;
			files = (
			);
			runOnlyForDeploymentPostprocessing = 0;
		};
/* End PBXResourcesBuildPhase section */

/* Begin PBXShellScriptBuildPhase section */
		0320E510A5C3DD842FE27200 /* [CP] Copy Pods Resources */ = {
			isa = PBXShellScriptBuildPhase;
			buildActionMask = 2147483647;
			files = (
			);
			inputPaths = (
			);
			name = "[CP] Copy Pods Resources";
			outputPaths = (
			);
			runOnlyForDeploymentPostprocessing = 0;
			shellPath = /bin/sh;
			shellScript = "\"${SRCROOT}/Pods/Target Support Files/Pods-PPCAppTests/Pods-PPCAppTests-resources.sh\"\n";
			showEnvVarsInLog = 0;
		};
		09FEB634B3F42F87D05F777E /* [CP] Embed Pods Frameworks */ = {
			isa = PBXShellScriptBuildPhase;
			buildActionMask = 2147483647;
			files = (
			);
			inputPaths = (
			);
			name = "[CP] Embed Pods Frameworks";
			outputPaths = (
			);
			runOnlyForDeploymentPostprocessing = 0;
			shellPath = /bin/sh;
			shellScript = "\"${SRCROOT}/Pods/Target Support Files/Pods-PPCAppTests/Pods-PPCAppTests-frameworks.sh\"\n";
			showEnvVarsInLog = 0;
		};
		3F6ADEC3DC25B16EA5422DBE /* [CP] Copy Pods Resources */ = {
			isa = PBXShellScriptBuildPhase;
			buildActionMask = 2147483647;
			files = (
			);
			inputPaths = (
			);
			name = "[CP] Copy Pods Resources";
			outputPaths = (
			);
			runOnlyForDeploymentPostprocessing = 0;
			shellPath = /bin/sh;
			shellScript = "\"${SRCROOT}/Pods/Target Support Files/Pods-PPCApp/Pods-PPCApp-resources.sh\"\n";
			showEnvVarsInLog = 0;
		};
		4C6E95DC82F473349631A384 /* [CP] Check Pods Manifest.lock */ = {
			isa = PBXShellScriptBuildPhase;
			buildActionMask = 2147483647;
			files = (
			);
			inputPaths = (
			);
			name = "[CP] Check Pods Manifest.lock";
			outputPaths = (
			);
			runOnlyForDeploymentPostprocessing = 0;
			shellPath = /bin/sh;
			shellScript = "diff \"${PODS_ROOT}/../Podfile.lock\" \"${PODS_ROOT}/Manifest.lock\" > /dev/null\nif [ $? != 0 ] ; then\n    # print error to STDERR\n    echo \"error: The sandbox is not in sync with the Podfile.lock. Run 'pod install' or update your CocoaPods installation.\" >&2\n    exit 1\nfi\n";
			showEnvVarsInLog = 0;
		};
		676B464910E377A4C42962E1 /* [CP] Embed Pods Frameworks */ = {
			isa = PBXShellScriptBuildPhase;
			buildActionMask = 2147483647;
			files = (
			);
			inputPaths = (
			);
			name = "[CP] Embed Pods Frameworks";
			outputPaths = (
			);
			runOnlyForDeploymentPostprocessing = 0;
			shellPath = /bin/sh;
			shellScript = "\"${SRCROOT}/Pods/Target Support Files/Pods-PPCApp/Pods-PPCApp-frameworks.sh\"\n";
			showEnvVarsInLog = 0;
		};
		B4325C68F2FEF1D79507077A /* [CP] Check Pods Manifest.lock */ = {
			isa = PBXShellScriptBuildPhase;
			buildActionMask = 2147483647;
			files = (
			);
			inputPaths = (
			);
			name = "[CP] Check Pods Manifest.lock";
			outputPaths = (
			);
			runOnlyForDeploymentPostprocessing = 0;
			shellPath = /bin/sh;
			shellScript = "diff \"${PODS_ROOT}/../Podfile.lock\" \"${PODS_ROOT}/Manifest.lock\" > /dev/null\nif [ $? != 0 ] ; then\n    # print error to STDERR\n    echo \"error: The sandbox is not in sync with the Podfile.lock. Run 'pod install' or update your CocoaPods installation.\" >&2\n    exit 1\nfi\n";
			showEnvVarsInLog = 0;
		};
/* End PBXShellScriptBuildPhase section */

/* Begin PBXSourcesBuildPhase section */
		4ED32DD01E7F809C0075BF3F /* Sources */ = {
			isa = PBXSourcesBuildPhase;
			buildActionMask = 2147483647;
			files = (
				0314F0BE1E8A019400A4E15D /* TermsVC.swift in Sources */,
				0314F0C31E8A033800A4E15D /* RecruitmentVC.swift in Sources */,
				0322FDD91E88FDA5009B589B /* MoreCell.swift in Sources */,
				4EFAD3B01E8A636900D14919 /* SearchVC.swift in Sources */,
				0323E1C91E83702000E6300F /* NewDataModel.swift in Sources */,
				03A9EA9E1E8B8FD500EE1150 /* PartnersService.swift in Sources */,
				4ED32E0C1E7FBCBF0075BF3F /* PostVC.swift in Sources */,
				0323E1D11E83BAF600E6300F /* NewCell.swift in Sources */,
				4E0414111E8B9FBF00458B0A /* PostDetailInfoView.swift in Sources */,
				4ED32E0A1E7FBCAE0075BF3F /* HomeVC.swift in Sources */,
				4E13D2321E836059002E03A1 /* LanguageManager.swift in Sources */,
				03DFAED21E8917670051F37F /* MoreService.swift in Sources */,
				4E13D2541E836BC1002E03A1 /* MoreVC.swift in Sources */,
				0314F0C81E8A047E00A4E15D /* IntroductionVC.swift in Sources */,
				0314F0CD1E8A050900A4E15D /* PartnersVC.swift in Sources */,
				4ED32E121E7FC38F0075BF3F /* BaseVC.swift in Sources */,
				4E13D2581E836BDC002E03A1 /* NewsVC.swift in Sources */,
				4E13D25B1E837E7A002E03A1 /* HomeCell.swift in Sources */,
				4E13D2601E83B742002E03A1 /* PostDetailVC.swift in Sources */,
				4E13D2621E83BCED002E03A1 /* FilterVC.swift in Sources */,
				4E13D25E1E8382E9002E03A1 /* PostCell.swift in Sources */,
				0322FDDB1E89069A009B589B /* MoreDataModel.swift in Sources */,
				03FDC76A1E8B4FBF001A2CD7 /* PartnersCell.swift in Sources */,
				4E13D22F1E836035002E03A1 /* PostService.swift in Sources */,
				4E13D2511E8365B3002E03A1 /* Extensions.swift in Sources */,
				4E13D22E1E836035002E03A1 /* APIService.swift in Sources */,
				03EF40301E836F7000D14F0D /* NewService.swift in Sources */,
				03FDC76D1E8B5244001A2CD7 /* PartnersDataModel.swift in Sources */,
				4ED32DE01E7F809C0075BF3F /* PPCApp.xcdatamodeld in Sources */,
				4ED32DD81E7F809C0075BF3F /* AppDelegate.swift in Sources */,
				4ED32E041E7FBC600075BF3F /* MainTabVC.swift in Sources */,
			);
			runOnlyForDeploymentPostprocessing = 0;
		};
		4ED32DE71E7F809C0075BF3F /* Sources */ = {
			isa = PBXSourcesBuildPhase;
			buildActionMask = 2147483647;
			files = (
				4ED32DF01E7F809C0075BF3F /* PPCAppTests.swift in Sources */,
			);
			runOnlyForDeploymentPostprocessing = 0;
		};
/* End PBXSourcesBuildPhase section */

/* Begin PBXTargetDependency section */
		4ED32DED1E7F809C0075BF3F /* PBXTargetDependency */ = {
			isa = PBXTargetDependency;
			target = 4ED32DD31E7F809C0075BF3F /* PPCApp */;
			targetProxy = 4ED32DEC1E7F809C0075BF3F /* PBXContainerItemProxy */;
		};
/* End PBXTargetDependency section */

/* Begin PBXVariantGroup section */
		031F5F2D1E8A475000CBE3C6 /* TermsVC.xib */ = {
			isa = PBXVariantGroup;
			children = (
				031F5F2C1E8A475000CBE3C6 /* Base */,
				031F5F2F1E8A475400CBE3C6 /* en */,
				031F5F311E8A475700CBE3C6 /* vi */,
			);
			name = TermsVC.xib;
			sourceTree = "<group>";
		};
		4E13D2451E83621C002E03A1 /* Localizable.strings */ = {
			isa = PBXVariantGroup;
			children = (
				4E13D2441E83621C002E03A1 /* Base */,
				4E13D2461E83621F002E03A1 /* en */,
				4E13D2471E836220002E03A1 /* vi */,
			);
			name = Localizable.strings;
			sourceTree = "<group>";
		};
		4ED32DDB1E7F809C0075BF3F /* Main.storyboard */ = {
			isa = PBXVariantGroup;
			children = (
				4ED32DDC1E7F809C0075BF3F /* Base */,
				4E13D2491E836264002E03A1 /* en */,
				4E13D24B1E8362B7002E03A1 /* vi */,
			);
			name = Main.storyboard;
			sourceTree = "<group>";
		};
		4ED32DE31E7F809C0075BF3F /* LaunchScreen.storyboard */ = {
			isa = PBXVariantGroup;
			children = (
				4ED32DE41E7F809C0075BF3F /* Base */,
				4E13D24D1E8362CA002E03A1 /* en */,
				4E13D24F1E8362D5002E03A1 /* vi */,
			);
			name = LaunchScreen.storyboard;
			sourceTree = "<group>";
		};
/* End PBXVariantGroup section */

/* Begin XCBuildConfiguration section */
		4ED32DF21E7F809C0075BF3F /* Debug */ = {
			isa = XCBuildConfiguration;
			buildSettings = {
				ALWAYS_SEARCH_USER_PATHS = NO;
				CLANG_ANALYZER_LOCALIZABILITY_NONLOCALIZED = YES;
				CLANG_ANALYZER_NONNULL = YES;
				CLANG_CXX_LANGUAGE_STANDARD = "gnu++0x";
				CLANG_CXX_LIBRARY = "libc++";
				CLANG_ENABLE_MODULES = YES;
				CLANG_ENABLE_OBJC_ARC = YES;
				CLANG_WARN_BOOL_CONVERSION = YES;
				CLANG_WARN_CONSTANT_CONVERSION = YES;
				CLANG_WARN_DIRECT_OBJC_ISA_USAGE = YES_ERROR;
				CLANG_WARN_DOCUMENTATION_COMMENTS = YES;
				CLANG_WARN_EMPTY_BODY = YES;
				CLANG_WARN_ENUM_CONVERSION = YES;
				CLANG_WARN_INFINITE_RECURSION = YES;
				CLANG_WARN_INT_CONVERSION = YES;
				CLANG_WARN_OBJC_ROOT_CLASS = YES_ERROR;
				CLANG_WARN_SUSPICIOUS_MOVE = YES;
				CLANG_WARN_UNREACHABLE_CODE = YES;
				CLANG_WARN__DUPLICATE_METHOD_MATCH = YES;
				"CODE_SIGN_IDENTITY[sdk=iphoneos*]" = "iPhone Developer";
				COPY_PHASE_STRIP = NO;
				DEBUG_INFORMATION_FORMAT = dwarf;
				ENABLE_STRICT_OBJC_MSGSEND = YES;
				ENABLE_TESTABILITY = YES;
				GCC_C_LANGUAGE_STANDARD = gnu99;
				GCC_DYNAMIC_NO_PIC = NO;
				GCC_NO_COMMON_BLOCKS = YES;
				GCC_OPTIMIZATION_LEVEL = 0;
				GCC_PREPROCESSOR_DEFINITIONS = (
					"DEBUG=1",
					"$(inherited)",
				);
				GCC_WARN_64_TO_32_BIT_CONVERSION = YES;
				GCC_WARN_ABOUT_RETURN_TYPE = YES_ERROR;
				GCC_WARN_UNDECLARED_SELECTOR = YES;
				GCC_WARN_UNINITIALIZED_AUTOS = YES_AGGRESSIVE;
				GCC_WARN_UNUSED_FUNCTION = YES;
				GCC_WARN_UNUSED_VARIABLE = YES;
				IPHONEOS_DEPLOYMENT_TARGET = 10.0;
				MTL_ENABLE_DEBUG_INFO = YES;
				ONLY_ACTIVE_ARCH = YES;
				SDKROOT = iphoneos;
				SWIFT_ACTIVE_COMPILATION_CONDITIONS = DEBUG;
				SWIFT_OPTIMIZATION_LEVEL = "-Onone";
				TARGETED_DEVICE_FAMILY = "1,2";
			};
			name = Debug;
		};
		4ED32DF31E7F809C0075BF3F /* Release */ = {
			isa = XCBuildConfiguration;
			buildSettings = {
				ALWAYS_SEARCH_USER_PATHS = NO;
				CLANG_ANALYZER_LOCALIZABILITY_NONLOCALIZED = YES;
				CLANG_ANALYZER_NONNULL = YES;
				CLANG_CXX_LANGUAGE_STANDARD = "gnu++0x";
				CLANG_CXX_LIBRARY = "libc++";
				CLANG_ENABLE_MODULES = YES;
				CLANG_ENABLE_OBJC_ARC = YES;
				CLANG_WARN_BOOL_CONVERSION = YES;
				CLANG_WARN_CONSTANT_CONVERSION = YES;
				CLANG_WARN_DIRECT_OBJC_ISA_USAGE = YES_ERROR;
				CLANG_WARN_DOCUMENTATION_COMMENTS = YES;
				CLANG_WARN_EMPTY_BODY = YES;
				CLANG_WARN_ENUM_CONVERSION = YES;
				CLANG_WARN_INFINITE_RECURSION = YES;
				CLANG_WARN_INT_CONVERSION = YES;
				CLANG_WARN_OBJC_ROOT_CLASS = YES_ERROR;
				CLANG_WARN_SUSPICIOUS_MOVE = YES;
				CLANG_WARN_UNREACHABLE_CODE = YES;
				CLANG_WARN__DUPLICATE_METHOD_MATCH = YES;
				"CODE_SIGN_IDENTITY[sdk=iphoneos*]" = "iPhone Developer";
				COPY_PHASE_STRIP = NO;
				DEBUG_INFORMATION_FORMAT = "dwarf-with-dsym";
				ENABLE_NS_ASSERTIONS = NO;
				ENABLE_STRICT_OBJC_MSGSEND = YES;
				GCC_C_LANGUAGE_STANDARD = gnu99;
				GCC_NO_COMMON_BLOCKS = YES;
				GCC_WARN_64_TO_32_BIT_CONVERSION = YES;
				GCC_WARN_ABOUT_RETURN_TYPE = YES_ERROR;
				GCC_WARN_UNDECLARED_SELECTOR = YES;
				GCC_WARN_UNINITIALIZED_AUTOS = YES_AGGRESSIVE;
				GCC_WARN_UNUSED_FUNCTION = YES;
				GCC_WARN_UNUSED_VARIABLE = YES;
				IPHONEOS_DEPLOYMENT_TARGET = 10.0;
				MTL_ENABLE_DEBUG_INFO = NO;
				SDKROOT = iphoneos;
				SWIFT_OPTIMIZATION_LEVEL = "-Owholemodule";
				TARGETED_DEVICE_FAMILY = "1,2";
				VALIDATE_PRODUCT = YES;
			};
			name = Release;
		};
		4ED32DF51E7F809C0075BF3F /* Debug */ = {
			isa = XCBuildConfiguration;
			baseConfigurationReference = 63481EF2B4BF94E4C4BA930C /* Pods-PPCApp.debug.xcconfig */;
			buildSettings = {
				ALWAYS_EMBED_SWIFT_STANDARD_LIBRARIES = YES;
				ASSETCATALOG_COMPILER_APPICON_NAME = AppIcon;
				"CODE_SIGN_IDENTITY[sdk=iphoneos*]" = "iPhone Developer";
				DEVELOPMENT_TEAM = FE5FXN233L;
				INFOPLIST_FILE = PPCApp/Info.plist;
				IPHONEOS_DEPLOYMENT_TARGET = 10.0;
				LD_RUNPATH_SEARCH_PATHS = "$(inherited) @executable_path/Frameworks";
				PRODUCT_BUNDLE_IDENTIFIER = duyduong.PPCApp;
				PRODUCT_NAME = "$(TARGET_NAME)";
				PROVISIONING_PROFILE_SPECIFIER = "";
				SWIFT_VERSION = 3.0;
			};
			name = Debug;
		};
		4ED32DF61E7F809C0075BF3F /* Release */ = {
			isa = XCBuildConfiguration;
			baseConfigurationReference = C14D28E8AEF7AAEA4C41A0E4 /* Pods-PPCApp.release.xcconfig */;
			buildSettings = {
				ALWAYS_EMBED_SWIFT_STANDARD_LIBRARIES = YES;
				ASSETCATALOG_COMPILER_APPICON_NAME = AppIcon;
				"CODE_SIGN_IDENTITY[sdk=iphoneos*]" = "iPhone Developer";
				DEVELOPMENT_TEAM = FE5FXN233L;
				INFOPLIST_FILE = PPCApp/Info.plist;
				IPHONEOS_DEPLOYMENT_TARGET = 10.0;
				LD_RUNPATH_SEARCH_PATHS = "$(inherited) @executable_path/Frameworks";
				PRODUCT_BUNDLE_IDENTIFIER = duyduong.PPCApp;
				PRODUCT_NAME = "$(TARGET_NAME)";
				PROVISIONING_PROFILE_SPECIFIER = "";
				SWIFT_VERSION = 3.0;
			};
			name = Release;
		};
		4ED32DF81E7F809C0075BF3F /* Debug */ = {
			isa = XCBuildConfiguration;
			baseConfigurationReference = 7F8229B89E27EB125E266AEC /* Pods-PPCAppTests.debug.xcconfig */;
			buildSettings = {
				ALWAYS_EMBED_SWIFT_STANDARD_LIBRARIES = YES;
				BUNDLE_LOADER = "$(TEST_HOST)";
				DEVELOPMENT_TEAM = FE5FXN233L;
				INFOPLIST_FILE = PPCAppTests/Info.plist;
				LD_RUNPATH_SEARCH_PATHS = "$(inherited) @executable_path/Frameworks @loader_path/Frameworks";
				PRODUCT_BUNDLE_IDENTIFIER = duyduong.PPCAppTests;
				PRODUCT_NAME = "$(TARGET_NAME)";
				SWIFT_VERSION = 3.0;
				TEST_HOST = "$(BUILT_PRODUCTS_DIR)/PPCApp.app/PPCApp";
			};
			name = Debug;
		};
		4ED32DF91E7F809C0075BF3F /* Release */ = {
			isa = XCBuildConfiguration;
			baseConfigurationReference = 2DE0FCB6F5347FFE291379D4 /* Pods-PPCAppTests.release.xcconfig */;
			buildSettings = {
				ALWAYS_EMBED_SWIFT_STANDARD_LIBRARIES = YES;
				BUNDLE_LOADER = "$(TEST_HOST)";
				DEVELOPMENT_TEAM = FE5FXN233L;
				INFOPLIST_FILE = PPCAppTests/Info.plist;
				LD_RUNPATH_SEARCH_PATHS = "$(inherited) @executable_path/Frameworks @loader_path/Frameworks";
				PRODUCT_BUNDLE_IDENTIFIER = duyduong.PPCAppTests;
				PRODUCT_NAME = "$(TARGET_NAME)";
				SWIFT_VERSION = 3.0;
				TEST_HOST = "$(BUILT_PRODUCTS_DIR)/PPCApp.app/PPCApp";
			};
			name = Release;
		};
/* End XCBuildConfiguration section */

/* Begin XCConfigurationList section */
		4ED32DCF1E7F809C0075BF3F /* Build configuration list for PBXProject "PPCApp" */ = {
			isa = XCConfigurationList;
			buildConfigurations = (
				4ED32DF21E7F809C0075BF3F /* Debug */,
				4ED32DF31E7F809C0075BF3F /* Release */,
			);
			defaultConfigurationIsVisible = 0;
			defaultConfigurationName = Release;
		};
		4ED32DF41E7F809C0075BF3F /* Build configuration list for PBXNativeTarget "PPCApp" */ = {
			isa = XCConfigurationList;
			buildConfigurations = (
				4ED32DF51E7F809C0075BF3F /* Debug */,
				4ED32DF61E7F809C0075BF3F /* Release */,
			);
			defaultConfigurationIsVisible = 0;
			defaultConfigurationName = Release;
		};
		4ED32DF71E7F809C0075BF3F /* Build configuration list for PBXNativeTarget "PPCAppTests" */ = {
			isa = XCConfigurationList;
			buildConfigurations = (
				4ED32DF81E7F809C0075BF3F /* Debug */,
				4ED32DF91E7F809C0075BF3F /* Release */,
			);
			defaultConfigurationIsVisible = 0;
			defaultConfigurationName = Release;
		};
/* End XCConfigurationList section */

/* Begin XCVersionGroup section */
		4ED32DDE1E7F809C0075BF3F /* PPCApp.xcdatamodeld */ = {
			isa = XCVersionGroup;
			children = (
				4ED32DDF1E7F809C0075BF3F /* PPCApp.xcdatamodel */,
			);
			currentVersion = 4ED32DDF1E7F809C0075BF3F /* PPCApp.xcdatamodel */;
			path = PPCApp.xcdatamodeld;
			sourceTree = "<group>";
			versionGroupType = wrapper.xcdatamodel;
		};
/* End XCVersionGroup section */
	};
	rootObject = 4ED32DCC1E7F809C0075BF3F /* Project object */;
}
