// !$*UTF8*$!
{
	archiveVersion = 1;
	classes = {
	};
	objectVersion = 46;
	objects = {

/* Begin PBXBuildFile section */
		030077221EA5B97C0050BEEA /* ImageCell.swift in Sources */ = {isa = PBXBuildFile; fileRef = 030077211EA5B97C0050BEEA /* ImageCell.swift */; };
		0305399F1EA47A9A00DFFF79 /* ProjectDetailVC1.swift in Sources */ = {isa = PBXBuildFile; fileRef = 0305399E1EA47A9A00DFFF79 /* ProjectDetailVC1.swift */; };
		0307944A1EADBB6E0039A96B /* ProjectService.swift in Sources */ = {isa = PBXBuildFile; fileRef = 030794491EADBB6E0039A96B /* ProjectService.swift */; };
		030D94791E8DFEFA00F32857 /* PartnersDataModel.swift in Sources */ = {isa = PBXBuildFile; fileRef = 030D94781E8DFEFA00F32857 /* PartnersDataModel.swift */; };
		031314601EAEF84E007B952F /* InfoTextField.swift in Sources */ = {isa = PBXBuildFile; fileRef = 0313145F1EAEF84E007B952F /* InfoTextField.swift */; };
		031314621EAEFA59007B952F /* CustomButtonView.swift in Sources */ = {isa = PBXBuildFile; fileRef = 031314611EAEFA59007B952F /* CustomButtonView.swift */; };
		0314F0BE1E8A019400A4E15D /* TermsVC.swift in Sources */ = {isa = PBXBuildFile; fileRef = 0314F0BD1E8A019400A4E15D /* TermsVC.swift */; };
		0314F0C31E8A033800A4E15D /* RecruitmentVC.swift in Sources */ = {isa = PBXBuildFile; fileRef = 0314F0C21E8A033800A4E15D /* RecruitmentVC.swift */; };
		0314F0C51E8A036000A4E15D /* RecruitmentVC.xib in Resources */ = {isa = PBXBuildFile; fileRef = 0314F0C41E8A036000A4E15D /* RecruitmentVC.xib */; };
		0314F0CA1E8A04B900A4E15D /* AboutVC.xib in Resources */ = {isa = PBXBuildFile; fileRef = 0314F0C91E8A04B900A4E15D /* AboutVC.xib */; };
		0314F0CD1E8A050900A4E15D /* PartnersVC.swift in Sources */ = {isa = PBXBuildFile; fileRef = 0314F0CC1E8A050900A4E15D /* PartnersVC.swift */; };
		0314F0CF1E8A053100A4E15D /* PartnersVC.xib in Resources */ = {isa = PBXBuildFile; fileRef = 0314F0CE1E8A053100A4E15D /* PartnersVC.xib */; };
		03152B971E9340140056C339 /* RecruitmentDetailVC.xib in Resources */ = {isa = PBXBuildFile; fileRef = 03152B961E9340140056C339 /* RecruitmentDetailVC.xib */; };
		03152B991E9340300056C339 /* RecruitmentDetailVC.swift in Sources */ = {isa = PBXBuildFile; fileRef = 03152B981E9340300056C339 /* RecruitmentDetailVC.swift */; };
		03152B9B1E934A980056C339 /* AboutVC.swift in Sources */ = {isa = PBXBuildFile; fileRef = 03152B9A1E934A980056C339 /* AboutVC.swift */; };
		031CF7561E9B2EDF00A58994 /* SignInVC.xib in Resources */ = {isa = PBXBuildFile; fileRef = 031CF7551E9B2EDF00A58994 /* SignInVC.xib */; };
		031CF7581E9B2EF000A58994 /* SignInVC.swift in Sources */ = {isa = PBXBuildFile; fileRef = 031CF7571E9B2EF000A58994 /* SignInVC.swift */; };
		031F5F2B1E8A475000CBE3C6 /* TermsVC.xib in Resources */ = {isa = PBXBuildFile; fileRef = 031F5F2D1E8A475000CBE3C6 /* TermsVC.xib */; };
		0320CF611E8C9EE000287090 /* RecruitmentCell.xib in Resources */ = {isa = PBXBuildFile; fileRef = 0320CF601E8C9EE000287090 /* RecruitmentCell.xib */; };
		0320CF631E8C9F0F00287090 /* RecruitmentCell.swift in Sources */ = {isa = PBXBuildFile; fileRef = 0320CF621E8C9F0F00287090 /* RecruitmentCell.swift */; };
		0322FDD71E88FBAB009B589B /* MoreCell.xib in Resources */ = {isa = PBXBuildFile; fileRef = 0322FDD61E88FBAB009B589B /* MoreCell.xib */; };
		0322FDD91E88FDA5009B589B /* MoreCell.swift in Sources */ = {isa = PBXBuildFile; fileRef = 0322FDD81E88FDA5009B589B /* MoreCell.swift */; };
		0322FDDB1E89069A009B589B /* MoreDataModel.swift in Sources */ = {isa = PBXBuildFile; fileRef = 0322FDDA1E89069A009B589B /* MoreDataModel.swift */; };
		0323E1C91E83702000E6300F /* NewDataModel.swift in Sources */ = {isa = PBXBuildFile; fileRef = 0323E1C81E83702000E6300F /* NewDataModel.swift */; };
		0323E1CF1E83B70B00E6300F /* NewCell.xib in Resources */ = {isa = PBXBuildFile; fileRef = 0323E1CE1E83B70B00E6300F /* NewCell.xib */; };
		0323E1D11E83BAF600E6300F /* NewCell.swift in Sources */ = {isa = PBXBuildFile; fileRef = 0323E1D01E83BAF600E6300F /* NewCell.swift */; };
		033DFFA71E94953400D6F04B /* SettingVC.swift in Sources */ = {isa = PBXBuildFile; fileRef = 033DFFA61E94953400D6F04B /* SettingVC.swift */; };
		033DFFA91E94956500D6F04B /* SettingVC.xib in Resources */ = {isa = PBXBuildFile; fileRef = 033DFFA81E94956500D6F04B /* SettingVC.xib */; };
		033DFFB81E94C80C00D6F04B /* ProjectCell.xib in Resources */ = {isa = PBXBuildFile; fileRef = 033DFFB71E94C80C00D6F04B /* ProjectCell.xib */; };
		033DFFBB1E94F9FF00D6F04B /* SettingCell.swift in Sources */ = {isa = PBXBuildFile; fileRef = 033DFFBA1E94F9FF00D6F04B /* SettingCell.swift */; };
		033DFFBD1E94FA0900D6F04B /* SettingCell.xib in Resources */ = {isa = PBXBuildFile; fileRef = 033DFFBC1E94FA0900D6F04B /* SettingCell.xib */; };
		033DFFC01E94FEE700D6F04B /* DetailLanguageVC.swift in Sources */ = {isa = PBXBuildFile; fileRef = 033DFFBF1E94FEE700D6F04B /* DetailLanguageVC.swift */; };
		033DFFC21E94FEF800D6F04B /* DetailLanguageVC.xib in Resources */ = {isa = PBXBuildFile; fileRef = 033DFFC11E94FEF800D6F04B /* DetailLanguageVC.xib */; };
		039A054F1E8A6B3200002290 /* PartnersCell.xib in Resources */ = {isa = PBXBuildFile; fileRef = 039A054E1E8A6B3200002290 /* PartnersCell.xib */; };
		03A9EA9E1E8B8FD500EE1150 /* PartnersService.swift in Sources */ = {isa = PBXBuildFile; fileRef = 03A9EA9D1E8B8FD500EE1150 /* PartnersService.swift */; };
		03B15A981EAE515900A71F77 /* ProjectDetailVC2.swift in Sources */ = {isa = PBXBuildFile; fileRef = 03B15A971EAE515900A71F77 /* ProjectDetailVC2.swift */; };
		03B15A9A1EAE64EE00A71F77 /* ProjectDetailVC3.swift in Sources */ = {isa = PBXBuildFile; fileRef = 03B15A991EAE64EE00A71F77 /* ProjectDetailVC3.swift */; };
		03C2531A1EB0AD4C00BE373C /* PhotoVC.swift in Sources */ = {isa = PBXBuildFile; fileRef = 03C253191EB0AD4C00BE373C /* PhotoVC.swift */; };
		03CD04111E91E5D3001DBB12 /* ProjectVC.xib in Resources */ = {isa = PBXBuildFile; fileRef = 03CD04101E91E5D3001DBB12 /* ProjectVC.xib */; };
		03CD04131E91E5E5001DBB12 /* ProjectVC.swift in Sources */ = {isa = PBXBuildFile; fileRef = 03CD04121E91E5E5001DBB12 /* ProjectVC.swift */; };
		03DFAED21E8917670051F37F /* MoreService.swift in Sources */ = {isa = PBXBuildFile; fileRef = 03DFAED11E8917670051F37F /* MoreService.swift */; };
		03E92B301E9F17C500DC5D70 /* HomeDataModel.swift in Sources */ = {isa = PBXBuildFile; fileRef = 03E92B2F1E9F17C500DC5D70 /* HomeDataModel.swift */; };
		03EF40301E836F7000D14F0D /* NewService.swift in Sources */ = {isa = PBXBuildFile; fileRef = 03EF402F1E836F7000D14F0D /* NewService.swift */; };
		03FACBDE1EA1B83E00950E5E /* BlockAlias.swift in Sources */ = {isa = PBXBuildFile; fileRef = 03FACBDD1EA1B83E00950E5E /* BlockAlias.swift */; };
		03FACBE51EA1FAAC00950E5E /* HomeService.swift in Sources */ = {isa = PBXBuildFile; fileRef = 03FACBE41EA1FAAC00950E5E /* HomeService.swift */; };
		03FDC76A1E8B4FBF001A2CD7 /* PartnersCell.swift in Sources */ = {isa = PBXBuildFile; fileRef = 03FDC7691E8B4FBF001A2CD7 /* PartnersCell.swift */; };
		2235AB8D1EA8B8220098AAF0 /* Profile.swift in Sources */ = {isa = PBXBuildFile; fileRef = 2235AB8B1EA8B8220098AAF0 /* Profile.swift */; };
		2235AB8E1EA8B8220098AAF0 /* Profile.xib in Resources */ = {isa = PBXBuildFile; fileRef = 2235AB8C1EA8B8220098AAF0 /* Profile.xib */; };
		226931601EA4554D0004EDDE /* AboutusDataModels.swift in Sources */ = {isa = PBXBuildFile; fileRef = 2269315F1EA4554D0004EDDE /* AboutusDataModels.swift */; };
		226931631EA458660004EDDE /* AboutusService.swift in Sources */ = {isa = PBXBuildFile; fileRef = 226931621EA458660004EDDE /* AboutusService.swift */; };
		226931671EA45D090004EDDE /* AboutusCell.swift in Sources */ = {isa = PBXBuildFile; fileRef = 226931651EA45D090004EDDE /* AboutusCell.swift */; };
		226931681EA45D090004EDDE /* AboutusCell.xib in Resources */ = {isa = PBXBuildFile; fileRef = 226931661EA45D090004EDDE /* AboutusCell.xib */; };
		229691951EA5FEB7001EC516 /* TermsCell.swift in Sources */ = {isa = PBXBuildFile; fileRef = 229691931EA5FEB7001EC516 /* TermsCell.swift */; };
		229691961EA5FEB7001EC516 /* TermsCell.xib in Resources */ = {isa = PBXBuildFile; fileRef = 229691941EA5FEB7001EC516 /* TermsCell.xib */; };
		229691991EA60309001EC516 /* TermsModel.swift in Sources */ = {isa = PBXBuildFile; fileRef = 229691981EA60309001EC516 /* TermsModel.swift */; };
		2296919C1EA603EF001EC516 /* TermsService.swift in Sources */ = {isa = PBXBuildFile; fileRef = 2296919B1EA603EF001EC516 /* TermsService.swift */; };
		2296919F1EA60DCB001EC516 /* SiginModel.swift in Sources */ = {isa = PBXBuildFile; fileRef = 2296919E1EA60DCB001EC516 /* SiginModel.swift */; };
		229691A21EA6108F001EC516 /* SiginService.swift in Sources */ = {isa = PBXBuildFile; fileRef = 229691A11EA6108F001EC516 /* SiginService.swift */; };
		22C1D0671EA0A2C300FB02BC /* RecruitmentDataModel.swift in Sources */ = {isa = PBXBuildFile; fileRef = 22C1D0661EA0A2C200FB02BC /* RecruitmentDataModel.swift */; };
		22C1D06A1EA0A5CD00FB02BC /* RecuitmentService.swift in Sources */ = {isa = PBXBuildFile; fileRef = 22C1D0691EA0A5CD00FB02BC /* RecuitmentService.swift */; };
		22DA008B1EA9C1FD000B8F23 /* UpdateVC.swift in Sources */ = {isa = PBXBuildFile; fileRef = 22DA00891EA9C1FD000B8F23 /* UpdateVC.swift */; };
		22DA008C1EA9C1FD000B8F23 /* UpdateVC.xib in Resources */ = {isa = PBXBuildFile; fileRef = 22DA008A1EA9C1FD000B8F23 /* UpdateVC.xib */; };
		22DA00901EA9C840000B8F23 /* ChangePassVC.swift in Sources */ = {isa = PBXBuildFile; fileRef = 22DA008E1EA9C840000B8F23 /* ChangePassVC.swift */; };
		22DB86941EA5AA8800DE558C /* SignupVC.swift in Sources */ = {isa = PBXBuildFile; fileRef = 22DB86921EA5AA8800DE558C /* SignupVC.swift */; };
		22DB86951EA5AA8800DE558C /* SignupVC.xib in Resources */ = {isa = PBXBuildFile; fileRef = 22DB86931EA5AA8800DE558C /* SignupVC.xib */; };
		4E13D22E1E836035002E03A1 /* APIService.swift in Sources */ = {isa = PBXBuildFile; fileRef = 4E13D22C1E836035002E03A1 /* APIService.swift */; };
		4E13D22F1E836035002E03A1 /* PostService.swift in Sources */ = {isa = PBXBuildFile; fileRef = 4E13D22D1E836035002E03A1 /* PostService.swift */; };
		4E13D2321E836059002E03A1 /* LanguageManager.swift in Sources */ = {isa = PBXBuildFile; fileRef = 4E13D2311E836059002E03A1 /* LanguageManager.swift */; };
		4E13D2431E83621C002E03A1 /* Localizable.strings in Resources */ = {isa = PBXBuildFile; fileRef = 4E13D2451E83621C002E03A1 /* Localizable.strings */; };
		4E13D2511E8365B3002E03A1 /* Extensions.swift in Sources */ = {isa = PBXBuildFile; fileRef = 4E13D2501E8365B3002E03A1 /* Extensions.swift */; };
		4E13D2541E836BC1002E03A1 /* MoreVC.swift in Sources */ = {isa = PBXBuildFile; fileRef = 4E13D2521E836BC1002E03A1 /* MoreVC.swift */; };
		4E13D2551E836BC1002E03A1 /* MoreVC.xib in Resources */ = {isa = PBXBuildFile; fileRef = 4E13D2531E836BC1002E03A1 /* MoreVC.xib */; };
		4E13D2581E836BDC002E03A1 /* NewsVC.swift in Sources */ = {isa = PBXBuildFile; fileRef = 4E13D2561E836BDC002E03A1 /* NewsVC.swift */; };
		4E13D2591E836BDC002E03A1 /* NewsVC.xib in Resources */ = {isa = PBXBuildFile; fileRef = 4E13D2571E836BDC002E03A1 /* NewsVC.xib */; };
		4E13D25B1E837E7A002E03A1 /* HomeCell.swift in Sources */ = {isa = PBXBuildFile; fileRef = 4E13D25A1E837E7A002E03A1 /* HomeCell.swift */; };
		4E13D25E1E8382E9002E03A1 /* PostCell.swift in Sources */ = {isa = PBXBuildFile; fileRef = 4E13D25D1E8382E9002E03A1 /* PostCell.swift */; };
		4E13D2601E83B742002E03A1 /* PostDetailVC.swift in Sources */ = {isa = PBXBuildFile; fileRef = 4E13D25F1E83B742002E03A1 /* PostDetailVC.swift */; };
		4E13D2621E83BCED002E03A1 /* FilterVC.swift in Sources */ = {isa = PBXBuildFile; fileRef = 4E13D2611E83BCED002E03A1 /* FilterVC.swift */; };
		4E456C561E8BF831003D8C55 /* PostDetailInfoView.swift in Sources */ = {isa = PBXBuildFile; fileRef = 4E456C551E8BF831003D8C55 /* PostDetailInfoView.swift */; };
		4E456C581E8BF84D003D8C55 /* SearchVC.swift in Sources */ = {isa = PBXBuildFile; fileRef = 4E456C571E8BF84D003D8C55 /* SearchVC.swift */; };
		4E600B2C1E934AD50028C3F1 /* Places.swift in Sources */ = {isa = PBXBuildFile; fileRef = 4E600B2B1E934AD50028C3F1 /* Places.swift */; };
		4E600B2E1E9352120028C3F1 /* ImageDetailLauncher.swift in Sources */ = {isa = PBXBuildFile; fileRef = 4E600B2D1E9352120028C3F1 /* ImageDetailLauncher.swift */; };
		4E600B301E9377620028C3F1 /* BaseLauncher.swift in Sources */ = {isa = PBXBuildFile; fileRef = 4E600B2F1E9377620028C3F1 /* BaseLauncher.swift */; };
		4E6E21611EAD96A3006A5488 /* ProjectCell.swift in Sources */ = {isa = PBXBuildFile; fileRef = 033DFFB51E94C80200D6F04B /* ProjectCell.swift */; };
		4E872DCB1E9238EA00B0592F /* FilterButton.swift in Sources */ = {isa = PBXBuildFile; fileRef = 4E872DCA1E9238EA00B0592F /* FilterButton.swift */; };
		4E872DCD1E9246A000B0592F /* PickerLauncher.swift in Sources */ = {isa = PBXBuildFile; fileRef = 4E872DCC1E9246A000B0592F /* PickerLauncher.swift */; };
		4E8BDBA81EAD93E70061D68C /* NewDetailVC.swift in Sources */ = {isa = PBXBuildFile; fileRef = 03FCEBD41E9C7A3C00F0E962 /* NewDetailVC.swift */; };
		4E8BDBA91EAD93E70061D68C /* NewDetailVC.xib in Resources */ = {isa = PBXBuildFile; fileRef = 03FCEBD61E9C7A6000F0E962 /* NewDetailVC.xib */; };
		4ED32DD81E7F809C0075BF3F /* AppDelegate.swift in Sources */ = {isa = PBXBuildFile; fileRef = 4ED32DD71E7F809C0075BF3F /* AppDelegate.swift */; };
		4ED32DDD1E7F809C0075BF3F /* Main.storyboard in Resources */ = {isa = PBXBuildFile; fileRef = 4ED32DDB1E7F809C0075BF3F /* Main.storyboard */; };
		4ED32DE01E7F809C0075BF3F /* PPCApp.xcdatamodeld in Sources */ = {isa = PBXBuildFile; fileRef = 4ED32DDE1E7F809C0075BF3F /* PPCApp.xcdatamodeld */; };
		4ED32DE21E7F809C0075BF3F /* Assets.xcassets in Resources */ = {isa = PBXBuildFile; fileRef = 4ED32DE11E7F809C0075BF3F /* Assets.xcassets */; };
		4ED32DE51E7F809C0075BF3F /* LaunchScreen.storyboard in Resources */ = {isa = PBXBuildFile; fileRef = 4ED32DE31E7F809C0075BF3F /* LaunchScreen.storyboard */; };
		4ED32DF01E7F809C0075BF3F /* PPCAppTests.swift in Sources */ = {isa = PBXBuildFile; fileRef = 4ED32DEF1E7F809C0075BF3F /* PPCAppTests.swift */; };
		4ED32E041E7FBC600075BF3F /* MainTabVC.swift in Sources */ = {isa = PBXBuildFile; fileRef = 4ED32E031E7FBC600075BF3F /* MainTabVC.swift */; };
		4ED32E0A1E7FBCAE0075BF3F /* HomeVC.swift in Sources */ = {isa = PBXBuildFile; fileRef = 4ED32E091E7FBCAE0075BF3F /* HomeVC.swift */; };
		4ED32E121E7FC38F0075BF3F /* BaseVC.swift in Sources */ = {isa = PBXBuildFile; fileRef = 4ED32E111E7FC38F0075BF3F /* BaseVC.swift */; };
		75048553B0E176D8E9E727B9 /* Pods_PPCApp.framework in Frameworks */ = {isa = PBXBuildFile; fileRef = 25EEFB10212C2556A9870E92 /* Pods_PPCApp.framework */; };
		FACC84D0C2BD28A811DAC99C /* Pods_PPCAppTests.framework in Frameworks */ = {isa = PBXBuildFile; fileRef = 31FD0D050E0182ED9B44A883 /* Pods_PPCAppTests.framework */; };
/* End PBXBuildFile section */

/* Begin PBXContainerItemProxy section */
		4ED32DEC1E7F809C0075BF3F /* PBXContainerItemProxy */ = {
			isa = PBXContainerItemProxy;
			containerPortal = 4ED32DCC1E7F809C0075BF3F /* Project object */;
			proxyType = 1;
			remoteGlobalIDString = 4ED32DD31E7F809C0075BF3F;
			remoteInfo = PPCApp;
		};
/* End PBXContainerItemProxy section */

/* Begin PBXFileReference section */
		030077211EA5B97C0050BEEA /* ImageCell.swift */ = {isa = PBXFileReference; fileEncoding = 4; lastKnownFileType = sourcecode.swift; path = ImageCell.swift; sourceTree = "<group>"; };
		0305399E1EA47A9A00DFFF79 /* ProjectDetailVC1.swift */ = {isa = PBXFileReference; fileEncoding = 4; lastKnownFileType = sourcecode.swift; path = ProjectDetailVC1.swift; sourceTree = "<group>"; };
		030794491EADBB6E0039A96B /* ProjectService.swift */ = {isa = PBXFileReference; fileEncoding = 4; lastKnownFileType = sourcecode.swift; path = ProjectService.swift; sourceTree = "<group>"; };
		030D94781E8DFEFA00F32857 /* PartnersDataModel.swift */ = {isa = PBXFileReference; fileEncoding = 4; lastKnownFileType = sourcecode.swift; path = PartnersDataModel.swift; sourceTree = SOURCE_ROOT; };
		0313145F1EAEF84E007B952F /* InfoTextField.swift */ = {isa = PBXFileReference; fileEncoding = 4; lastKnownFileType = sourcecode.swift; path = InfoTextField.swift; sourceTree = "<group>"; };
		031314611EAEFA59007B952F /* CustomButtonView.swift */ = {isa = PBXFileReference; fileEncoding = 4; lastKnownFileType = sourcecode.swift; path = CustomButtonView.swift; sourceTree = "<group>"; };
		0314F0BD1E8A019400A4E15D /* TermsVC.swift */ = {isa = PBXFileReference; fileEncoding = 4; lastKnownFileType = sourcecode.swift; path = TermsVC.swift; sourceTree = "<group>"; };
		0314F0C21E8A033800A4E15D /* RecruitmentVC.swift */ = {isa = PBXFileReference; fileEncoding = 4; lastKnownFileType = sourcecode.swift; path = RecruitmentVC.swift; sourceTree = "<group>"; };
		0314F0C41E8A036000A4E15D /* RecruitmentVC.xib */ = {isa = PBXFileReference; fileEncoding = 4; lastKnownFileType = file.xib; path = RecruitmentVC.xib; sourceTree = "<group>"; };
		0314F0C91E8A04B900A4E15D /* AboutVC.xib */ = {isa = PBXFileReference; fileEncoding = 4; lastKnownFileType = file.xib; path = AboutVC.xib; sourceTree = "<group>"; };
		0314F0CC1E8A050900A4E15D /* PartnersVC.swift */ = {isa = PBXFileReference; fileEncoding = 4; lastKnownFileType = sourcecode.swift; path = PartnersVC.swift; sourceTree = "<group>"; };
		0314F0CE1E8A053100A4E15D /* PartnersVC.xib */ = {isa = PBXFileReference; fileEncoding = 4; lastKnownFileType = file.xib; path = PartnersVC.xib; sourceTree = "<group>"; };
		03152B961E9340140056C339 /* RecruitmentDetailVC.xib */ = {isa = PBXFileReference; fileEncoding = 4; lastKnownFileType = file.xib; path = RecruitmentDetailVC.xib; sourceTree = "<group>"; };
		03152B981E9340300056C339 /* RecruitmentDetailVC.swift */ = {isa = PBXFileReference; fileEncoding = 4; lastKnownFileType = sourcecode.swift; path = RecruitmentDetailVC.swift; sourceTree = "<group>"; };
		03152B9A1E934A980056C339 /* AboutVC.swift */ = {isa = PBXFileReference; fileEncoding = 4; lastKnownFileType = sourcecode.swift; path = AboutVC.swift; sourceTree = "<group>"; };
		031CF7551E9B2EDF00A58994 /* SignInVC.xib */ = {isa = PBXFileReference; fileEncoding = 4; lastKnownFileType = file.xib; path = SignInVC.xib; sourceTree = "<group>"; };
		031CF7571E9B2EF000A58994 /* SignInVC.swift */ = {isa = PBXFileReference; fileEncoding = 4; lastKnownFileType = sourcecode.swift; path = SignInVC.swift; sourceTree = "<group>"; };
		031F5F2C1E8A475000CBE3C6 /* Base */ = {isa = PBXFileReference; lastKnownFileType = file.xib; name = Base; path = Base.lproj/TermsVC.xib; sourceTree = "<group>"; };
		031F5F2F1E8A475400CBE3C6 /* en */ = {isa = PBXFileReference; lastKnownFileType = text.plist.strings; name = en; path = en.lproj/TermsVC.strings; sourceTree = "<group>"; };
		031F5F311E8A475700CBE3C6 /* vi */ = {isa = PBXFileReference; lastKnownFileType = text.plist.strings; name = vi; path = vi.lproj/TermsVC.strings; sourceTree = "<group>"; };
		0320CF601E8C9EE000287090 /* RecruitmentCell.xib */ = {isa = PBXFileReference; fileEncoding = 4; lastKnownFileType = file.xib; path = RecruitmentCell.xib; sourceTree = "<group>"; };
		0320CF621E8C9F0F00287090 /* RecruitmentCell.swift */ = {isa = PBXFileReference; fileEncoding = 4; lastKnownFileType = sourcecode.swift; path = RecruitmentCell.swift; sourceTree = "<group>"; };
		0322FDD61E88FBAB009B589B /* MoreCell.xib */ = {isa = PBXFileReference; fileEncoding = 4; lastKnownFileType = file.xib; name = MoreCell.xib; path = ../../Controller/More/MoreCell.xib; sourceTree = "<group>"; };
		0322FDD81E88FDA5009B589B /* MoreCell.swift */ = {isa = PBXFileReference; fileEncoding = 4; lastKnownFileType = sourcecode.swift; name = MoreCell.swift; path = ../../Controller/More/MoreCell.swift; sourceTree = "<group>"; };
		0322FDDA1E89069A009B589B /* MoreDataModel.swift */ = {isa = PBXFileReference; fileEncoding = 4; lastKnownFileType = sourcecode.swift; name = MoreDataModel.swift; path = PPCApp/Controller/More/MoreDataModel.swift; sourceTree = SOURCE_ROOT; };
		0323E1C81E83702000E6300F /* NewDataModel.swift */ = {isa = PBXFileReference; fileEncoding = 4; lastKnownFileType = sourcecode.swift; name = NewDataModel.swift; path = PPCApp/AppService/NewDataModel.swift; sourceTree = SOURCE_ROOT; };
		0323E1CE1E83B70B00E6300F /* NewCell.xib */ = {isa = PBXFileReference; fileEncoding = 4; lastKnownFileType = file.xib; name = NewCell.xib; path = ../../Controller/News/NewCell.xib; sourceTree = "<group>"; };
		0323E1D01E83BAF600E6300F /* NewCell.swift */ = {isa = PBXFileReference; fileEncoding = 4; lastKnownFileType = sourcecode.swift; name = NewCell.swift; path = ../../Controller/News/NewCell.swift; sourceTree = "<group>"; };
		033DFFA61E94953400D6F04B /* SettingVC.swift */ = {isa = PBXFileReference; fileEncoding = 4; lastKnownFileType = sourcecode.swift; path = SettingVC.swift; sourceTree = "<group>"; };
		033DFFA81E94956500D6F04B /* SettingVC.xib */ = {isa = PBXFileReference; fileEncoding = 4; lastKnownFileType = file.xib; path = SettingVC.xib; sourceTree = "<group>"; };
		033DFFB51E94C80200D6F04B /* ProjectCell.swift */ = {isa = PBXFileReference; fileEncoding = 4; lastKnownFileType = sourcecode.swift; path = ProjectCell.swift; sourceTree = "<group>"; };
		033DFFB71E94C80C00D6F04B /* ProjectCell.xib */ = {isa = PBXFileReference; fileEncoding = 4; lastKnownFileType = file.xib; path = ProjectCell.xib; sourceTree = "<group>"; };
		033DFFBA1E94F9FF00D6F04B /* SettingCell.swift */ = {isa = PBXFileReference; fileEncoding = 4; lastKnownFileType = sourcecode.swift; path = SettingCell.swift; sourceTree = "<group>"; };
		033DFFBC1E94FA0900D6F04B /* SettingCell.xib */ = {isa = PBXFileReference; fileEncoding = 4; lastKnownFileType = file.xib; path = SettingCell.xib; sourceTree = "<group>"; };
		033DFFBF1E94FEE700D6F04B /* DetailLanguageVC.swift */ = {isa = PBXFileReference; fileEncoding = 4; lastKnownFileType = sourcecode.swift; path = DetailLanguageVC.swift; sourceTree = "<group>"; };
		033DFFC11E94FEF800D6F04B /* DetailLanguageVC.xib */ = {isa = PBXFileReference; fileEncoding = 4; lastKnownFileType = file.xib; path = DetailLanguageVC.xib; sourceTree = "<group>"; };
		039A054E1E8A6B3200002290 /* PartnersCell.xib */ = {isa = PBXFileReference; fileEncoding = 4; lastKnownFileType = file.xib; name = PartnersCell.xib; path = ../../Controller/More/PartnersCell.xib; sourceTree = "<group>"; };
		03A9EA9D1E8B8FD500EE1150 /* PartnersService.swift */ = {isa = PBXFileReference; fileEncoding = 4; lastKnownFileType = sourcecode.swift; path = PartnersService.swift; sourceTree = "<group>"; };
		03B15A971EAE515900A71F77 /* ProjectDetailVC2.swift */ = {isa = PBXFileReference; fileEncoding = 4; lastKnownFileType = sourcecode.swift; path = ProjectDetailVC2.swift; sourceTree = "<group>"; };
		03B15A991EAE64EE00A71F77 /* ProjectDetailVC3.swift */ = {isa = PBXFileReference; fileEncoding = 4; lastKnownFileType = sourcecode.swift; path = ProjectDetailVC3.swift; sourceTree = "<group>"; };
		03C253191EB0AD4C00BE373C /* PhotoVC.swift */ = {isa = PBXFileReference; fileEncoding = 4; lastKnownFileType = sourcecode.swift; path = PhotoVC.swift; sourceTree = "<group>"; };
		03CD04101E91E5D3001DBB12 /* ProjectVC.xib */ = {isa = PBXFileReference; fileEncoding = 4; lastKnownFileType = file.xib; name = ProjectVC.xib; path = ../More/ProjectVC.xib; sourceTree = "<group>"; };
		03CD04121E91E5E5001DBB12 /* ProjectVC.swift */ = {isa = PBXFileReference; fileEncoding = 4; lastKnownFileType = sourcecode.swift; name = ProjectVC.swift; path = ../More/ProjectVC.swift; sourceTree = "<group>"; };
		03DFAED11E8917670051F37F /* MoreService.swift */ = {isa = PBXFileReference; fileEncoding = 4; lastKnownFileType = sourcecode.swift; path = MoreService.swift; sourceTree = "<group>"; };
		03E92B2F1E9F17C500DC5D70 /* HomeDataModel.swift */ = {isa = PBXFileReference; fileEncoding = 4; lastKnownFileType = sourcecode.swift; path = HomeDataModel.swift; sourceTree = "<group>"; };
		03EF402F1E836F7000D14F0D /* NewService.swift */ = {isa = PBXFileReference; fileEncoding = 4; lastKnownFileType = sourcecode.swift; path = NewService.swift; sourceTree = "<group>"; };
		03FACBDD1EA1B83E00950E5E /* BlockAlias.swift */ = {isa = PBXFileReference; fileEncoding = 4; lastKnownFileType = sourcecode.swift; path = BlockAlias.swift; sourceTree = "<group>"; };
		03FACBE41EA1FAAC00950E5E /* HomeService.swift */ = {isa = PBXFileReference; fileEncoding = 4; lastKnownFileType = sourcecode.swift; path = HomeService.swift; sourceTree = "<group>"; };
		03FCEBD41E9C7A3C00F0E962 /* NewDetailVC.swift */ = {isa = PBXFileReference; fileEncoding = 4; lastKnownFileType = sourcecode.swift; path = NewDetailVC.swift; sourceTree = "<group>"; };
		03FCEBD61E9C7A6000F0E962 /* NewDetailVC.xib */ = {isa = PBXFileReference; fileEncoding = 4; lastKnownFileType = file.xib; path = NewDetailVC.xib; sourceTree = "<group>"; };
		03FDC7691E8B4FBF001A2CD7 /* PartnersCell.swift */ = {isa = PBXFileReference; fileEncoding = 4; lastKnownFileType = sourcecode.swift; path = PartnersCell.swift; sourceTree = "<group>"; };
		2235AB8B1EA8B8220098AAF0 /* Profile.swift */ = {isa = PBXFileReference; fileEncoding = 4; lastKnownFileType = sourcecode.swift; path = Profile.swift; sourceTree = "<group>"; };
		2235AB8C1EA8B8220098AAF0 /* Profile.xib */ = {isa = PBXFileReference; fileEncoding = 4; lastKnownFileType = file.xib; path = Profile.xib; sourceTree = "<group>"; };
		2269315F1EA4554D0004EDDE /* AboutusDataModels.swift */ = {isa = PBXFileReference; fileEncoding = 4; lastKnownFileType = sourcecode.swift; path = AboutusDataModels.swift; sourceTree = "<group>"; };
		226931621EA458660004EDDE /* AboutusService.swift */ = {isa = PBXFileReference; fileEncoding = 4; lastKnownFileType = sourcecode.swift; path = AboutusService.swift; sourceTree = "<group>"; };
		226931651EA45D090004EDDE /* AboutusCell.swift */ = {isa = PBXFileReference; fileEncoding = 4; lastKnownFileType = sourcecode.swift; path = AboutusCell.swift; sourceTree = "<group>"; };
		226931661EA45D090004EDDE /* AboutusCell.xib */ = {isa = PBXFileReference; fileEncoding = 4; lastKnownFileType = file.xib; path = AboutusCell.xib; sourceTree = "<group>"; };
		229691931EA5FEB7001EC516 /* TermsCell.swift */ = {isa = PBXFileReference; fileEncoding = 4; lastKnownFileType = sourcecode.swift; path = TermsCell.swift; sourceTree = "<group>"; };
		229691941EA5FEB7001EC516 /* TermsCell.xib */ = {isa = PBXFileReference; fileEncoding = 4; lastKnownFileType = file.xib; path = TermsCell.xib; sourceTree = "<group>"; };
		229691981EA60309001EC516 /* TermsModel.swift */ = {isa = PBXFileReference; fileEncoding = 4; lastKnownFileType = sourcecode.swift; path = TermsModel.swift; sourceTree = "<group>"; };
		2296919B1EA603EF001EC516 /* TermsService.swift */ = {isa = PBXFileReference; fileEncoding = 4; lastKnownFileType = sourcecode.swift; path = TermsService.swift; sourceTree = "<group>"; };
		2296919E1EA60DCB001EC516 /* SiginModel.swift */ = {isa = PBXFileReference; fileEncoding = 4; lastKnownFileType = sourcecode.swift; path = SiginModel.swift; sourceTree = "<group>"; };
		229691A11EA6108F001EC516 /* SiginService.swift */ = {isa = PBXFileReference; fileEncoding = 4; lastKnownFileType = sourcecode.swift; path = SiginService.swift; sourceTree = "<group>"; };
		22C1D0661EA0A2C200FB02BC /* RecruitmentDataModel.swift */ = {isa = PBXFileReference; fileEncoding = 4; lastKnownFileType = sourcecode.swift; path = RecruitmentDataModel.swift; sourceTree = "<group>"; };
		22C1D0691EA0A5CD00FB02BC /* RecuitmentService.swift */ = {isa = PBXFileReference; fileEncoding = 4; lastKnownFileType = sourcecode.swift; path = RecuitmentService.swift; sourceTree = "<group>"; };
		22DA00891EA9C1FD000B8F23 /* UpdateVC.swift */ = {isa = PBXFileReference; fileEncoding = 4; lastKnownFileType = sourcecode.swift; path = UpdateVC.swift; sourceTree = "<group>"; };
		22DA008A1EA9C1FD000B8F23 /* UpdateVC.xib */ = {isa = PBXFileReference; fileEncoding = 4; lastKnownFileType = file.xib; path = UpdateVC.xib; sourceTree = "<group>"; };
		22DA008E1EA9C840000B8F23 /* ChangePassVC.swift */ = {isa = PBXFileReference; fileEncoding = 4; lastKnownFileType = sourcecode.swift; path = ChangePassVC.swift; sourceTree = "<group>"; };
		22DA008F1EA9C840000B8F23 /* ChangePassVC.xib */ = {isa = PBXFileReference; fileEncoding = 4; lastKnownFileType = file.xib; path = ChangePassVC.xib; sourceTree = "<group>"; };
		22DB86921EA5AA8800DE558C /* SignupVC.swift */ = {isa = PBXFileReference; fileEncoding = 4; lastKnownFileType = sourcecode.swift; path = SignupVC.swift; sourceTree = "<group>"; };
		22DB86931EA5AA8800DE558C /* SignupVC.xib */ = {isa = PBXFileReference; fileEncoding = 4; lastKnownFileType = file.xib; path = SignupVC.xib; sourceTree = "<group>"; };
		25EEFB10212C2556A9870E92 /* Pods_PPCApp.framework */ = {isa = PBXFileReference; explicitFileType = wrapper.framework; includeInIndex = 0; path = Pods_PPCApp.framework; sourceTree = BUILT_PRODUCTS_DIR; };
		2DE0FCB6F5347FFE291379D4 /* Pods-PPCAppTests.release.xcconfig */ = {isa = PBXFileReference; includeInIndex = 1; lastKnownFileType = text.xcconfig; name = "Pods-PPCAppTests.release.xcconfig"; path = "Pods/Target Support Files/Pods-PPCAppTests/Pods-PPCAppTests.release.xcconfig"; sourceTree = "<group>"; };
		31FD0D050E0182ED9B44A883 /* Pods_PPCAppTests.framework */ = {isa = PBXFileReference; explicitFileType = wrapper.framework; includeInIndex = 0; path = Pods_PPCAppTests.framework; sourceTree = BUILT_PRODUCTS_DIR; };
		4E13D22C1E836035002E03A1 /* APIService.swift */ = {isa = PBXFileReference; fileEncoding = 4; lastKnownFileType = sourcecode.swift; path = APIService.swift; sourceTree = "<group>"; };
		4E13D22D1E836035002E03A1 /* PostService.swift */ = {isa = PBXFileReference; fileEncoding = 4; lastKnownFileType = sourcecode.swift; path = PostService.swift; sourceTree = "<group>"; };
		4E13D2311E836059002E03A1 /* LanguageManager.swift */ = {isa = PBXFileReference; fileEncoding = 4; lastKnownFileType = sourcecode.swift; path = LanguageManager.swift; sourceTree = "<group>"; };
		4E13D2441E83621C002E03A1 /* Base */ = {isa = PBXFileReference; lastKnownFileType = text.plist.strings; name = Base; path = Base.lproj/Localizable.strings; sourceTree = "<group>"; };
		4E13D2461E83621F002E03A1 /* en */ = {isa = PBXFileReference; lastKnownFileType = text.plist.strings; name = en; path = en.lproj/Localizable.strings; sourceTree = "<group>"; };
		4E13D2471E836220002E03A1 /* vi */ = {isa = PBXFileReference; lastKnownFileType = text.plist.strings; name = vi; path = vi.lproj/Localizable.strings; sourceTree = "<group>"; };
		4E13D2491E836264002E03A1 /* en */ = {isa = PBXFileReference; lastKnownFileType = text.plist.strings; name = en; path = en.lproj/Main.strings; sourceTree = "<group>"; };
		4E13D24B1E8362B7002E03A1 /* vi */ = {isa = PBXFileReference; lastKnownFileType = text.plist.strings; name = vi; path = vi.lproj/Main.strings; sourceTree = "<group>"; };
		4E13D24D1E8362CA002E03A1 /* en */ = {isa = PBXFileReference; lastKnownFileType = text.plist.strings; name = en; path = en.lproj/LaunchScreen.strings; sourceTree = "<group>"; };
		4E13D24F1E8362D5002E03A1 /* vi */ = {isa = PBXFileReference; lastKnownFileType = text.plist.strings; name = vi; path = vi.lproj/LaunchScreen.strings; sourceTree = "<group>"; };
		4E13D2501E8365B3002E03A1 /* Extensions.swift */ = {isa = PBXFileReference; fileEncoding = 4; lastKnownFileType = sourcecode.swift; path = Extensions.swift; sourceTree = "<group>"; };
		4E13D2521E836BC1002E03A1 /* MoreVC.swift */ = {isa = PBXFileReference; fileEncoding = 4; lastKnownFileType = sourcecode.swift; path = MoreVC.swift; sourceTree = "<group>"; };
		4E13D2531E836BC1002E03A1 /* MoreVC.xib */ = {isa = PBXFileReference; fileEncoding = 4; lastKnownFileType = file.xib; path = MoreVC.xib; sourceTree = "<group>"; };
		4E13D2561E836BDC002E03A1 /* NewsVC.swift */ = {isa = PBXFileReference; fileEncoding = 4; lastKnownFileType = sourcecode.swift; path = NewsVC.swift; sourceTree = "<group>"; };
		4E13D2571E836BDC002E03A1 /* NewsVC.xib */ = {isa = PBXFileReference; fileEncoding = 4; lastKnownFileType = file.xib; path = NewsVC.xib; sourceTree = "<group>"; };
		4E13D25A1E837E7A002E03A1 /* HomeCell.swift */ = {isa = PBXFileReference; fileEncoding = 4; lastKnownFileType = sourcecode.swift; name = HomeCell.swift; path = ../HomeCell.swift; sourceTree = "<group>"; };
		4E13D25D1E8382E9002E03A1 /* PostCell.swift */ = {isa = PBXFileReference; fileEncoding = 4; lastKnownFileType = sourcecode.swift; path = PostCell.swift; sourceTree = "<group>"; };
		4E13D25F1E83B742002E03A1 /* PostDetailVC.swift */ = {isa = PBXFileReference; fileEncoding = 4; lastKnownFileType = sourcecode.swift; path = PostDetailVC.swift; sourceTree = "<group>"; };
		4E13D2611E83BCED002E03A1 /* FilterVC.swift */ = {isa = PBXFileReference; fileEncoding = 4; lastKnownFileType = sourcecode.swift; path = FilterVC.swift; sourceTree = "<group>"; };
		4E456C551E8BF831003D8C55 /* PostDetailInfoView.swift */ = {isa = PBXFileReference; fileEncoding = 4; lastKnownFileType = sourcecode.swift; path = PostDetailInfoView.swift; sourceTree = "<group>"; };
		4E456C571E8BF84D003D8C55 /* SearchVC.swift */ = {isa = PBXFileReference; fileEncoding = 4; lastKnownFileType = sourcecode.swift; path = SearchVC.swift; sourceTree = "<group>"; };
		4E600B2B1E934AD50028C3F1 /* Places.swift */ = {isa = PBXFileReference; fileEncoding = 4; lastKnownFileType = sourcecode.swift; path = Places.swift; sourceTree = "<group>"; };
		4E600B2D1E9352120028C3F1 /* ImageDetailLauncher.swift */ = {isa = PBXFileReference; fileEncoding = 4; lastKnownFileType = sourcecode.swift; path = ImageDetailLauncher.swift; sourceTree = "<group>"; };
		4E600B2F1E9377620028C3F1 /* BaseLauncher.swift */ = {isa = PBXFileReference; fileEncoding = 4; lastKnownFileType = sourcecode.swift; path = BaseLauncher.swift; sourceTree = "<group>"; };
		4E872DCA1E9238EA00B0592F /* FilterButton.swift */ = {isa = PBXFileReference; fileEncoding = 4; lastKnownFileType = sourcecode.swift; path = FilterButton.swift; sourceTree = "<group>"; };
		4E872DCC1E9246A000B0592F /* PickerLauncher.swift */ = {isa = PBXFileReference; fileEncoding = 4; lastKnownFileType = sourcecode.swift; name = PickerLauncher.swift; path = ../PickerLauncher.swift; sourceTree = "<group>"; };
		4ED32DD41E7F809C0075BF3F /* PPCApp.app */ = {isa = PBXFileReference; explicitFileType = wrapper.application; includeInIndex = 0; path = PPCApp.app; sourceTree = BUILT_PRODUCTS_DIR; };
		4ED32DD71E7F809C0075BF3F /* AppDelegate.swift */ = {isa = PBXFileReference; lastKnownFileType = sourcecode.swift; path = AppDelegate.swift; sourceTree = "<group>"; };
		4ED32DDC1E7F809C0075BF3F /* Base */ = {isa = PBXFileReference; lastKnownFileType = file.storyboard; name = Base; path = Base.lproj/Main.storyboard; sourceTree = "<group>"; };
		4ED32DDF1E7F809C0075BF3F /* PPCApp.xcdatamodel */ = {isa = PBXFileReference; lastKnownFileType = wrapper.xcdatamodel; path = PPCApp.xcdatamodel; sourceTree = "<group>"; };
		4ED32DE11E7F809C0075BF3F /* Assets.xcassets */ = {isa = PBXFileReference; lastKnownFileType = folder.assetcatalog; path = Assets.xcassets; sourceTree = "<group>"; };
		4ED32DE41E7F809C0075BF3F /* Base */ = {isa = PBXFileReference; lastKnownFileType = file.storyboard; name = Base; path = Base.lproj/LaunchScreen.storyboard; sourceTree = "<group>"; };
		4ED32DE61E7F809C0075BF3F /* Info.plist */ = {isa = PBXFileReference; lastKnownFileType = text.plist.xml; path = Info.plist; sourceTree = "<group>"; };
		4ED32DEB1E7F809C0075BF3F /* PPCAppTests.xctest */ = {isa = PBXFileReference; explicitFileType = wrapper.cfbundle; includeInIndex = 0; path = PPCAppTests.xctest; sourceTree = BUILT_PRODUCTS_DIR; };
		4ED32DEF1E7F809C0075BF3F /* PPCAppTests.swift */ = {isa = PBXFileReference; lastKnownFileType = sourcecode.swift; path = PPCAppTests.swift; sourceTree = "<group>"; };
		4ED32DF11E7F809C0075BF3F /* Info.plist */ = {isa = PBXFileReference; lastKnownFileType = text.plist.xml; path = Info.plist; sourceTree = "<group>"; };
		4ED32E031E7FBC600075BF3F /* MainTabVC.swift */ = {isa = PBXFileReference; fileEncoding = 4; lastKnownFileType = sourcecode.swift; path = MainTabVC.swift; sourceTree = "<group>"; };
		4ED32E091E7FBCAE0075BF3F /* HomeVC.swift */ = {isa = PBXFileReference; fileEncoding = 4; lastKnownFileType = sourcecode.swift; path = HomeVC.swift; sourceTree = "<group>"; };
		4ED32E111E7FC38F0075BF3F /* BaseVC.swift */ = {isa = PBXFileReference; fileEncoding = 4; lastKnownFileType = sourcecode.swift; path = BaseVC.swift; sourceTree = "<group>"; };
		63481EF2B4BF94E4C4BA930C /* Pods-PPCApp.debug.xcconfig */ = {isa = PBXFileReference; includeInIndex = 1; lastKnownFileType = text.xcconfig; name = "Pods-PPCApp.debug.xcconfig"; path = "Pods/Target Support Files/Pods-PPCApp/Pods-PPCApp.debug.xcconfig"; sourceTree = "<group>"; };
		7F8229B89E27EB125E266AEC /* Pods-PPCAppTests.debug.xcconfig */ = {isa = PBXFileReference; includeInIndex = 1; lastKnownFileType = text.xcconfig; name = "Pods-PPCAppTests.debug.xcconfig"; path = "Pods/Target Support Files/Pods-PPCAppTests/Pods-PPCAppTests.debug.xcconfig"; sourceTree = "<group>"; };
		C14D28E8AEF7AAEA4C41A0E4 /* Pods-PPCApp.release.xcconfig */ = {isa = PBXFileReference; includeInIndex = 1; lastKnownFileType = text.xcconfig; name = "Pods-PPCApp.release.xcconfig"; path = "Pods/Target Support Files/Pods-PPCApp/Pods-PPCApp.release.xcconfig"; sourceTree = "<group>"; };
/* End PBXFileReference section */

/* Begin PBXFrameworksBuildPhase section */
		4ED32DD11E7F809C0075BF3F /* Frameworks */ = {
			isa = PBXFrameworksBuildPhase;
			buildActionMask = 2147483647;
			files = (
				75048553B0E176D8E9E727B9 /* Pods_PPCApp.framework in Frameworks */,
			);
			runOnlyForDeploymentPostprocessing = 0;
		};
		4ED32DE81E7F809C0075BF3F /* Frameworks */ = {
			isa = PBXFrameworksBuildPhase;
			buildActionMask = 2147483647;
			files = (
				FACC84D0C2BD28A811DAC99C /* Pods_PPCAppTests.framework in Frameworks */,
			);
			runOnlyForDeploymentPostprocessing = 0;
		};
/* End PBXFrameworksBuildPhase section */

/* Begin PBXGroup section */
		0305399D1EA479BA00DFFF79 /* Post */ = {
			isa = PBXGroup;
			children = (
				03C253181EB0AC7F00BE373C /* Photos */,
				0305399E1EA47A9A00DFFF79 /* ProjectDetailVC1.swift */,
				03B15A971EAE515900A71F77 /* ProjectDetailVC2.swift */,
				03B15A991EAE64EE00A71F77 /* ProjectDetailVC3.swift */,
			);
			name = Post;
			sourceTree = "<group>";
		};
		030854E21EA0DA0800BB3B84 /* Constants */ = {
			isa = PBXGroup;
			children = (
				03FACBDD1EA1B83E00950E5E /* BlockAlias.swift */,
			);
			name = Constants;
			sourceTree = "<group>";
		};
		0314F0BC1E8A017400A4E15D /* Terms */ = {
			isa = PBXGroup;
			children = (
				031F5F2D1E8A475000CBE3C6 /* TermsVC.xib */,
				0314F0BD1E8A019400A4E15D /* TermsVC.swift */,
			);
			name = Terms;
			sourceTree = "<group>";
		};
		0314F0C11E8A031500A4E15D /* Recruitment */ = {
			isa = PBXGroup;
			children = (
				03152B961E9340140056C339 /* RecruitmentDetailVC.xib */,
				03152B981E9340300056C339 /* RecruitmentDetailVC.swift */,
				0314F0C41E8A036000A4E15D /* RecruitmentVC.xib */,
				0314F0C21E8A033800A4E15D /* RecruitmentVC.swift */,
			);
			name = Recruitment;
			sourceTree = "<group>";
		};
		0314F0C61E8A041600A4E15D /* About */ = {
			isa = PBXGroup;
			children = (
				0314F0C91E8A04B900A4E15D /* AboutVC.xib */,
				03152B9A1E934A980056C339 /* AboutVC.swift */,
			);
			name = About;
			sourceTree = "<group>";
		};
		0314F0CB1E8A04F600A4E15D /* Partners */ = {
			isa = PBXGroup;
			children = (
				0314F0CE1E8A053100A4E15D /* PartnersVC.xib */,
				0314F0CC1E8A050900A4E15D /* PartnersVC.swift */,
			);
			name = Partners;
			sourceTree = "<group>";
		};
		031CF7541E9B2E2A00A58994 /* SignIn */ = {
			isa = PBXGroup;
			children = (
				22DB86911EA5A9EE00DE558C /* SignUp */,
				031CF7551E9B2EDF00A58994 /* SignInVC.xib */,
				031CF7571E9B2EF000A58994 /* SignInVC.swift */,
			);
			name = SignIn;
			path = ../../View/Cell;
			sourceTree = "<group>";
		};
		0320CF5F1E8C9DBF00287090 /* Recruitment */ = {
			isa = PBXGroup;
			children = (
				0320CF601E8C9EE000287090 /* RecruitmentCell.xib */,
				0320CF621E8C9F0F00287090 /* RecruitmentCell.swift */,
			);
			name = Recruitment;
			sourceTree = "<group>";
		};
		033DFFB41E94C7E800D6F04B /* ProjectManager */ = {
			isa = PBXGroup;
			children = (
			);
			name = ProjectManager;
			sourceTree = "<group>";
		};
		033DFFB91E94F9F100D6F04B /* Setting */ = {
			isa = PBXGroup;
			children = (
				033DFFBC1E94FA0900D6F04B /* SettingCell.xib */,
				033DFFBA1E94F9FF00D6F04B /* SettingCell.swift */,
			);
			name = Setting;
			sourceTree = "<group>";
		};
		033DFFBE1E94FED100D6F04B /* DetailLanguage */ = {
			isa = PBXGroup;
			children = (
				033DFFC11E94FEF800D6F04B /* DetailLanguageVC.xib */,
				033DFFBF1E94FEE700D6F04B /* DetailLanguageVC.swift */,
			);
			name = DetailLanguage;
			sourceTree = "<group>";
		};
		037D4D391E8E3CEF00A132BE /* Setting */ = {
			isa = PBXGroup;
			children = (
				033DFFBE1E94FED100D6F04B /* DetailLanguage */,
				033DFFA81E94956500D6F04B /* SettingVC.xib */,
				033DFFA61E94953400D6F04B /* SettingVC.swift */,
			);
			name = Setting;
			sourceTree = "<group>";
		};
		03A9EA9B1E8B8FAE00EE1150 /* More */ = {
			isa = PBXGroup;
			children = (
				229691A01EA61073001EC516 /* Signin */,
				2296919A1EA603D5001EC516 /* Terms */,
				226931611EA4583B0004EDDE /* Aboutus */,
				22C1D0681EA0A59C00FB02BC /* Recruitment */,
				03A9EA9C1E8B8FBA00EE1150 /* Partners */,
				03DFAED11E8917670051F37F /* MoreService.swift */,
			);
			name = More;
			sourceTree = "<group>";
		};
		03A9EA9C1E8B8FBA00EE1150 /* Partners */ = {
			isa = PBXGroup;
			children = (
				03A9EA9D1E8B8FD500EE1150 /* PartnersService.swift */,
			);
			name = Partners;
			sourceTree = "<group>";
		};
		03C253181EB0AC7F00BE373C /* Photos */ = {
			isa = PBXGroup;
			children = (
				03C253191EB0AD4C00BE373C /* PhotoVC.swift */,
			);
			name = Photos;
			sourceTree = "<group>";
		};
		03E92B2E1E9F174900DC5D70 /* Home */ = {
			isa = PBXGroup;
			children = (
				03E92B2F1E9F17C500DC5D70 /* HomeDataModel.swift */,
			);
			name = Home;
			sourceTree = "<group>";
		};
		03FACBE11EA1CF6100950E5E /* Home */ = {
			isa = PBXGroup;
			children = (
				4E13D25A1E837E7A002E03A1 /* HomeCell.swift */,
				4E13D25D1E8382E9002E03A1 /* PostCell.swift */,
				030077211EA5B97C0050BEEA /* ImageCell.swift */,
			);
			name = Home;
			sourceTree = "<group>";
		};
		03FACBE21EA1CFC100950E5E /* News */ = {
			isa = PBXGroup;
			children = (
				0323E1CE1E83B70B00E6300F /* NewCell.xib */,
				0323E1D01E83BAF600E6300F /* NewCell.swift */,
			);
			name = News;
			sourceTree = "<group>";
		};
		03FACBE31EA1CFD200950E5E /* Project */ = {
			isa = PBXGroup;
			children = (
				033DFFB71E94C80C00D6F04B /* ProjectCell.xib */,
				033DFFB51E94C80200D6F04B /* ProjectCell.swift */,
			);
			name = Project;
			sourceTree = "<group>";
		};
		03FDC76B1E8B51D0001A2CD7 /* More */ = {
			isa = PBXGroup;
			children = (
				2296919D1EA60D23001EC516 /* Signin */,
				229691971EA602D6001EC516 /* Terms */,
				2269315E1EA455110004EDDE /* Aboutus */,
				22C1D0651EA0A26600FB02BC /* Recruitment */,
				03FDC7701E8B5352001A2CD7 /* Partners */,
				0322FDDA1E89069A009B589B /* MoreDataModel.swift */,
			);
			name = More;
			sourceTree = "<group>";
		};
		03FDC76E1E8B5263001A2CD7 /* More */ = {
			isa = PBXGroup;
			children = (
				229691921EA5FE5A001EC516 /* Terms */,
				226931641EA45CD80004EDDE /* Aboutus */,
				033DFFB91E94F9F100D6F04B /* Setting */,
				033DFFB41E94C7E800D6F04B /* ProjectManager */,
				0320CF5F1E8C9DBF00287090 /* Recruitment */,
				03FDC76F1E8B52C9001A2CD7 /* Partners */,
				0322FDD61E88FBAB009B589B /* MoreCell.xib */,
				0322FDD81E88FDA5009B589B /* MoreCell.swift */,
			);
			name = More;
			sourceTree = "<group>";
		};
		03FDC76F1E8B52C9001A2CD7 /* Partners */ = {
			isa = PBXGroup;
			children = (
				039A054E1E8A6B3200002290 /* PartnersCell.xib */,
				03FDC7691E8B4FBF001A2CD7 /* PartnersCell.swift */,
			);
			name = Partners;
			sourceTree = "<group>";
		};
		03FDC7701E8B5352001A2CD7 /* Partners */ = {
			isa = PBXGroup;
			children = (
				030D94781E8DFEFA00F32857 /* PartnersDataModel.swift */,
			);
			name = Partners;
			sourceTree = "<group>";
		};
		2235AB8A1EA8B7EA0098AAF0 /* Profile */ = {
			isa = PBXGroup;
			children = (
				2235AB8B1EA8B8220098AAF0 /* Profile.swift */,
				2235AB8C1EA8B8220098AAF0 /* Profile.xib */,
			);
			name = Profile;
			sourceTree = "<group>";
		};
		2269315E1EA455110004EDDE /* Aboutus */ = {
			isa = PBXGroup;
			children = (
				2269315F1EA4554D0004EDDE /* AboutusDataModels.swift */,
			);
			name = Aboutus;
			sourceTree = "<group>";
		};
		226931611EA4583B0004EDDE /* Aboutus */ = {
			isa = PBXGroup;
			children = (
				226931621EA458660004EDDE /* AboutusService.swift */,
			);
			name = Aboutus;
			sourceTree = "<group>";
		};
		226931641EA45CD80004EDDE /* Aboutus */ = {
			isa = PBXGroup;
			children = (
				226931651EA45D090004EDDE /* AboutusCell.swift */,
				226931661EA45D090004EDDE /* AboutusCell.xib */,
			);
			name = Aboutus;
			sourceTree = "<group>";
		};
		229691921EA5FE5A001EC516 /* Terms */ = {
			isa = PBXGroup;
			children = (
				229691931EA5FEB7001EC516 /* TermsCell.swift */,
				229691941EA5FEB7001EC516 /* TermsCell.xib */,
			);
			name = Terms;
			sourceTree = "<group>";
		};
		229691971EA602D6001EC516 /* Terms */ = {
			isa = PBXGroup;
			children = (
				229691981EA60309001EC516 /* TermsModel.swift */,
			);
			name = Terms;
			sourceTree = "<group>";
		};
		2296919A1EA603D5001EC516 /* Terms */ = {
			isa = PBXGroup;
			children = (
				2296919B1EA603EF001EC516 /* TermsService.swift */,
			);
			name = Terms;
			sourceTree = "<group>";
		};
		2296919D1EA60D23001EC516 /* Signin */ = {
			isa = PBXGroup;
			children = (
				2296919E1EA60DCB001EC516 /* SiginModel.swift */,
			);
			name = Signin;
			sourceTree = "<group>";
		};
		229691A01EA61073001EC516 /* Signin */ = {
			isa = PBXGroup;
			children = (
				229691A11EA6108F001EC516 /* SiginService.swift */,
			);
			name = Signin;
			sourceTree = "<group>";
		};
		22C1D0651EA0A26600FB02BC /* Recruitment */ = {
			isa = PBXGroup;
			children = (
				22C1D0661EA0A2C200FB02BC /* RecruitmentDataModel.swift */,
			);
			name = Recruitment;
			sourceTree = "<group>";
		};
		22C1D0681EA0A59C00FB02BC /* Recruitment */ = {
			isa = PBXGroup;
			children = (
				22C1D0691EA0A5CD00FB02BC /* RecuitmentService.swift */,
			);
			name = Recruitment;
			sourceTree = "<group>";
		};
		22DA00881EA9C1D3000B8F23 /* Update */ = {
			isa = PBXGroup;
			children = (
				22DA00891EA9C1FD000B8F23 /* UpdateVC.swift */,
				22DA008A1EA9C1FD000B8F23 /* UpdateVC.xib */,
			);
			name = Update;
			sourceTree = "<group>";
		};
		22DA008D1EA9C813000B8F23 /* ChangePass */ = {
			isa = PBXGroup;
			children = (
				22DA008E1EA9C840000B8F23 /* ChangePassVC.swift */,
				22DA008F1EA9C840000B8F23 /* ChangePassVC.xib */,
			);
			name = ChangePass;
			sourceTree = "<group>";
		};
		22DB86911EA5A9EE00DE558C /* SignUp */ = {
			isa = PBXGroup;
			children = (
				22DB86921EA5AA8800DE558C /* SignupVC.swift */,
				22DB86931EA5AA8800DE558C /* SignupVC.xib */,
			);
			name = SignUp;
			sourceTree = "<group>";
		};
		4E13D22B1E836035002E03A1 /* AppService */ = {
			isa = PBXGroup;
			children = (
				03A9EA9B1E8B8FAE00EE1150 /* More */,
				4E13D22C1E836035002E03A1 /* APIService.swift */,
				4E13D22D1E836035002E03A1 /* PostService.swift */,
				03EF402F1E836F7000D14F0D /* NewService.swift */,
				03FACBE41EA1FAAC00950E5E /* HomeService.swift */,
				030794491EADBB6E0039A96B /* ProjectService.swift */,
			);
			path = AppService;
			sourceTree = "<group>";
		};
		4E13D2301E836059002E03A1 /* Helpers */ = {
			isa = PBXGroup;
			children = (
				4E13D2311E836059002E03A1 /* LanguageManager.swift */,
				4E13D2501E8365B3002E03A1 /* Extensions.swift */,
			);
			path = Helpers;
			sourceTree = "<group>";
		};
		4E13D25C1E837EC1002E03A1 /* Cell */ = {
			isa = PBXGroup;
			children = (
				03FACBE11EA1CF6100950E5E /* Home */,
				03FACBE31EA1CFD200950E5E /* Project */,
				03FACBE21EA1CFC100950E5E /* News */,
				03FDC76E1E8B5263001A2CD7 /* More */,
			);
			path = Cell;
			sourceTree = "<group>";
		};
		4E456C541E8BF831003D8C55 /* CustomView */ = {
			isa = PBXGroup;
			children = (
				4E456C551E8BF831003D8C55 /* PostDetailInfoView.swift */,
			);
			path = CustomView;
			sourceTree = "<group>";
		};
		4E4DD76B1E8217A100C0CD9B /* View */ = {
			isa = PBXGroup;
			children = (
				4E872DC91E9238CA00B0592F /* Button */,
				4E456C541E8BF831003D8C55 /* CustomView */,
				4E13D25C1E837EC1002E03A1 /* Cell */,
			);
			path = View;
			sourceTree = "<group>";
		};
		4E4DD76F1E82184800C0CD9B /* Models */ = {
			isa = PBXGroup;
			children = (
				03E92B2E1E9F174900DC5D70 /* Home */,
				03FDC76B1E8B51D0001A2CD7 /* More */,
				0323E1C81E83702000E6300F /* NewDataModel.swift */,
				4E600B2B1E934AD50028C3F1 /* Places.swift */,
			);
			path = Models;
			sourceTree = "<group>";
		};
		4E872DC91E9238CA00B0592F /* Button */ = {
			isa = PBXGroup;
			children = (
				4E872DCA1E9238EA00B0592F /* FilterButton.swift */,
				0313145F1EAEF84E007B952F /* InfoTextField.swift */,
				031314611EAEFA59007B952F /* CustomButtonView.swift */,
			);
			path = Button;
			sourceTree = "<group>";
		};
		4E872DCE1E92529400B0592F /* Launcher */ = {
			isa = PBXGroup;
			children = (
				4E872DCC1E9246A000B0592F /* PickerLauncher.swift */,
				4E600B2D1E9352120028C3F1 /* ImageDetailLauncher.swift */,
				4E600B2F1E9377620028C3F1 /* BaseLauncher.swift */,
			);
			path = Launcher;
			sourceTree = "<group>";
		};
		4ED32DCB1E7F809C0075BF3F = {
			isa = PBXGroup;
			children = (
				4ED32DD61E7F809C0075BF3F /* PPCApp */,
				4ED32DEE1E7F809C0075BF3F /* PPCAppTests */,
				4ED32DD51E7F809C0075BF3F /* Products */,
				9ABF18044D9654BFB0EBA1B7 /* Pods */,
				A683C1AA8F9184F9F539BB89 /* Frameworks */,
			);
			sourceTree = "<group>";
		};
		4ED32DD51E7F809C0075BF3F /* Products */ = {
			isa = PBXGroup;
			children = (
				4ED32DD41E7F809C0075BF3F /* PPCApp.app */,
				4ED32DEB1E7F809C0075BF3F /* PPCAppTests.xctest */,
			);
			name = Products;
			sourceTree = "<group>";
		};
		4ED32DD61E7F809C0075BF3F /* PPCApp */ = {
			isa = PBXGroup;
			children = (
				030854E21EA0DA0800BB3B84 /* Constants */,
				4E13D2301E836059002E03A1 /* Helpers */,
				4E13D22B1E836035002E03A1 /* AppService */,
				4E4DD76F1E82184800C0CD9B /* Models */,
				4E4DD76B1E8217A100C0CD9B /* View */,
				4ED32E021E7FBC4B0075BF3F /* Controller */,
				4ED32DD71E7F809C0075BF3F /* AppDelegate.swift */,
				4ED32DDB1E7F809C0075BF3F /* Main.storyboard */,
				4ED32DE11E7F809C0075BF3F /* Assets.xcassets */,
				4ED32DE31E7F809C0075BF3F /* LaunchScreen.storyboard */,
				4ED32DE61E7F809C0075BF3F /* Info.plist */,
				4ED32DDE1E7F809C0075BF3F /* PPCApp.xcdatamodeld */,
				4E13D2451E83621C002E03A1 /* Localizable.strings */,
			);
			path = PPCApp;
			sourceTree = "<group>";
		};
		4ED32DEE1E7F809C0075BF3F /* PPCAppTests */ = {
			isa = PBXGroup;
			children = (
				4ED32DEF1E7F809C0075BF3F /* PPCAppTests.swift */,
				4ED32DF11E7F809C0075BF3F /* Info.plist */,
			);
			path = PPCAppTests;
			sourceTree = "<group>";
		};
		4ED32E021E7FBC4B0075BF3F /* Controller */ = {
			isa = PBXGroup;
			children = (
				4ED32E051E7FBC6A0075BF3F /* Home */,
				4ED32E061E7FBC750075BF3F /* Project */,
				4ED32E071E7FBC820075BF3F /* News */,
				4ED32E081E7FBC930075BF3F /* More */,
				4ED32E031E7FBC600075BF3F /* MainTabVC.swift */,
				4ED32E111E7FC38F0075BF3F /* BaseVC.swift */,
			);
			path = Controller;
			sourceTree = "<group>";
		};
		4ED32E051E7FBC6A0075BF3F /* Home */ = {
			isa = PBXGroup;
			children = (
				4E872DCE1E92529400B0592F /* Launcher */,
				4E456C571E8BF84D003D8C55 /* SearchVC.swift */,
				4ED32E091E7FBCAE0075BF3F /* HomeVC.swift */,
				4E13D25F1E83B742002E03A1 /* PostDetailVC.swift */,
				4E13D2611E83BCED002E03A1 /* FilterVC.swift */,
			);
			path = Home;
			sourceTree = "<group>";
		};
		4ED32E061E7FBC750075BF3F /* Project */ = {
			isa = PBXGroup;
			children = (
				0305399D1EA479BA00DFFF79 /* Post */,
				03CD04101E91E5D3001DBB12 /* ProjectVC.xib */,
				03CD04121E91E5E5001DBB12 /* ProjectVC.swift */,
			);
			name = Project;
			path = Post;
			sourceTree = "<group>";
		};
		4ED32E071E7FBC820075BF3F /* News */ = {
			isa = PBXGroup;
			children = (
				4E13D2571E836BDC002E03A1 /* NewsVC.xib */,
				4E13D2561E836BDC002E03A1 /* NewsVC.swift */,
				03FCEBD61E9C7A6000F0E962 /* NewDetailVC.xib */,
				03FCEBD41E9C7A3C00F0E962 /* NewDetailVC.swift */,
			);
			path = News;
			sourceTree = "<group>";
		};
		4ED32E081E7FBC930075BF3F /* More */ = {
			isa = PBXGroup;
			children = (
				22DA008D1EA9C813000B8F23 /* ChangePass */,
				22DA00881EA9C1D3000B8F23 /* Update */,
				2235AB8A1EA8B7EA0098AAF0 /* Profile */,
				031CF7541E9B2E2A00A58994 /* SignIn */,
				0314F0C11E8A031500A4E15D /* Recruitment */,
				0314F0CB1E8A04F600A4E15D /* Partners */,
				0314F0C61E8A041600A4E15D /* About */,
				0314F0BC1E8A017400A4E15D /* Terms */,
				037D4D391E8E3CEF00A132BE /* Setting */,
				4E13D2531E836BC1002E03A1 /* MoreVC.xib */,
				4E13D2521E836BC1002E03A1 /* MoreVC.swift */,
			);
			path = More;
			sourceTree = "<group>";
		};
		9ABF18044D9654BFB0EBA1B7 /* Pods */ = {
			isa = PBXGroup;
			children = (
				63481EF2B4BF94E4C4BA930C /* Pods-PPCApp.debug.xcconfig */,
				C14D28E8AEF7AAEA4C41A0E4 /* Pods-PPCApp.release.xcconfig */,
				7F8229B89E27EB125E266AEC /* Pods-PPCAppTests.debug.xcconfig */,
				2DE0FCB6F5347FFE291379D4 /* Pods-PPCAppTests.release.xcconfig */,
			);
			name = Pods;
			sourceTree = "<group>";
		};
		A683C1AA8F9184F9F539BB89 /* Frameworks */ = {
			isa = PBXGroup;
			children = (
				25EEFB10212C2556A9870E92 /* Pods_PPCApp.framework */,
				31FD0D050E0182ED9B44A883 /* Pods_PPCAppTests.framework */,
			);
			name = Frameworks;
			sourceTree = "<group>";
		};
/* End PBXGroup section */

/* Begin PBXNativeTarget section */
		4ED32DD31E7F809C0075BF3F /* PPCApp */ = {
			isa = PBXNativeTarget;
			buildConfigurationList = 4ED32DF41E7F809C0075BF3F /* Build configuration list for PBXNativeTarget "PPCApp" */;
			buildPhases = (
				4C6E95DC82F473349631A384 /* [CP] Check Pods Manifest.lock */,
				4ED32DD01E7F809C0075BF3F /* Sources */,
				4ED32DD11E7F809C0075BF3F /* Frameworks */,
				4ED32DD21E7F809C0075BF3F /* Resources */,
				676B464910E377A4C42962E1 /* [CP] Embed Pods Frameworks */,
				3F6ADEC3DC25B16EA5422DBE /* [CP] Copy Pods Resources */,
			);
			buildRules = (
			);
			dependencies = (
			);
			name = PPCApp;
			productName = PPCApp;
			productReference = 4ED32DD41E7F809C0075BF3F /* PPCApp.app */;
			productType = "com.apple.product-type.application";
		};
		4ED32DEA1E7F809C0075BF3F /* PPCAppTests */ = {
			isa = PBXNativeTarget;
			buildConfigurationList = 4ED32DF71E7F809C0075BF3F /* Build configuration list for PBXNativeTarget "PPCAppTests" */;
			buildPhases = (
				B4325C68F2FEF1D79507077A /* [CP] Check Pods Manifest.lock */,
				4ED32DE71E7F809C0075BF3F /* Sources */,
				4ED32DE81E7F809C0075BF3F /* Frameworks */,
				4ED32DE91E7F809C0075BF3F /* Resources */,
				09FEB634B3F42F87D05F777E /* [CP] Embed Pods Frameworks */,
				0320E510A5C3DD842FE27200 /* [CP] Copy Pods Resources */,
			);
			buildRules = (
			);
			dependencies = (
				4ED32DED1E7F809C0075BF3F /* PBXTargetDependency */,
			);
			name = PPCAppTests;
			productName = PPCAppTests;
			productReference = 4ED32DEB1E7F809C0075BF3F /* PPCAppTests.xctest */;
			productType = "com.apple.product-type.bundle.unit-test";
		};
/* End PBXNativeTarget section */

/* Begin PBXProject section */
		4ED32DCC1E7F809C0075BF3F /* Project object */ = {
			isa = PBXProject;
			attributes = {
				LastSwiftUpdateCheck = 0820;
				LastUpgradeCheck = 0830;
				ORGANIZATIONNAME = "Nguyen Duy Duong";
				TargetAttributes = {
					4ED32DD31E7F809C0075BF3F = {
						CreatedOnToolsVersion = 8.2.1;
						DevelopmentTeam = 7R93MWJ8VY;
						ProvisioningStyle = Automatic;
					};
					4ED32DEA1E7F809C0075BF3F = {
						CreatedOnToolsVersion = 8.2.1;
						DevelopmentTeam = FE5FXN233L;
						ProvisioningStyle = Automatic;
						TestTargetID = 4ED32DD31E7F809C0075BF3F;
					};
				};
			};
			buildConfigurationList = 4ED32DCF1E7F809C0075BF3F /* Build configuration list for PBXProject "PPCApp" */;
			compatibilityVersion = "Xcode 3.2";
			developmentRegion = English;
			hasScannedForEncodings = 0;
			knownRegions = (
				en,
				Base,
				vi,
			);
			mainGroup = 4ED32DCB1E7F809C0075BF3F;
			productRefGroup = 4ED32DD51E7F809C0075BF3F /* Products */;
			projectDirPath = "";
			projectRoot = "";
			targets = (
				4ED32DD31E7F809C0075BF3F /* PPCApp */,
				4ED32DEA1E7F809C0075BF3F /* PPCAppTests */,
			);
		};
/* End PBXProject section */

/* Begin PBXResourcesBuildPhase section */
		4ED32DD21E7F809C0075BF3F /* Resources */ = {
			isa = PBXResourcesBuildPhase;
			buildActionMask = 2147483647;
			files = (
				033DFFA91E94956500D6F04B /* SettingVC.xib in Resources */,
				033DFFC21E94FEF800D6F04B /* DetailLanguageVC.xib in Resources */,
				03CD04111E91E5D3001DBB12 /* ProjectVC.xib in Resources */,
				033DFFBD1E94FA0900D6F04B /* SettingCell.xib in Resources */,
				0322FDD71E88FBAB009B589B /* MoreCell.xib in Resources */,
				4E13D2551E836BC1002E03A1 /* MoreVC.xib in Resources */,
				031CF7561E9B2EDF00A58994 /* SignInVC.xib in Resources */,
				4ED32DE51E7F809C0075BF3F /* LaunchScreen.storyboard in Resources */,
				4E8BDBA91EAD93E70061D68C /* NewDetailVC.xib in Resources */,
				22DB86951EA5AA8800DE558C /* SignupVC.xib in Resources */,
				226931681EA45D090004EDDE /* AboutusCell.xib in Resources */,
				4E13D2431E83621C002E03A1 /* Localizable.strings in Resources */,
				0320CF611E8C9EE000287090 /* RecruitmentCell.xib in Resources */,
				4E13D2591E836BDC002E03A1 /* NewsVC.xib in Resources */,
				229691961EA5FEB7001EC516 /* TermsCell.xib in Resources */,
				2235AB8E1EA8B8220098AAF0 /* Profile.xib in Resources */,
				0314F0C51E8A036000A4E15D /* RecruitmentVC.xib in Resources */,
				4ED32DE21E7F809C0075BF3F /* Assets.xcassets in Resources */,
				033DFFB81E94C80C00D6F04B /* ProjectCell.xib in Resources */,
				03152B971E9340140056C339 /* RecruitmentDetailVC.xib in Resources */,
				22DA008C1EA9C1FD000B8F23 /* UpdateVC.xib in Resources */,
				0314F0CF1E8A053100A4E15D /* PartnersVC.xib in Resources */,
				039A054F1E8A6B3200002290 /* PartnersCell.xib in Resources */,
				031F5F2B1E8A475000CBE3C6 /* TermsVC.xib in Resources */,
				0323E1CF1E83B70B00E6300F /* NewCell.xib in Resources */,
				4ED32DDD1E7F809C0075BF3F /* Main.storyboard in Resources */,
				0314F0CA1E8A04B900A4E15D /* AboutVC.xib in Resources */,
			);
			runOnlyForDeploymentPostprocessing = 0;
		};
		4ED32DE91E7F809C0075BF3F /* Resources */ = {
			isa = PBXResourcesBuildPhase;
			buildActionMask = 2147483647;
			files = (
			);
			runOnlyForDeploymentPostprocessing = 0;
		};
/* End PBXResourcesBuildPhase section */

/* Begin PBXShellScriptBuildPhase section */
		0320E510A5C3DD842FE27200 /* [CP] Copy Pods Resources */ = {
			isa = PBXShellScriptBuildPhase;
			buildActionMask = 2147483647;
			files = (
			);
			inputPaths = (
			);
			name = "[CP] Copy Pods Resources";
			outputPaths = (
			);
			runOnlyForDeploymentPostprocessing = 0;
			shellPath = /bin/sh;
			shellScript = "\"${SRCROOT}/Pods/Target Support Files/Pods-PPCAppTests/Pods-PPCAppTests-resources.sh\"\n";
			showEnvVarsInLog = 0;
		};
		09FEB634B3F42F87D05F777E /* [CP] Embed Pods Frameworks */ = {
			isa = PBXShellScriptBuildPhase;
			buildActionMask = 2147483647;
			files = (
			);
			inputPaths = (
			);
			name = "[CP] Embed Pods Frameworks";
			outputPaths = (
			);
			runOnlyForDeploymentPostprocessing = 0;
			shellPath = /bin/sh;
			shellScript = "\"${SRCROOT}/Pods/Target Support Files/Pods-PPCAppTests/Pods-PPCAppTests-frameworks.sh\"\n";
			showEnvVarsInLog = 0;
		};
		3F6ADEC3DC25B16EA5422DBE /* [CP] Copy Pods Resources */ = {
			isa = PBXShellScriptBuildPhase;
			buildActionMask = 2147483647;
			files = (
			);
			inputPaths = (
			);
			name = "[CP] Copy Pods Resources";
			outputPaths = (
			);
			runOnlyForDeploymentPostprocessing = 0;
			shellPath = /bin/sh;
			shellScript = "\"${SRCROOT}/Pods/Target Support Files/Pods-PPCApp/Pods-PPCApp-resources.sh\"\n";
			showEnvVarsInLog = 0;
		};
		4C6E95DC82F473349631A384 /* [CP] Check Pods Manifest.lock */ = {
			isa = PBXShellScriptBuildPhase;
			buildActionMask = 2147483647;
			files = (
			);
			inputPaths = (
			);
			name = "[CP] Check Pods Manifest.lock";
			outputPaths = (
			);
			runOnlyForDeploymentPostprocessing = 0;
			shellPath = /bin/sh;
			shellScript = "diff \"${PODS_ROOT}/../Podfile.lock\" \"${PODS_ROOT}/Manifest.lock\" > /dev/null\nif [ $? != 0 ] ; then\n    # print error to STDERR\n    echo \"error: The sandbox is not in sync with the Podfile.lock. Run 'pod install' or update your CocoaPods installation.\" >&2\n    exit 1\nfi\n";
			showEnvVarsInLog = 0;
		};
		676B464910E377A4C42962E1 /* [CP] Embed Pods Frameworks */ = {
			isa = PBXShellScriptBuildPhase;
			buildActionMask = 2147483647;
			files = (
			);
			inputPaths = (
			);
			name = "[CP] Embed Pods Frameworks";
			outputPaths = (
			);
			runOnlyForDeploymentPostprocessing = 0;
			shellPath = /bin/sh;
			shellScript = "\"${SRCROOT}/Pods/Target Support Files/Pods-PPCApp/Pods-PPCApp-frameworks.sh\"\n";
			showEnvVarsInLog = 0;
		};
		B4325C68F2FEF1D79507077A /* [CP] Check Pods Manifest.lock */ = {
			isa = PBXShellScriptBuildPhase;
			buildActionMask = 2147483647;
			files = (
			);
			inputPaths = (
			);
			name = "[CP] Check Pods Manifest.lock";
			outputPaths = (
			);
			runOnlyForDeploymentPostprocessing = 0;
			shellPath = /bin/sh;
			shellScript = "diff \"${PODS_ROOT}/../Podfile.lock\" \"${PODS_ROOT}/Manifest.lock\" > /dev/null\nif [ $? != 0 ] ; then\n    # print error to STDERR\n    echo \"error: The sandbox is not in sync with the Podfile.lock. Run 'pod install' or update your CocoaPods installation.\" >&2\n    exit 1\nfi\n";
			showEnvVarsInLog = 0;
		};
/* End PBXShellScriptBuildPhase section */

/* Begin PBXSourcesBuildPhase section */
		4ED32DD01E7F809C0075BF3F /* Sources */ = {
			isa = PBXSourcesBuildPhase;
			buildActionMask = 2147483647;
			files = (
				22DA008B1EA9C1FD000B8F23 /* UpdateVC.swift in Sources */,
				229691A21EA6108F001EC516 /* SiginService.swift in Sources */,
				0314F0BE1E8A019400A4E15D /* TermsVC.swift in Sources */,
				033DFFBB1E94F9FF00D6F04B /* SettingCell.swift in Sources */,
				229691951EA5FEB7001EC516 /* TermsCell.swift in Sources */,
				226931671EA45D090004EDDE /* AboutusCell.swift in Sources */,
				0314F0C31E8A033800A4E15D /* RecruitmentVC.swift in Sources */,
				22C1D06A1EA0A5CD00FB02BC /* RecuitmentService.swift in Sources */,
				2296919F1EA60DCB001EC516 /* SiginModel.swift in Sources */,
				0307944A1EADBB6E0039A96B /* ProjectService.swift in Sources */,
				226931601EA4554D0004EDDE /* AboutusDataModels.swift in Sources */,
				0320CF631E8C9F0F00287090 /* RecruitmentCell.swift in Sources */,
				03E92B301E9F17C500DC5D70 /* HomeDataModel.swift in Sources */,
				0322FDD91E88FDA5009B589B /* MoreCell.swift in Sources */,
				4E600B301E9377620028C3F1 /* BaseLauncher.swift in Sources */,
				4E456C561E8BF831003D8C55 /* PostDetailInfoView.swift in Sources */,
				4E600B2E1E9352120028C3F1 /* ImageDetailLauncher.swift in Sources */,
				0323E1C91E83702000E6300F /* NewDataModel.swift in Sources */,
				03A9EA9E1E8B8FD500EE1150 /* PartnersService.swift in Sources */,
				4E6E21611EAD96A3006A5488 /* ProjectCell.swift in Sources */,
				22DA00901EA9C840000B8F23 /* ChangePassVC.swift in Sources */,
				0323E1D11E83BAF600E6300F /* NewCell.swift in Sources */,
				4ED32E0A1E7FBCAE0075BF3F /* HomeVC.swift in Sources */,
				03152B991E9340300056C339 /* RecruitmentDetailVC.swift in Sources */,
				4E13D2321E836059002E03A1 /* LanguageManager.swift in Sources */,
				03FACBE51EA1FAAC00950E5E /* HomeService.swift in Sources */,
				03DFAED21E8917670051F37F /* MoreService.swift in Sources */,
				030D94791E8DFEFA00F32857 /* PartnersDataModel.swift in Sources */,
				030077221EA5B97C0050BEEA /* ImageCell.swift in Sources */,
				4E13D2541E836BC1002E03A1 /* MoreVC.swift in Sources */,
				03C2531A1EB0AD4C00BE373C /* PhotoVC.swift in Sources */,
				033DFFA71E94953400D6F04B /* SettingVC.swift in Sources */,
				03CD04131E91E5E5001DBB12 /* ProjectVC.swift in Sources */,
				0305399F1EA47A9A00DFFF79 /* ProjectDetailVC1.swift in Sources */,
				0314F0CD1E8A050900A4E15D /* PartnersVC.swift in Sources */,
				4ED32E121E7FC38F0075BF3F /* BaseVC.swift in Sources */,
				4E8BDBA81EAD93E70061D68C /* NewDetailVC.swift in Sources */,
				2296919C1EA603EF001EC516 /* TermsService.swift in Sources */,
				4E456C581E8BF84D003D8C55 /* SearchVC.swift in Sources */,
				4E13D2581E836BDC002E03A1 /* NewsVC.swift in Sources */,
				03B15A981EAE515900A71F77 /* ProjectDetailVC2.swift in Sources */,
				229691991EA60309001EC516 /* TermsModel.swift in Sources */,
				03152B9B1E934A980056C339 /* AboutVC.swift in Sources */,
				031CF7581E9B2EF000A58994 /* SignInVC.swift in Sources */,
				4E872DCD1E9246A000B0592F /* PickerLauncher.swift in Sources */,
				22DB86941EA5AA8800DE558C /* SignupVC.swift in Sources */,
				4E13D25B1E837E7A002E03A1 /* HomeCell.swift in Sources */,
				031314621EAEFA59007B952F /* CustomButtonView.swift in Sources */,
				4E13D2601E83B742002E03A1 /* PostDetailVC.swift in Sources */,
				03FACBDE1EA1B83E00950E5E /* BlockAlias.swift in Sources */,
				4E13D2621E83BCED002E03A1 /* FilterVC.swift in Sources */,
				4E13D25E1E8382E9002E03A1 /* PostCell.swift in Sources */,
				0322FDDB1E89069A009B589B /* MoreDataModel.swift in Sources */,
				226931631EA458660004EDDE /* AboutusService.swift in Sources */,
				4E872DCB1E9238EA00B0592F /* FilterButton.swift in Sources */,
				03FDC76A1E8B4FBF001A2CD7 /* PartnersCell.swift in Sources */,
				4E13D22F1E836035002E03A1 /* PostService.swift in Sources */,
				03B15A9A1EAE64EE00A71F77 /* ProjectDetailVC3.swift in Sources */,
				2235AB8D1EA8B8220098AAF0 /* Profile.swift in Sources */,
				4E13D2511E8365B3002E03A1 /* Extensions.swift in Sources */,
				031314601EAEF84E007B952F /* InfoTextField.swift in Sources */,
				4E13D22E1E836035002E03A1 /* APIService.swift in Sources */,
				03EF40301E836F7000D14F0D /* NewService.swift in Sources */,
				22C1D0671EA0A2C300FB02BC /* RecruitmentDataModel.swift in Sources */,
				4ED32DE01E7F809C0075BF3F /* PPCApp.xcdatamodeld in Sources */,
				4ED32DD81E7F809C0075BF3F /* AppDelegate.swift in Sources */,
				033DFFC01E94FEE700D6F04B /* DetailLanguageVC.swift in Sources */,
				4ED32E041E7FBC600075BF3F /* MainTabVC.swift in Sources */,
				4E600B2C1E934AD50028C3F1 /* Places.swift in Sources */,
			);
			runOnlyForDeploymentPostprocessing = 0;
		};
		4ED32DE71E7F809C0075BF3F /* Sources */ = {
			isa = PBXSourcesBuildPhase;
			buildActionMask = 2147483647;
			files = (
				4ED32DF01E7F809C0075BF3F /* PPCAppTests.swift in Sources */,
			);
			runOnlyForDeploymentPostprocessing = 0;
		};
/* End PBXSourcesBuildPhase section */

/* Begin PBXTargetDependency section */
		4ED32DED1E7F809C0075BF3F /* PBXTargetDependency */ = {
			isa = PBXTargetDependency;
			target = 4ED32DD31E7F809C0075BF3F /* PPCApp */;
			targetProxy = 4ED32DEC1E7F809C0075BF3F /* PBXContainerItemProxy */;
		};
/* End PBXTargetDependency section */

/* Begin PBXVariantGroup section */
		031F5F2D1E8A475000CBE3C6 /* TermsVC.xib */ = {
			isa = PBXVariantGroup;
			children = (
				031F5F2C1E8A475000CBE3C6 /* Base */,
				031F5F2F1E8A475400CBE3C6 /* en */,
				031F5F311E8A475700CBE3C6 /* vi */,
			);
			name = TermsVC.xib;
			sourceTree = "<group>";
		};
		4E13D2451E83621C002E03A1 /* Localizable.strings */ = {
			isa = PBXVariantGroup;
			children = (
				4E13D2441E83621C002E03A1 /* Base */,
				4E13D2461E83621F002E03A1 /* en */,
				4E13D2471E836220002E03A1 /* vi */,
			);
			name = Localizable.strings;
			sourceTree = "<group>";
		};
		4ED32DDB1E7F809C0075BF3F /* Main.storyboard */ = {
			isa = PBXVariantGroup;
			children = (
				4ED32DDC1E7F809C0075BF3F /* Base */,
				4E13D2491E836264002E03A1 /* en */,
				4E13D24B1E8362B7002E03A1 /* vi */,
			);
			name = Main.storyboard;
			sourceTree = "<group>";
		};
		4ED32DE31E7F809C0075BF3F /* LaunchScreen.storyboard */ = {
			isa = PBXVariantGroup;
			children = (
				4ED32DE41E7F809C0075BF3F /* Base */,
				4E13D24D1E8362CA002E03A1 /* en */,
				4E13D24F1E8362D5002E03A1 /* vi */,
			);
			name = LaunchScreen.storyboard;
			sourceTree = "<group>";
		};
/* End PBXVariantGroup section */

/* Begin XCBuildConfiguration section */
		4ED32DF21E7F809C0075BF3F /* Debug */ = {
			isa = XCBuildConfiguration;
			buildSettings = {
				ALWAYS_SEARCH_USER_PATHS = NO;
				CLANG_ANALYZER_LOCALIZABILITY_NONLOCALIZED = YES;
				CLANG_ANALYZER_NONNULL = YES;
				CLANG_CXX_LANGUAGE_STANDARD = "gnu++0x";
				CLANG_CXX_LIBRARY = "libc++";
				CLANG_ENABLE_MODULES = YES;
				CLANG_ENABLE_OBJC_ARC = YES;
				CLANG_WARN_BOOL_CONVERSION = YES;
				CLANG_WARN_CONSTANT_CONVERSION = YES;
				CLANG_WARN_DIRECT_OBJC_ISA_USAGE = YES_ERROR;
				CLANG_WARN_DOCUMENTATION_COMMENTS = YES;
				CLANG_WARN_EMPTY_BODY = YES;
				CLANG_WARN_ENUM_CONVERSION = YES;
				CLANG_WARN_INFINITE_RECURSION = YES;
				CLANG_WARN_INT_CONVERSION = YES;
				CLANG_WARN_OBJC_ROOT_CLASS = YES_ERROR;
				CLANG_WARN_SUSPICIOUS_MOVE = YES;
				CLANG_WARN_UNREACHABLE_CODE = YES;
				CLANG_WARN__DUPLICATE_METHOD_MATCH = YES;
				"CODE_SIGN_IDENTITY[sdk=iphoneos*]" = "iPhone Developer";
				COPY_PHASE_STRIP = NO;
				DEBUG_INFORMATION_FORMAT = dwarf;
				ENABLE_STRICT_OBJC_MSGSEND = YES;
				ENABLE_TESTABILITY = YES;
				GCC_C_LANGUAGE_STANDARD = gnu99;
				GCC_DYNAMIC_NO_PIC = NO;
				GCC_NO_COMMON_BLOCKS = YES;
				GCC_OPTIMIZATION_LEVEL = 0;
				GCC_PREPROCESSOR_DEFINITIONS = (
					"DEBUG=1",
					"$(inherited)",
				);
				GCC_WARN_64_TO_32_BIT_CONVERSION = YES;
				GCC_WARN_ABOUT_RETURN_TYPE = YES_ERROR;
				GCC_WARN_UNDECLARED_SELECTOR = YES;
				GCC_WARN_UNINITIALIZED_AUTOS = YES_AGGRESSIVE;
				GCC_WARN_UNUSED_FUNCTION = YES;
				GCC_WARN_UNUSED_VARIABLE = YES;
				IPHONEOS_DEPLOYMENT_TARGET = 10.0;
				MTL_ENABLE_DEBUG_INFO = YES;
				ONLY_ACTIVE_ARCH = YES;
				SDKROOT = iphoneos;
				SWIFT_ACTIVE_COMPILATION_CONDITIONS = DEBUG;
				SWIFT_OPTIMIZATION_LEVEL = "-Onone";
				TARGETED_DEVICE_FAMILY = "1,2";
			};
			name = Debug;
		};
		4ED32DF31E7F809C0075BF3F /* Release */ = {
			isa = XCBuildConfiguration;
			buildSettings = {
				ALWAYS_SEARCH_USER_PATHS = NO;
				CLANG_ANALYZER_LOCALIZABILITY_NONLOCALIZED = YES;
				CLANG_ANALYZER_NONNULL = YES;
				CLANG_CXX_LANGUAGE_STANDARD = "gnu++0x";
				CLANG_CXX_LIBRARY = "libc++";
				CLANG_ENABLE_MODULES = YES;
				CLANG_ENABLE_OBJC_ARC = YES;
				CLANG_WARN_BOOL_CONVERSION = YES;
				CLANG_WARN_CONSTANT_CONVERSION = YES;
				CLANG_WARN_DIRECT_OBJC_ISA_USAGE = YES_ERROR;
				CLANG_WARN_DOCUMENTATION_COMMENTS = YES;
				CLANG_WARN_EMPTY_BODY = YES;
				CLANG_WARN_ENUM_CONVERSION = YES;
				CLANG_WARN_INFINITE_RECURSION = YES;
				CLANG_WARN_INT_CONVERSION = YES;
				CLANG_WARN_OBJC_ROOT_CLASS = YES_ERROR;
				CLANG_WARN_SUSPICIOUS_MOVE = YES;
				CLANG_WARN_UNREACHABLE_CODE = YES;
				CLANG_WARN__DUPLICATE_METHOD_MATCH = YES;
				"CODE_SIGN_IDENTITY[sdk=iphoneos*]" = "iPhone Developer";
				COPY_PHASE_STRIP = NO;
				DEBUG_INFORMATION_FORMAT = "dwarf-with-dsym";
				ENABLE_NS_ASSERTIONS = NO;
				ENABLE_STRICT_OBJC_MSGSEND = YES;
				GCC_C_LANGUAGE_STANDARD = gnu99;
				GCC_NO_COMMON_BLOCKS = YES;
				GCC_WARN_64_TO_32_BIT_CONVERSION = YES;
				GCC_WARN_ABOUT_RETURN_TYPE = YES_ERROR;
				GCC_WARN_UNDECLARED_SELECTOR = YES;
				GCC_WARN_UNINITIALIZED_AUTOS = YES_AGGRESSIVE;
				GCC_WARN_UNUSED_FUNCTION = YES;
				GCC_WARN_UNUSED_VARIABLE = YES;
				IPHONEOS_DEPLOYMENT_TARGET = 10.0;
				MTL_ENABLE_DEBUG_INFO = NO;
				SDKROOT = iphoneos;
				SWIFT_OPTIMIZATION_LEVEL = "-Owholemodule";
				TARGETED_DEVICE_FAMILY = "1,2";
				VALIDATE_PRODUCT = YES;
			};
			name = Release;
		};
		4ED32DF51E7F809C0075BF3F /* Debug */ = {
			isa = XCBuildConfiguration;
			baseConfigurationReference = 63481EF2B4BF94E4C4BA930C /* Pods-PPCApp.debug.xcconfig */;
			buildSettings = {
				ALWAYS_EMBED_SWIFT_STANDARD_LIBRARIES = YES;
				ASSETCATALOG_COMPILER_APPICON_NAME = AppIcon;
				"CODE_SIGN_IDENTITY[sdk=iphoneos*]" = "iPhone Developer";
				DEVELOPMENT_TEAM = 7R93MWJ8VY;
				INFOPLIST_FILE = PPCApp/Info.plist;
				IPHONEOS_DEPLOYMENT_TARGET = 10.1;
				LD_RUNPATH_SEARCH_PATHS = "$(inherited) @executable_path/Frameworks";
				PRODUCT_BUNDLE_IDENTIFIER = dinhphong.PPCApp;
				PRODUCT_NAME = "$(TARGET_NAME)";
				SWIFT_VERSION = 3.0;
			};
			name = Debug;
		};
		4ED32DF61E7F809C0075BF3F /* Release */ = {
			isa = XCBuildConfiguration;
			baseConfigurationReference = C14D28E8AEF7AAEA4C41A0E4 /* Pods-PPCApp.release.xcconfig */;
			buildSettings = {
				ALWAYS_EMBED_SWIFT_STANDARD_LIBRARIES = YES;
				ASSETCATALOG_COMPILER_APPICON_NAME = AppIcon;
				"CODE_SIGN_IDENTITY[sdk=iphoneos*]" = "iPhone Developer";
				DEVELOPMENT_TEAM = 7R93MWJ8VY;
				GCC_OPTIMIZATION_LEVEL = 0;
				INFOPLIST_FILE = PPCApp/Info.plist;
				IPHONEOS_DEPLOYMENT_TARGET = 10.1;
				LD_RUNPATH_SEARCH_PATHS = "$(inherited) @executable_path/Frameworks";
				PRODUCT_BUNDLE_IDENTIFIER = dinhphong.PPCApp;
				PRODUCT_NAME = "$(TARGET_NAME)";
				SWIFT_VERSION = 3.0;
			};
			name = Release;
		};
		4ED32DF81E7F809C0075BF3F /* Debug */ = {
			isa = XCBuildConfiguration;
			baseConfigurationReference = 7F8229B89E27EB125E266AEC /* Pods-PPCAppTests.debug.xcconfig */;
			buildSettings = {
				ALWAYS_EMBED_SWIFT_STANDARD_LIBRARIES = YES;
				BUNDLE_LOADER = "$(TEST_HOST)";
				DEVELOPMENT_TEAM = FE5FXN233L;
				INFOPLIST_FILE = PPCAppTests/Info.plist;
				LD_RUNPATH_SEARCH_PATHS = "$(inherited) @executable_path/Frameworks @loader_path/Frameworks";
				PRODUCT_BUNDLE_IDENTIFIER = duyduong.PPCAppTests;
				PRODUCT_NAME = "$(TARGET_NAME)";
				SWIFT_VERSION = 3.0;
				TEST_HOST = "$(BUILT_PRODUCTS_DIR)/PPCApp.app/PPCApp";
			};
			name = Debug;
		};
		4ED32DF91E7F809C0075BF3F /* Release */ = {
			isa = XCBuildConfiguration;
			baseConfigurationReference = 2DE0FCB6F5347FFE291379D4 /* Pods-PPCAppTests.release.xcconfig */;
			buildSettings = {
				ALWAYS_EMBED_SWIFT_STANDARD_LIBRARIES = YES;
				BUNDLE_LOADER = "$(TEST_HOST)";
				DEVELOPMENT_TEAM = FE5FXN233L;
				INFOPLIST_FILE = PPCAppTests/Info.plist;
				LD_RUNPATH_SEARCH_PATHS = "$(inherited) @executable_path/Frameworks @loader_path/Frameworks";
				PRODUCT_BUNDLE_IDENTIFIER = duyduong.PPCAppTests;
				PRODUCT_NAME = "$(TARGET_NAME)";
				SWIFT_VERSION = 3.0;
				TEST_HOST = "$(BUILT_PRODUCTS_DIR)/PPCApp.app/PPCApp";
			};
			name = Release;
		};
/* End XCBuildConfiguration section */

/* Begin XCConfigurationList section */
		4ED32DCF1E7F809C0075BF3F /* Build configuration list for PBXProject "PPCApp" */ = {
			isa = XCConfigurationList;
			buildConfigurations = (
				4ED32DF21E7F809C0075BF3F /* Debug */,
				4ED32DF31E7F809C0075BF3F /* Release */,
			);
			defaultConfigurationIsVisible = 0;
			defaultConfigurationName = Release;
		};
		4ED32DF41E7F809C0075BF3F /* Build configuration list for PBXNativeTarget "PPCApp" */ = {
			isa = XCConfigurationList;
			buildConfigurations = (
				4ED32DF51E7F809C0075BF3F /* Debug */,
				4ED32DF61E7F809C0075BF3F /* Release */,
			);
			defaultConfigurationIsVisible = 0;
			defaultConfigurationName = Release;
		};
		4ED32DF71E7F809C0075BF3F /* Build configuration list for PBXNativeTarget "PPCAppTests" */ = {
			isa = XCConfigurationList;
			buildConfigurations = (
				4ED32DF81E7F809C0075BF3F /* Debug */,
				4ED32DF91E7F809C0075BF3F /* Release */,
			);
			defaultConfigurationIsVisible = 0;
			defaultConfigurationName = Release;
		};
/* End XCConfigurationList section */

/* Begin XCVersionGroup section */
		4ED32DDE1E7F809C0075BF3F /* PPCApp.xcdatamodeld */ = {
			isa = XCVersionGroup;
			children = (
				4ED32DDF1E7F809C0075BF3F /* PPCApp.xcdatamodel */,
			);
			currentVersion = 4ED32DDF1E7F809C0075BF3F /* PPCApp.xcdatamodel */;
			path = PPCApp.xcdatamodeld;
			sourceTree = "<group>";
			versionGroupType = wrapper.xcdatamodel;
		};
/* End XCVersionGroup section */
	};
	rootObject = 4ED32DCC1E7F809C0075BF3F /* Project object */;
}
