PODS:
  - Alamofire (4.4.0)
  - FontAwesome.swift (1.1.1)
  - SwiftyJSON (3.1.4)

DEPENDENCIES:
  - Alamofire
  - FontAwesome.swift
  - SwiftyJSON

SPEC CHECKSUMS:
  Alamofire: dc44b1600b800eb63da6a19039a0083d62a6a62d
  FontAwesome.swift: f4ff5a9199dc3b510eba5bb377e834f159aef358
  SwiftyJSON: c2842d878f95482ffceec5709abc3d05680c0220

PODFILE CHECKSUM: 914aedda8863a3bfa6259707b8385c3473a53547

COCOAPODS: 1.2.1
