PODS:
  - FontAwesome.swift (1.0.0)

DEPENDENCIES:
  - FontAwesome.swift

SPEC CHECKSUMS:
  FontAwesome.swift: 2d32a3d62195343c2004b7c9043294ed2948553a

<<<<<<< HEAD
PODFILE CHECKSUM: e37681ddc066e19bed8041ab5bde2ed3654b1ff4
=======
PODFILE CHECKSUM: d20f199f7e83fd5573934cddfd59aa38b6485b1e
>>>>>>> 836bac179441be8e8d3096d9b086ca7536f9d689

COCOAPODS: 1.2.0
